<?xml version="1.0" encoding="utf-8"?>
<Project ToolsVersion="4.0" xmlns="http://schemas.microsoft.com/developer/msbuild/2003">
  <ItemGroup>
    <Filter Include="LUA">
      <UniqueIdentifier>{1a296465-57df-45aa-b06b-e16451c607a3}</UniqueIdentifier>
    </Filter>
    <Filter Include="UTILITY">
      <UniqueIdentifier>{fd4f5329-f357-4486-b34c-7401d8d9f761}</UniqueIdentifier>
    </Filter>
    <Filter Include="ENGINE">
      <UniqueIdentifier>{2d30408b-f788-42a8-9648-41561036e10a}</UniqueIdentifier>
    </Filter>
    <Filter Include="ENGINE\Common">
      <UniqueIdentifier>{3c39405f-ec30-4b72-9c32-68aefb4fb7a5}</UniqueIdentifier>
    </Filter>
    <Filter Include="ENGINE\Graphics">
      <UniqueIdentifier>{3d5f1098-95e6-4baa-9e39-864be28a5b64}</UniqueIdentifier>
    </Filter>
    <Filter Include="ENGINE\Helpers">
      <UniqueIdentifier>{4342ecc7-471b-4218-9acb-2b5b8e2e10f2}</UniqueIdentifier>
    </Filter>
    <Filter Include="ENGINE\Network">
      <UniqueIdentifier>{c5d86df2-c519-488e-a98a-ba1eab3d19c3}</UniqueIdentifier>
    </Filter>
    <Filter Include="ENGINE\Audio">
      <UniqueIdentifier>{76f7fa22-7992-4b49-b4d2-cc24be672869}</UniqueIdentifier>
    </Filter>
    <Filter Include="ENGINE\Physics">
      <UniqueIdentifier>{711ea8c7-2455-4557-9e8d-663ed7cc4684}</UniqueIdentifier>
    </Filter>
    <Filter Include="ENGINE\Scripting">
      <UniqueIdentifier>{690eaec8-f733-445e-b981-cd5b44540aee}</UniqueIdentifier>
    </Filter>
    <Filter Include="ENGINE\Scripting\LuaBindings">
      <UniqueIdentifier>{672e61dc-9d99-43ab-9e8a-b3d4207bee36}</UniqueIdentifier>
    </Filter>
    <Filter Include="ENGINE\Input">
      <UniqueIdentifier>{88972c7f-23ab-41db-8699-87d96c59b09c}</UniqueIdentifier>
    </Filter>
    <Filter Include="ENGINE\Tools">
      <UniqueIdentifier>{5ac4a1c9-91a8-4d52-9cd6-6139a848a2f3}</UniqueIdentifier>
    </Filter>
    <Filter Include="ENGINE\Graphics\API">
      <UniqueIdentifier>{4cb4ddc4-c5a9-483b-b6cf-2c4382340e7a}</UniqueIdentifier>
    </Filter>
    <Filter Include="ENGINE\System">
      <UniqueIdentifier>{f9156b5b-9cc8-436c-9faa-536f7dce4f27}</UniqueIdentifier>
    </Filter>
    <Filter Include="ENGINE\High level interface">
      <UniqueIdentifier>{a25b4076-72bb-4c78-8bc1-84c59a8984fd}</UniqueIdentifier>
    </Filter>
    <Filter Include="ENGINE\Video">
      <UniqueIdentifier>{7cb35feb-169d-4eb9-b90c-61418a8e99df}</UniqueIdentifier>
    </Filter>
    <Filter Include="JOLT">
      <UniqueIdentifier>{ea901057-ebb6-4eed-ac17-c98111e6c4bd}</UniqueIdentifier>
    </Filter>
    <Filter Include="UTILITY\meshoptimizer">
      <UniqueIdentifier>{5634b6ae-7f51-48ed-8a33-a5be8a31a56b}</UniqueIdentifier>
    </Filter>
  </ItemGroup>
  <ItemGroup>
    <ClInclude Include="$(MSBuildThisFileDirectory)LUA\lapi.h">
      <Filter>LUA</Filter>
    </ClInclude>
    <ClInclude Include="$(MSBuildThisFileDirectory)LUA\lauxlib.h">
      <Filter>LUA</Filter>
    </ClInclude>
    <ClInclude Include="$(MSBuildThisFileDirectory)LUA\lcode.h">
      <Filter>LUA</Filter>
    </ClInclude>
    <ClInclude Include="$(MSBuildThisFileDirectory)LUA\lctype.h">
      <Filter>LUA</Filter>
    </ClInclude>
    <ClInclude Include="$(MSBuildThisFileDirectory)LUA\ldebug.h">
      <Filter>LUA</Filter>
    </ClInclude>
    <ClInclude Include="$(MSBuildThisFileDirectory)LUA\ldo.h">
      <Filter>LUA</Filter>
    </ClInclude>
    <ClInclude Include="$(MSBuildThisFileDirectory)LUA\lfunc.h">
      <Filter>LUA</Filter>
    </ClInclude>
    <ClInclude Include="$(MSBuildThisFileDirectory)LUA\lgc.h">
      <Filter>LUA</Filter>
    </ClInclude>
    <ClInclude Include="$(MSBuildThisFileDirectory)LUA\llex.h">
      <Filter>LUA</Filter>
    </ClInclude>
    <ClInclude Include="$(MSBuildThisFileDirectory)LUA\llimits.h">
      <Filter>LUA</Filter>
    </ClInclude>
    <ClInclude Include="$(MSBuildThisFileDirectory)LUA\lmem.h">
      <Filter>LUA</Filter>
    </ClInclude>
    <ClInclude Include="$(MSBuildThisFileDirectory)LUA\lobject.h">
      <Filter>LUA</Filter>
    </ClInclude>
    <ClInclude Include="$(MSBuildThisFileDirectory)LUA\lopcodes.h">
      <Filter>LUA</Filter>
    </ClInclude>
    <ClInclude Include="$(MSBuildThisFileDirectory)LUA\lparser.h">
      <Filter>LUA</Filter>
    </ClInclude>
    <ClInclude Include="$(MSBuildThisFileDirectory)LUA\lprefix.h">
      <Filter>LUA</Filter>
    </ClInclude>
    <ClInclude Include="$(MSBuildThisFileDirectory)LUA\lstate.h">
      <Filter>LUA</Filter>
    </ClInclude>
    <ClInclude Include="$(MSBuildThisFileDirectory)LUA\lstring.h">
      <Filter>LUA</Filter>
    </ClInclude>
    <ClInclude Include="$(MSBuildThisFileDirectory)LUA\ltable.h">
      <Filter>LUA</Filter>
    </ClInclude>
    <ClInclude Include="$(MSBuildThisFileDirectory)LUA\ltm.h">
      <Filter>LUA</Filter>
    </ClInclude>
    <ClInclude Include="$(MSBuildThisFileDirectory)LUA\lua.h">
      <Filter>LUA</Filter>
    </ClInclude>
    <ClInclude Include="$(MSBuildThisFileDirectory)LUA\lua.hpp">
      <Filter>LUA</Filter>
    </ClInclude>
    <ClInclude Include="$(MSBuildThisFileDirectory)LUA\luaconf.h">
      <Filter>LUA</Filter>
    </ClInclude>
    <ClInclude Include="$(MSBuildThisFileDirectory)LUA\lualib.h">
      <Filter>LUA</Filter>
    </ClInclude>
    <ClInclude Include="$(MSBuildThisFileDirectory)LUA\lundump.h">
      <Filter>LUA</Filter>
    </ClInclude>
    <ClInclude Include="$(MSBuildThisFileDirectory)LUA\lvm.h">
      <Filter>LUA</Filter>
    </ClInclude>
    <ClInclude Include="$(MSBuildThisFileDirectory)LUA\lzio.h">
      <Filter>LUA</Filter>
    </ClInclude>
    <ClInclude Include="$(MSBuildThisFileDirectory)wiVersion.h">
      <Filter>ENGINE</Filter>
    </ClInclude>
    <ClInclude Include="$(MSBuildThisFileDirectory)CommonInclude.h">
      <Filter>ENGINE\Common</Filter>
    </ClInclude>
    <ClInclude Include="$(MSBuildThisFileDirectory)WickedEngine.h">
      <Filter>ENGINE\Common</Filter>
    </ClInclude>
    <ClInclude Include="$(MSBuildThisFileDirectory)wiApplication.h">
      <Filter>ENGINE\High level interface</Filter>
    </ClInclude>
    <ClInclude Include="$(MSBuildThisFileDirectory)wiApplication_BindLua.h">
      <Filter>ENGINE\Scripting\LuaBindings</Filter>
    </ClInclude>
    <ClInclude Include="$(MSBuildThisFileDirectory)wiSpriteAnim_BindLua.h">
      <Filter>ENGINE\Scripting\LuaBindings</Filter>
    </ClInclude>
    <ClInclude Include="$(MSBuildThisFileDirectory)wiTexture_BindLua.h">
      <Filter>ENGINE\Scripting\LuaBindings</Filter>
    </ClInclude>
    <ClInclude Include="$(MSBuildThisFileDirectory)wiMath_BindLua.h">
      <Filter>ENGINE\Scripting\LuaBindings</Filter>
    </ClInclude>
    <ClInclude Include="$(MSBuildThisFileDirectory)wiBacklog_BindLua.h">
      <Filter>ENGINE\Scripting\LuaBindings</Filter>
    </ClInclude>
    <ClInclude Include="$(MSBuildThisFileDirectory)wiNetwork_BindLua.h">
      <Filter>ENGINE\Scripting\LuaBindings</Filter>
    </ClInclude>
    <ClInclude Include="$(MSBuildThisFileDirectory)wiRenderer_BindLua.h">
      <Filter>ENGINE\Scripting\LuaBindings</Filter>
    </ClInclude>
    <ClInclude Include="$(MSBuildThisFileDirectory)wiSprite_BindLua.h">
      <Filter>ENGINE\Scripting\LuaBindings</Filter>
    </ClInclude>
    <ClInclude Include="$(MSBuildThisFileDirectory)wiImage.h">
      <Filter>ENGINE\Graphics</Filter>
    </ClInclude>
    <ClInclude Include="$(MSBuildThisFileDirectory)wiHairParticle.h">
      <Filter>ENGINE\Graphics</Filter>
    </ClInclude>
    <ClInclude Include="$(MSBuildThisFileDirectory)wiEmittedParticle.h">
      <Filter>ENGINE\Graphics</Filter>
    </ClInclude>
    <ClInclude Include="$(MSBuildThisFileDirectory)wiRenderer.h">
      <Filter>ENGINE\Graphics</Filter>
    </ClInclude>
    <ClInclude Include="$(MSBuildThisFileDirectory)wiSprite.h">
      <Filter>ENGINE\Graphics</Filter>
    </ClInclude>
    <ClInclude Include="$(MSBuildThisFileDirectory)wiFont.h">
      <Filter>ENGINE\Graphics</Filter>
    </ClInclude>
    <ClInclude Include="$(MSBuildThisFileDirectory)wiEnums.h">
      <Filter>ENGINE\Graphics</Filter>
    </ClInclude>
    <ClInclude Include="$(MSBuildThisFileDirectory)wiColor.h">
      <Filter>ENGINE\Helpers</Filter>
    </ClInclude>
    <ClInclude Include="$(MSBuildThisFileDirectory)wiMath.h">
      <Filter>ENGINE\Helpers</Filter>
    </ClInclude>
    <ClInclude Include="$(MSBuildThisFileDirectory)wiRandom.h">
      <Filter>ENGINE\Helpers</Filter>
    </ClInclude>
    <ClInclude Include="$(MSBuildThisFileDirectory)wiTimer.h">
      <Filter>ENGINE\Helpers</Filter>
    </ClInclude>
    <ClInclude Include="$(MSBuildThisFileDirectory)wiTextureHelper.h">
      <Filter>ENGINE\Graphics</Filter>
    </ClInclude>
    <ClInclude Include="$(MSBuildThisFileDirectory)wiHelper.h">
      <Filter>ENGINE\Helpers</Filter>
    </ClInclude>
    <ClInclude Include="$(MSBuildThisFileDirectory)wiLuna.h">
      <Filter>ENGINE\Scripting</Filter>
    </ClInclude>
    <ClInclude Include="$(MSBuildThisFileDirectory)wiLua_Globals.h">
      <Filter>ENGINE\Scripting</Filter>
    </ClInclude>
    <ClInclude Include="$(MSBuildThisFileDirectory)wiLua.h">
      <Filter>ENGINE\Scripting</Filter>
    </ClInclude>
    <ClInclude Include="$(MSBuildThisFileDirectory)wiResourceManager.h">
      <Filter>ENGINE\Helpers</Filter>
    </ClInclude>
    <ClInclude Include="$(MSBuildThisFileDirectory)wiFadeManager.h">
      <Filter>ENGINE\Helpers</Filter>
    </ClInclude>
    <ClInclude Include="$(MSBuildThisFileDirectory)wiXInput.h">
      <Filter>ENGINE\Input</Filter>
    </ClInclude>
    <ClInclude Include="$(MSBuildThisFileDirectory)wiRawInput.h">
      <Filter>ENGINE\Input</Filter>
    </ClInclude>
    <ClInclude Include="$(MSBuildThisFileDirectory)wiBacklog.h">
      <Filter>ENGINE\Tools</Filter>
    </ClInclude>
    <ClInclude Include="$(MSBuildThisFileDirectory)wiArchive.h">
      <Filter>ENGINE\Helpers</Filter>
    </ClInclude>
    <ClInclude Include="$(MSBuildThisFileDirectory)wiSpinLock.h">
      <Filter>ENGINE\Helpers</Filter>
    </ClInclude>
    <ClInclude Include="$(MSBuildThisFileDirectory)wiRectPacker.h">
      <Filter>ENGINE\Helpers</Filter>
    </ClInclude>
    <ClInclude Include="$(MSBuildThisFileDirectory)wiGraphicsDevice.h">
      <Filter>ENGINE\Graphics\API</Filter>
    </ClInclude>
    <ClInclude Include="$(MSBuildThisFileDirectory)wiFFTGenerator.h">
      <Filter>ENGINE\Graphics</Filter>
    </ClInclude>
    <ClInclude Include="$(MSBuildThisFileDirectory)wiOcean.h">
      <Filter>ENGINE\Graphics</Filter>
    </ClInclude>
    <ClInclude Include="$(MSBuildThisFileDirectory)wiGraphicsDevice_DX12.h">
      <Filter>ENGINE\Graphics\API</Filter>
    </ClInclude>
    <ClInclude Include="$(MSBuildThisFileDirectory)Utility\d3dx12.h">
      <Filter>UTILITY</Filter>
    </ClInclude>
    <ClInclude Include="$(MSBuildThisFileDirectory)wiGraphicsDevice_Vulkan.h">
      <Filter>ENGINE\Graphics\API</Filter>
    </ClInclude>
    <ClInclude Include="$(MSBuildThisFileDirectory)Utility\stb_image.h">
      <Filter>UTILITY</Filter>
    </ClInclude>
    <ClInclude Include="$(MSBuildThisFileDirectory)wiArguments.h">
      <Filter>ENGINE\Helpers</Filter>
    </ClInclude>
    <ClInclude Include="$(MSBuildThisFileDirectory)wiGPUSortLib.h">
      <Filter>ENGINE\Graphics</Filter>
    </ClInclude>
    <ClInclude Include="$(MSBuildThisFileDirectory)Utility\stb_image_write.h">
      <Filter>UTILITY</Filter>
    </ClInclude>
    <ClInclude Include="$(MSBuildThisFileDirectory)wiECS.h">
      <Filter>ENGINE\System</Filter>
    </ClInclude>
    <ClInclude Include="$(MSBuildThisFileDirectory)wiPhysics.h">
      <Filter>ENGINE\Physics</Filter>
    </ClInclude>
    <ClInclude Include="$(MSBuildThisFileDirectory)wiGPUBVH.h">
      <Filter>ENGINE\Graphics</Filter>
    </ClInclude>
    <ClInclude Include="$(MSBuildThisFileDirectory)Utility\stb_truetype.h">
      <Filter>UTILITY</Filter>
    </ClInclude>
    <ClInclude Include="$(MSBuildThisFileDirectory)wiRenderPath3D_BindLua.h">
      <Filter>ENGINE\Scripting\LuaBindings</Filter>
    </ClInclude>
    <ClInclude Include="$(MSBuildThisFileDirectory)wiRenderPath2D_BindLua.h">
      <Filter>ENGINE\Scripting\LuaBindings</Filter>
    </ClInclude>
    <ClInclude Include="$(MSBuildThisFileDirectory)wiRenderPath_BindLua.h">
      <Filter>ENGINE\Scripting\LuaBindings</Filter>
    </ClInclude>
    <ClInclude Include="$(MSBuildThisFileDirectory)wiLoadingScreen_BindLua.h">
      <Filter>ENGINE\Scripting\LuaBindings</Filter>
    </ClInclude>
    <ClInclude Include="$(MSBuildThisFileDirectory)wiRenderPath.h">
      <Filter>ENGINE\High level interface</Filter>
    </ClInclude>
    <ClInclude Include="$(MSBuildThisFileDirectory)wiRenderPath2D.h">
      <Filter>ENGINE\High level interface</Filter>
    </ClInclude>
    <ClInclude Include="$(MSBuildThisFileDirectory)wiRenderPath3D.h">
      <Filter>ENGINE\High level interface</Filter>
    </ClInclude>
    <ClInclude Include="$(MSBuildThisFileDirectory)wiLoadingScreen.h">
      <Filter>ENGINE\High level interface</Filter>
    </ClInclude>
    <ClInclude Include="$(MSBuildThisFileDirectory)wiJobSystem.h">
      <Filter>ENGINE\System</Filter>
    </ClInclude>
    <ClInclude Include="$(MSBuildThisFileDirectory)wiInitializer.h">
      <Filter>ENGINE\System</Filter>
    </ClInclude>
    <ClInclude Include="$(MSBuildThisFileDirectory)wiImageParams_BindLua.h">
      <Filter>ENGINE\Scripting\LuaBindings</Filter>
    </ClInclude>
    <ClInclude Include="$(MSBuildThisFileDirectory)wiPrimitive.h">
      <Filter>ENGINE\Helpers</Filter>
    </ClInclude>
    <ClInclude Include="$(MSBuildThisFileDirectory)wiPrimitive_BindLua.h">
      <Filter>ENGINE\Scripting\LuaBindings</Filter>
    </ClInclude>
    <ClInclude Include="$(MSBuildThisFileDirectory)wiAudio.h">
      <Filter>ENGINE\Audio</Filter>
    </ClInclude>
    <ClInclude Include="$(MSBuildThisFileDirectory)wiAudio_BindLua.h">
      <Filter>ENGINE\Scripting\LuaBindings</Filter>
    </ClInclude>
    <ClInclude Include="$(MSBuildThisFileDirectory)wiNetwork.h">
      <Filter>ENGINE\Network</Filter>
    </ClInclude>
    <ClInclude Include="$(MSBuildThisFileDirectory)Utility\vk_mem_alloc.h">
      <Filter>UTILITY</Filter>
    </ClInclude>
    <ClInclude Include="$(MSBuildThisFileDirectory)Utility\D3D12MemAlloc.h">
      <Filter>UTILITY</Filter>
    </ClInclude>
    <ClInclude Include="$(MSBuildThisFileDirectory)wiInput.h">
      <Filter>ENGINE\Input</Filter>
    </ClInclude>
    <ClInclude Include="$(MSBuildThisFileDirectory)wiInput_BindLua.h">
      <Filter>ENGINE\Scripting\LuaBindings</Filter>
    </ClInclude>
    <ClInclude Include="$(MSBuildThisFileDirectory)wiScene.h">
      <Filter>ENGINE\System</Filter>
    </ClInclude>
    <ClInclude Include="$(MSBuildThisFileDirectory)wiScene_Decl.h">
      <Filter>ENGINE\System</Filter>
    </ClInclude>
    <ClInclude Include="$(MSBuildThisFileDirectory)wiScene_BindLua.h">
      <Filter>ENGINE\Scripting\LuaBindings</Filter>
    </ClInclude>
    <ClInclude Include="$(MSBuildThisFileDirectory)wiPlatform.h">
      <Filter>ENGINE\System</Filter>
    </ClInclude>
    <ClInclude Include="$(MSBuildThisFileDirectory)wiProfiler.h">
      <Filter>ENGINE\Tools</Filter>
    </ClInclude>
    <ClInclude Include="$(MSBuildThisFileDirectory)wiGraphics.h">
      <Filter>ENGINE\Graphics\API</Filter>
    </ClInclude>
    <ClInclude Include="$(MSBuildThisFileDirectory)wiSpriteFont.h">
      <Filter>ENGINE\Graphics</Filter>
    </ClInclude>
    <ClInclude Include="$(MSBuildThisFileDirectory)wiSpriteFont_BindLua.h">
      <Filter>ENGINE\Scripting\LuaBindings</Filter>
    </ClInclude>
    <ClInclude Include="$(MSBuildThisFileDirectory)Utility\DirectXCollision.h">
      <Filter>UTILITY</Filter>
    </ClInclude>
    <ClInclude Include="$(MSBuildThisFileDirectory)Utility\DirectXColors.h">
      <Filter>UTILITY</Filter>
    </ClInclude>
    <ClInclude Include="$(MSBuildThisFileDirectory)Utility\DirectXMath.h">
      <Filter>UTILITY</Filter>
    </ClInclude>
    <ClInclude Include="$(MSBuildThisFileDirectory)Utility\DirectXPackedVector.h">
      <Filter>UTILITY</Filter>
    </ClInclude>
    <ClInclude Include="$(MSBuildThisFileDirectory)Utility\sal.h">
      <Filter>UTILITY</Filter>
    </ClInclude>
    <ClInclude Include="$(MSBuildThisFileDirectory)Utility\DirectXMathCommon.h">
      <Filter>UTILITY</Filter>
    </ClInclude>
    <ClInclude Include="$(MSBuildThisFileDirectory)Utility\GLSL.std.450.h">
      <Filter>UTILITY</Filter>
    </ClInclude>
    <ClInclude Include="$(MSBuildThisFileDirectory)wiEventHandler.h">
      <Filter>ENGINE\System</Filter>
    </ClInclude>
    <ClInclude Include="$(MSBuildThisFileDirectory)wiSDLInput.h">
      <Filter>ENGINE\Input</Filter>
    </ClInclude>
    <ClInclude Include="$(MSBuildThisFileDirectory)Utility\spirv_reflect.h">
      <Filter>UTILITY</Filter>
    </ClInclude>
    <ClInclude Include="$(MSBuildThisFileDirectory)Utility\include\spirv\unified1\spirv.h">
      <Filter>UTILITY</Filter>
    </ClInclude>
    <ClInclude Include="$(MSBuildThisFileDirectory)Utility\volk.h">
      <Filter>UTILITY</Filter>
    </ClInclude>
    <ClInclude Include="$(MSBuildThisFileDirectory)Utility\liberation_sans.h">
      <Filter>UTILITY</Filter>
    </ClInclude>
    <ClInclude Include="$(MSBuildThisFileDirectory)wiShaderCompiler.h">
      <Filter>ENGINE\Graphics\API</Filter>
    </ClInclude>
    <ClInclude Include="$(MSBuildThisFileDirectory)Utility\dxcapi.h">
      <Filter>UTILITY</Filter>
    </ClInclude>
    <ClInclude Include="$(MSBuildThisFileDirectory)wiCanvas.h">
      <Filter>ENGINE\System</Filter>
    </ClInclude>
    <ClInclude Include="$(MSBuildThisFileDirectory)wiRenderPath3D_PathTracing.h">
      <Filter>ENGINE\High level interface</Filter>
    </ClInclude>
    <ClInclude Include="$(MSBuildThisFileDirectory)Utility\flat_hash_map.hpp">
      <Filter>UTILITY</Filter>
    </ClInclude>
    <ClInclude Include="$(MSBuildThisFileDirectory)wiUnorderedSet.h">
      <Filter>ENGINE\Helpers</Filter>
    </ClInclude>
    <ClInclude Include="$(MSBuildThisFileDirectory)wiUnorderedMap.h">
      <Filter>ENGINE\Helpers</Filter>
    </ClInclude>
    <ClInclude Include="$(MSBuildThisFileDirectory)wiVector.h">
      <Filter>ENGINE\Helpers</Filter>
    </ClInclude>
    <ClInclude Include="$(MSBuildThisFileDirectory)wiGUI.h">
      <Filter>ENGINE\System</Filter>
    </ClInclude>
    <ClInclude Include="$(MSBuildThisFileDirectory)wiNoise.h">
      <Filter>ENGINE\Helpers</Filter>
    </ClInclude>
    <ClInclude Include="$(MSBuildThisFileDirectory)wiConfig.h">
      <Filter>ENGINE\Helpers</Filter>
    </ClInclude>
    <ClInclude Include="$(MSBuildThisFileDirectory)wiTerrain.h">
      <Filter>ENGINE\Graphics</Filter>
    </ClInclude>
    <ClInclude Include="$(MSBuildThisFileDirectory)wiScene_Components.h">
      <Filter>ENGINE\System</Filter>
    </ClInclude>
    <ClInclude Include="$(MSBuildThisFileDirectory)wiPhysics_BindLua.h">
      <Filter>ENGINE\Scripting\LuaBindings</Filter>
    </ClInclude>
    <ClInclude Include="$(MSBuildThisFileDirectory)wiAllocator.h">
      <Filter>ENGINE\Helpers</Filter>
    </ClInclude>
    <ClInclude Include="$(MSBuildThisFileDirectory)wiBVH.h">
      <Filter>ENGINE\Helpers</Filter>
    </ClInclude>
    <ClInclude Include="$(MSBuildThisFileDirectory)wiLocalization.h">
      <Filter>ENGINE\Helpers</Filter>
    </ClInclude>
    <ClInclude Include="$(MSBuildThisFileDirectory)Utility\pugiconfig.hpp">
      <Filter>UTILITY</Filter>
    </ClInclude>
    <ClInclude Include="$(MSBuildThisFileDirectory)Utility\pugixml.hpp">
      <Filter>UTILITY</Filter>
    </ClInclude>
    <ClInclude Include="$(MSBuildThisFileDirectory)Utility\minimp4.h">
      <Filter>UTILITY</Filter>
    </ClInclude>
    <ClInclude Include="$(MSBuildThisFileDirectory)wiVideo.h">
      <Filter>ENGINE\Video</Filter>
    </ClInclude>
    <ClInclude Include="$(MSBuildThisFileDirectory)Utility\h264.h">
      <Filter>UTILITY</Filter>
    </ClInclude>
    <ClInclude Include="$(MSBuildThisFileDirectory)Utility\dxva.h">
      <Filter>UTILITY</Filter>
    </ClInclude>
    <ClInclude Include="$(MSBuildThisFileDirectory)Utility\dds.h">
      <Filter>UTILITY</Filter>
    </ClInclude>
    <ClInclude Include="$(MSBuildThisFileDirectory)Utility\lodepng.h">
      <Filter>UTILITY</Filter>
    </ClInclude>
    <ClInclude Include="$(MSBuildThisFileDirectory)wiVoxelGrid.h">
      <Filter>ENGINE\Helpers</Filter>
    </ClInclude>
    <ClInclude Include="$(MSBuildThisFileDirectory)wiPathQuery.h">
      <Filter>ENGINE\Helpers</Filter>
    </ClInclude>
    <ClInclude Include="$(MSBuildThisFileDirectory)wiVoxelGrid_BindLua.h">
      <Filter>ENGINE\Scripting\LuaBindings</Filter>
    </ClInclude>
    <ClInclude Include="$(MSBuildThisFileDirectory)wiPathQuery_BindLua.h">
      <Filter>ENGINE\Scripting\LuaBindings</Filter>
    </ClInclude>
    <ClInclude Include="$(MSBuildThisFileDirectory)wiTrailRenderer.h">
      <Filter>ENGINE\Graphics</Filter>
    </ClInclude>
    <ClInclude Include="$(MSBuildThisFileDirectory)wiTrailRenderer_BindLua.h">
      <Filter>ENGINE\Scripting\LuaBindings</Filter>
    </ClInclude>
    <ClInclude Include="$(MSBuildThisFileDirectory)wiAsync_BindLua.h">
      <Filter>ENGINE\Scripting\LuaBindings</Filter>
    </ClInclude>
    <ClInclude Include="$(MSBuildThisFileDirectory)Utility\WinAdapter.h">
      <Filter>UTILITY</Filter>
    </ClInclude>
    <ClInclude Include="$(MSBuildThisFileDirectory)Jolt\AABBTree\AABBTreeBuilder.h">
      <Filter>JOLT</Filter>
    </ClInclude>
    <ClInclude Include="$(MSBuildThisFileDirectory)Jolt\AABBTree\AABBTreeToBuffer.h">
      <Filter>JOLT</Filter>
    </ClInclude>
    <ClInclude Include="$(MSBuildThisFileDirectory)Jolt\Geometry\AABox.h">
      <Filter>JOLT</Filter>
    </ClInclude>
    <ClInclude Include="$(MSBuildThisFileDirectory)Jolt\Geometry\AABox4.h">
      <Filter>JOLT</Filter>
    </ClInclude>
    <ClInclude Include="$(MSBuildThisFileDirectory)Jolt\Physics\Collision\AABoxCast.h">
      <Filter>JOLT</Filter>
    </ClInclude>
    <ClInclude Include="$(MSBuildThisFileDirectory)Jolt\Physics\Collision\ActiveEdgeMode.h">
      <Filter>JOLT</Filter>
    </ClInclude>
    <ClInclude Include="$(MSBuildThisFileDirectory)Jolt\Physics\Collision\ActiveEdges.h">
      <Filter>JOLT</Filter>
    </ClInclude>
    <ClInclude Include="$(MSBuildThisFileDirectory)Jolt\Physics\Body\AllowedDOFs.h">
      <Filter>JOLT</Filter>
    </ClInclude>
    <ClInclude Include="$(MSBuildThisFileDirectory)Jolt\Physics\Constraints\ConstraintPart\AngleConstraintPart.h">
      <Filter>JOLT</Filter>
    </ClInclude>
    <ClInclude Include="$(MSBuildThisFileDirectory)Jolt\Core\ARMNeon.h">
      <Filter>JOLT</Filter>
    </ClInclude>
    <ClInclude Include="$(MSBuildThisFileDirectory)Jolt\Core\Array.h">
      <Filter>JOLT</Filter>
    </ClInclude>
    <ClInclude Include="$(MSBuildThisFileDirectory)Jolt\Core\Atomics.h">
      <Filter>JOLT</Filter>
    </ClInclude>
    <ClInclude Include="$(MSBuildThisFileDirectory)Jolt\Physics\Constraints\ConstraintPart\AxisConstraintPart.h">
      <Filter>JOLT</Filter>
    </ClInclude>
    <ClInclude Include="$(MSBuildThisFileDirectory)Jolt\Physics\Collision\BackFaceMode.h">
      <Filter>JOLT</Filter>
    </ClInclude>
    <ClInclude Include="$(MSBuildThisFileDirectory)Jolt\Physics\Body\Body.h">
      <Filter>JOLT</Filter>
    </ClInclude>
    <ClInclude Include="$(MSBuildThisFileDirectory)Jolt\Physics\Body\BodyAccess.h">
      <Filter>JOLT</Filter>
    </ClInclude>
    <ClInclude Include="$(MSBuildThisFileDirectory)Jolt\Physics\Body\BodyActivationListener.h">
      <Filter>JOLT</Filter>
    </ClInclude>
    <ClInclude Include="$(MSBuildThisFileDirectory)Jolt\Physics\Body\BodyCreationSettings.h">
      <Filter>JOLT</Filter>
    </ClInclude>
    <ClInclude Include="$(MSBuildThisFileDirectory)Jolt\Physics\Body\BodyFilter.h">
      <Filter>JOLT</Filter>
    </ClInclude>
    <ClInclude Include="$(MSBuildThisFileDirectory)Jolt\Physics\Body\BodyID.h">
      <Filter>JOLT</Filter>
    </ClInclude>
    <ClInclude Include="$(MSBuildThisFileDirectory)Jolt\Physics\Body\BodyInterface.h">
      <Filter>JOLT</Filter>
    </ClInclude>
    <ClInclude Include="$(MSBuildThisFileDirectory)Jolt\Physics\Body\BodyLock.h">
      <Filter>JOLT</Filter>
    </ClInclude>
    <ClInclude Include="$(MSBuildThisFileDirectory)Jolt\Physics\Body\BodyLockInterface.h">
      <Filter>JOLT</Filter>
    </ClInclude>
    <ClInclude Include="$(MSBuildThisFileDirectory)Jolt\Physics\Body\BodyLockMulti.h">
      <Filter>JOLT</Filter>
    </ClInclude>
    <ClInclude Include="$(MSBuildThisFileDirectory)Jolt\Physics\Body\BodyManager.h">
      <Filter>JOLT</Filter>
    </ClInclude>
    <ClInclude Include="$(MSBuildThisFileDirectory)Jolt\Physics\Body\BodyPair.h">
      <Filter>JOLT</Filter>
    </ClInclude>
    <ClInclude Include="$(MSBuildThisFileDirectory)Jolt\Physics\Body\BodyType.h">
      <Filter>JOLT</Filter>
    </ClInclude>
    <ClInclude Include="$(MSBuildThisFileDirectory)Jolt\Physics\Collision\Shape\BoxShape.h">
      <Filter>JOLT</Filter>
    </ClInclude>
    <ClInclude Include="$(MSBuildThisFileDirectory)Jolt\Physics\Collision\BroadPhase\BroadPhase.h">
      <Filter>JOLT</Filter>
    </ClInclude>
    <ClInclude Include="$(MSBuildThisFileDirectory)Jolt\Physics\Collision\BroadPhase\BroadPhaseBruteForce.h">
      <Filter>JOLT</Filter>
    </ClInclude>
    <ClInclude Include="$(MSBuildThisFileDirectory)Jolt\Physics\Collision\BroadPhase\BroadPhaseLayer.h">
      <Filter>JOLT</Filter>
    </ClInclude>
    <ClInclude Include="$(MSBuildThisFileDirectory)Jolt\Physics\Collision\BroadPhase\BroadPhaseLayerInterfaceMask.h">
      <Filter>JOLT</Filter>
    </ClInclude>
    <ClInclude Include="$(MSBuildThisFileDirectory)Jolt\Physics\Collision\BroadPhase\BroadPhaseLayerInterfaceTable.h">
      <Filter>JOLT</Filter>
    </ClInclude>
    <ClInclude Include="$(MSBuildThisFileDirectory)Jolt\Physics\Collision\BroadPhase\BroadPhaseQuadTree.h">
      <Filter>JOLT</Filter>
    </ClInclude>
    <ClInclude Include="$(MSBuildThisFileDirectory)Jolt\Physics\Collision\BroadPhase\BroadPhaseQuery.h">
      <Filter>JOLT</Filter>
    </ClInclude>
    <ClInclude Include="$(MSBuildThisFileDirectory)Jolt\Core\ByteBuffer.h">
      <Filter>JOLT</Filter>
    </ClInclude>
    <ClInclude Include="$(MSBuildThisFileDirectory)Jolt\Physics\Constraints\CalculateSolverSteps.h">
      <Filter>JOLT</Filter>
    </ClInclude>
    <ClInclude Include="$(MSBuildThisFileDirectory)Jolt\Physics\Collision\Shape\CapsuleShape.h">
      <Filter>JOLT</Filter>
    </ClInclude>
    <ClInclude Include="$(MSBuildThisFileDirectory)Jolt\Physics\Collision\CastConvexVsTriangles.h">
      <Filter>JOLT</Filter>
    </ClInclude>
    <ClInclude Include="$(MSBuildThisFileDirectory)Jolt\Physics\Collision\CastResult.h">
      <Filter>JOLT</Filter>
    </ClInclude>
    <ClInclude Include="$(MSBuildThisFileDirectory)Jolt\Physics\Collision\CastSphereVsTriangles.h">
      <Filter>JOLT</Filter>
    </ClInclude>
    <ClInclude Include="$(MSBuildThisFileDirectory)Jolt\Physics\Character\Character.h">
      <Filter>JOLT</Filter>
    </ClInclude>
    <ClInclude Include="$(MSBuildThisFileDirectory)Jolt\Physics\Character\CharacterBase.h">
      <Filter>JOLT</Filter>
    </ClInclude>
    <ClInclude Include="$(MSBuildThisFileDirectory)Jolt\Physics\Character\CharacterVirtual.h">
      <Filter>JOLT</Filter>
    </ClInclude>
    <ClInclude Include="$(MSBuildThisFileDirectory)Jolt\Geometry\ClipPoly.h">
      <Filter>JOLT</Filter>
    </ClInclude>
    <ClInclude Include="$(MSBuildThisFileDirectory)Jolt\Geometry\ClosestPoint.h">
      <Filter>JOLT</Filter>
    </ClInclude>
    <ClInclude Include="$(MSBuildThisFileDirectory)Jolt\Physics\Collision\CollectFacesMode.h">
      <Filter>JOLT</Filter>
    </ClInclude>
    <ClInclude Include="$(MSBuildThisFileDirectory)Jolt\Physics\Collision\CollideConvexVsTriangles.h">
      <Filter>JOLT</Filter>
    </ClInclude>
    <ClInclude Include="$(MSBuildThisFileDirectory)Jolt\Physics\Collision\CollidePointResult.h">
      <Filter>JOLT</Filter>
    </ClInclude>
    <ClInclude Include="$(MSBuildThisFileDirectory)Jolt\Physics\Collision\CollideShape.h">
      <Filter>JOLT</Filter>
    </ClInclude>
    <ClInclude Include="$(MSBuildThisFileDirectory)Jolt\Physics\Collision\CollideSoftBodyVerticesVsTriangles.h">
      <Filter>JOLT</Filter>
    </ClInclude>
    <ClInclude Include="$(MSBuildThisFileDirectory)Jolt\Physics\Collision\CollideSphereVsTriangles.h">
      <Filter>JOLT</Filter>
    </ClInclude>
    <ClInclude Include="$(MSBuildThisFileDirectory)Jolt\Physics\Collision\CollisionCollector.h">
      <Filter>JOLT</Filter>
    </ClInclude>
    <ClInclude Include="$(MSBuildThisFileDirectory)Jolt\Physics\Collision\CollisionCollectorImpl.h">
      <Filter>JOLT</Filter>
    </ClInclude>
    <ClInclude Include="$(MSBuildThisFileDirectory)Jolt\Physics\Collision\CollisionDispatch.h">
      <Filter>JOLT</Filter>
    </ClInclude>
    <ClInclude Include="$(MSBuildThisFileDirectory)Jolt\Physics\Collision\CollisionGroup.h">
      <Filter>JOLT</Filter>
    </ClInclude>
    <ClInclude Include="$(MSBuildThisFileDirectory)Jolt\Core\Color.h">
      <Filter>JOLT</Filter>
    </ClInclude>
    <ClInclude Include="$(MSBuildThisFileDirectory)Jolt\Physics\Collision\Shape\CompoundShape.h">
      <Filter>JOLT</Filter>
    </ClInclude>
    <ClInclude Include="$(MSBuildThisFileDirectory)Jolt\Physics\Collision\Shape\CompoundShapeVisitors.h">
      <Filter>JOLT</Filter>
    </ClInclude>
    <ClInclude Include="$(MSBuildThisFileDirectory)Jolt\Physics\Constraints\ConeConstraint.h">
      <Filter>JOLT</Filter>
    </ClInclude>
    <ClInclude Include="$(MSBuildThisFileDirectory)Jolt\ConfigurationString.h">
      <Filter>JOLT</Filter>
    </ClInclude>
    <ClInclude Include="$(MSBuildThisFileDirectory)Jolt\Physics\Constraints\Constraint.h">
      <Filter>JOLT</Filter>
    </ClInclude>
    <ClInclude Include="$(MSBuildThisFileDirectory)Jolt\Physics\Constraints\ConstraintManager.h">
      <Filter>JOLT</Filter>
    </ClInclude>
    <ClInclude Include="$(MSBuildThisFileDirectory)Jolt\Physics\Constraints\ContactConstraintManager.h">
      <Filter>JOLT</Filter>
    </ClInclude>
    <ClInclude Include="$(MSBuildThisFileDirectory)Jolt\Physics\Collision\ContactListener.h">
      <Filter>JOLT</Filter>
    </ClInclude>
    <ClInclude Include="$(MSBuildThisFileDirectory)Jolt\Geometry\ConvexHullBuilder.h">
      <Filter>JOLT</Filter>
    </ClInclude>
    <ClInclude Include="$(MSBuildThisFileDirectory)Jolt\Geometry\ConvexHullBuilder2D.h">
      <Filter>JOLT</Filter>
    </ClInclude>
    <ClInclude Include="$(MSBuildThisFileDirectory)Jolt\Physics\Collision\Shape\ConvexHullShape.h">
      <Filter>JOLT</Filter>
    </ClInclude>
    <ClInclude Include="$(MSBuildThisFileDirectory)Jolt\Physics\Collision\Shape\ConvexShape.h">
      <Filter>JOLT</Filter>
    </ClInclude>
    <ClInclude Include="$(MSBuildThisFileDirectory)Jolt\Geometry\ConvexSupport.h">
      <Filter>JOLT</Filter>
    </ClInclude>
    <ClInclude Include="$(MSBuildThisFileDirectory)Jolt\Core\Core.h">
      <Filter>JOLT</Filter>
    </ClInclude>
    <ClInclude Include="$(MSBuildThisFileDirectory)Jolt\Physics\Collision\Shape\CylinderShape.h">
      <Filter>JOLT</Filter>
    </ClInclude>
    <ClInclude Include="$(MSBuildThisFileDirectory)Jolt\Renderer\DebugRenderer.h">
      <Filter>JOLT</Filter>
    </ClInclude>
    <ClInclude Include="$(MSBuildThisFileDirectory)Jolt\Renderer\DebugRendererPlayback.h">
      <Filter>JOLT</Filter>
    </ClInclude>
    <ClInclude Include="$(MSBuildThisFileDirectory)Jolt\Renderer\DebugRendererRecorder.h">
      <Filter>JOLT</Filter>
    </ClInclude>
    <ClInclude Include="$(MSBuildThisFileDirectory)Jolt\Renderer\DebugRendererSimple.h">
      <Filter>JOLT</Filter>
    </ClInclude>
    <ClInclude Include="$(MSBuildThisFileDirectory)Jolt\Physics\Collision\Shape\DecoratedShape.h">
      <Filter>JOLT</Filter>
    </ClInclude>
    <ClInclude Include="$(MSBuildThisFileDirectory)Jolt\Physics\DeterminismLog.h">
      <Filter>JOLT</Filter>
    </ClInclude>
    <ClInclude Include="$(MSBuildThisFileDirectory)Jolt\Physics\Constraints\DistanceConstraint.h">
      <Filter>JOLT</Filter>
    </ClInclude>
    <ClInclude Include="$(MSBuildThisFileDirectory)Jolt\Math\DMat44.h">
      <Filter>JOLT</Filter>
    </ClInclude>
    <ClInclude Include="$(MSBuildThisFileDirectory)Jolt\Math\Double3.h">
      <Filter>JOLT</Filter>
    </ClInclude>
    <ClInclude Include="$(MSBuildThisFileDirectory)Jolt\Physics\Constraints\ConstraintPart\DualAxisConstraintPart.h">
      <Filter>JOLT</Filter>
    </ClInclude>
    <ClInclude Include="$(MSBuildThisFileDirectory)Jolt\Math\DVec3.h">
      <Filter>JOLT</Filter>
    </ClInclude>
    <ClInclude Include="$(MSBuildThisFileDirectory)Jolt\Math\DynMatrix.h">
      <Filter>JOLT</Filter>
    </ClInclude>
    <ClInclude Include="$(MSBuildThisFileDirectory)Jolt\Physics\EActivation.h">
      <Filter>JOLT</Filter>
    </ClInclude>
    <ClInclude Include="$(MSBuildThisFileDirectory)Jolt\Math\EigenValueSymmetric.h">
      <Filter>JOLT</Filter>
    </ClInclude>
    <ClInclude Include="$(MSBuildThisFileDirectory)Jolt\Geometry\Ellipse.h">
      <Filter>JOLT</Filter>
    </ClInclude>
    <ClInclude Include="$(MSBuildThisFileDirectory)Jolt\Geometry\EPAConvexHullBuilder.h">
      <Filter>JOLT</Filter>
    </ClInclude>
    <ClInclude Include="$(MSBuildThisFileDirectory)Jolt\Geometry\EPAPenetrationDepth.h">
      <Filter>JOLT</Filter>
    </ClInclude>
    <ClInclude Include="$(MSBuildThisFileDirectory)Jolt\Physics\EPhysicsUpdateError.h">
      <Filter>JOLT</Filter>
    </ClInclude>
    <ClInclude Include="$(MSBuildThisFileDirectory)Jolt\Physics\Collision\EstimateCollisionResponse.h">
      <Filter>JOLT</Filter>
    </ClInclude>
    <ClInclude Include="$(MSBuildThisFileDirectory)Jolt\Core\Factory.h">
      <Filter>JOLT</Filter>
    </ClInclude>
    <ClInclude Include="$(MSBuildThisFileDirectory)Jolt\Math\FindRoot.h">
      <Filter>JOLT</Filter>
    </ClInclude>
    <ClInclude Include="$(MSBuildThisFileDirectory)Jolt\Physics\Constraints\FixedConstraint.h">
      <Filter>JOLT</Filter>
    </ClInclude>
    <ClInclude Include="$(MSBuildThisFileDirectory)Jolt\Core\FixedSizeFreeList.h">
      <Filter>JOLT</Filter>
    </ClInclude>
    <ClInclude Include="$(MSBuildThisFileDirectory)Jolt\Math\Float2.h">
      <Filter>JOLT</Filter>
    </ClInclude>
    <ClInclude Include="$(MSBuildThisFileDirectory)Jolt\Math\Float3.h">
      <Filter>JOLT</Filter>
    </ClInclude>
    <ClInclude Include="$(MSBuildThisFileDirectory)Jolt\Math\Float4.h">
      <Filter>JOLT</Filter>
    </ClInclude>
    <ClInclude Include="$(MSBuildThisFileDirectory)Jolt\Core\FPControlWord.h">
      <Filter>JOLT</Filter>
    </ClInclude>
    <ClInclude Include="$(MSBuildThisFileDirectory)Jolt\Core\FPException.h">
      <Filter>JOLT</Filter>
    </ClInclude>
    <ClInclude Include="$(MSBuildThisFileDirectory)Jolt\Core\FPFlushDenormals.h">
      <Filter>JOLT</Filter>
    </ClInclude>
    <ClInclude Include="$(MSBuildThisFileDirectory)Jolt\Math\GaussianElimination.h">
      <Filter>JOLT</Filter>
    </ClInclude>
    <ClInclude Include="$(MSBuildThisFileDirectory)Jolt\Physics\Constraints\GearConstraint.h">
      <Filter>JOLT</Filter>
    </ClInclude>
    <ClInclude Include="$(MSBuildThisFileDirectory)Jolt\Physics\Constraints\ConstraintPart\GearConstraintPart.h">
      <Filter>JOLT</Filter>
    </ClInclude>
    <ClInclude Include="$(MSBuildThisFileDirectory)Jolt\ObjectStream\GetPrimitiveTypeOfType.h">
      <Filter>JOLT</Filter>
    </ClInclude>
    <ClInclude Include="$(MSBuildThisFileDirectory)Jolt\Physics\Collision\Shape\GetTrianglesContext.h">
      <Filter>JOLT</Filter>
    </ClInclude>
    <ClInclude Include="$(MSBuildThisFileDirectory)Jolt\Geometry\GJKClosestPoint.h">
      <Filter>JOLT</Filter>
    </ClInclude>
    <ClInclude Include="$(MSBuildThisFileDirectory)Jolt\Physics\Collision\GroupFilter.h">
      <Filter>JOLT</Filter>
    </ClInclude>
    <ClInclude Include="$(MSBuildThisFileDirectory)Jolt\Physics\Collision\GroupFilterTable.h">
      <Filter>JOLT</Filter>
    </ClInclude>
    <ClInclude Include="$(MSBuildThisFileDirectory)Jolt\Math\HalfFloat.h">
      <Filter>JOLT</Filter>
    </ClInclude>
    <ClInclude Include="$(MSBuildThisFileDirectory)Jolt\Core\HashCombine.h">
      <Filter>JOLT</Filter>
    </ClInclude>
    <ClInclude Include="$(MSBuildThisFileDirectory)Jolt\Physics\Collision\Shape\HeightFieldShape.h">
      <Filter>JOLT</Filter>
    </ClInclude>
    <ClInclude Include="$(MSBuildThisFileDirectory)Jolt\Physics\Constraints\HingeConstraint.h">
      <Filter>JOLT</Filter>
    </ClInclude>
    <ClInclude Include="$(MSBuildThisFileDirectory)Jolt\Physics\Constraints\ConstraintPart\HingeRotationConstraintPart.h">
      <Filter>JOLT</Filter>
    </ClInclude>
    <ClInclude Include="$(MSBuildThisFileDirectory)Jolt\Physics\Constraints\ConstraintPart\IndependentAxisConstraintPart.h">
      <Filter>JOLT</Filter>
    </ClInclude>
    <ClInclude Include="$(MSBuildThisFileDirectory)Jolt\Geometry\IndexedTriangle.h">
      <Filter>JOLT</Filter>
    </ClInclude>
    <ClInclude Include="$(MSBuildThisFileDirectory)Jolt\Geometry\Indexify.h">
      <Filter>JOLT</Filter>
    </ClInclude>
    <ClInclude Include="$(MSBuildThisFileDirectory)Jolt\Core\InsertionSort.h">
      <Filter>JOLT</Filter>
    </ClInclude>
    <ClInclude Include="$(MSBuildThisFileDirectory)Jolt\Physics\Collision\InternalEdgeRemovingCollector.h">
      <Filter>JOLT</Filter>
    </ClInclude>
    <ClInclude Include="$(MSBuildThisFileDirectory)Jolt\Physics\IslandBuilder.h">
      <Filter>JOLT</Filter>
    </ClInclude>
    <ClInclude Include="$(MSBuildThisFileDirectory)Jolt\Core\IssueReporting.h">
      <Filter>JOLT</Filter>
    </ClInclude>
    <ClInclude Include="$(MSBuildThisFileDirectory)Jolt\Core\JobSystem.h">
      <Filter>JOLT</Filter>
    </ClInclude>
    <ClInclude Include="$(MSBuildThisFileDirectory)Jolt\Core\JobSystemSingleThreaded.h">
      <Filter>JOLT</Filter>
    </ClInclude>
    <ClInclude Include="$(MSBuildThisFileDirectory)Jolt\Core\JobSystemThreadPool.h">
      <Filter>JOLT</Filter>
    </ClInclude>
    <ClInclude Include="$(MSBuildThisFileDirectory)Jolt\Core\JobSystemWithBarrier.h">
      <Filter>JOLT</Filter>
    </ClInclude>
    <ClInclude Include="$(MSBuildThisFileDirectory)Jolt\Jolt.h">
      <Filter>JOLT</Filter>
    </ClInclude>
    <ClInclude Include="$(MSBuildThisFileDirectory)Jolt\Physics\LargeIslandSplitter.h">
      <Filter>JOLT</Filter>
    </ClInclude>
    <ClInclude Include="$(MSBuildThisFileDirectory)Jolt\Core\LinearCurve.h">
      <Filter>JOLT</Filter>
    </ClInclude>
    <ClInclude Include="$(MSBuildThisFileDirectory)Jolt\Core\LockFreeHashMap.h">
      <Filter>JOLT</Filter>
    </ClInclude>
    <ClInclude Include="$(MSBuildThisFileDirectory)Jolt\Physics\Collision\ManifoldBetweenTwoFaces.h">
      <Filter>JOLT</Filter>
    </ClInclude>
    <ClInclude Include="$(MSBuildThisFileDirectory)Jolt\Physics\Body\MassProperties.h">
      <Filter>JOLT</Filter>
    </ClInclude>
    <ClInclude Include="$(MSBuildThisFileDirectory)Jolt\Math\Mat44.h">
      <Filter>JOLT</Filter>
    </ClInclude>
    <ClInclude Include="$(MSBuildThisFileDirectory)Jolt\Math\Math.h">
      <Filter>JOLT</Filter>
    </ClInclude>
    <ClInclude Include="$(MSBuildThisFileDirectory)Jolt\Math\MathTypes.h">
      <Filter>JOLT</Filter>
    </ClInclude>
    <ClInclude Include="$(MSBuildThisFileDirectory)Jolt\Math\Matrix.h">
      <Filter>JOLT</Filter>
    </ClInclude>
    <ClInclude Include="$(MSBuildThisFileDirectory)Jolt\Core\Memory.h">
      <Filter>JOLT</Filter>
    </ClInclude>
    <ClInclude Include="$(MSBuildThisFileDirectory)Jolt\Physics\Collision\Shape\MeshShape.h">
      <Filter>JOLT</Filter>
    </ClInclude>
    <ClInclude Include="$(MSBuildThisFileDirectory)Jolt\Geometry\MortonCode.h">
      <Filter>JOLT</Filter>
    </ClInclude>
    <ClInclude Include="$(MSBuildThisFileDirectory)Jolt\Physics\Body\MotionProperties.h">
      <Filter>JOLT</Filter>
    </ClInclude>
    <ClInclude Include="$(MSBuildThisFileDirectory)Jolt\Physics\Body\MotionQuality.h">
      <Filter>JOLT</Filter>
    </ClInclude>
    <ClInclude Include="$(MSBuildThisFileDirectory)Jolt\Physics\Body\MotionType.h">
      <Filter>JOLT</Filter>
    </ClInclude>
    <ClInclude Include="$(MSBuildThisFileDirectory)Jolt\Physics\Vehicle\MotorcycleController.h">
      <Filter>JOLT</Filter>
    </ClInclude>
    <ClInclude Include="$(MSBuildThisFileDirectory)Jolt\Physics\Constraints\MotorSettings.h">
      <Filter>JOLT</Filter>
    </ClInclude>
    <ClInclude Include="$(MSBuildThisFileDirectory)Jolt\Physics\Collision\Shape\MutableCompoundShape.h">
      <Filter>JOLT</Filter>
    </ClInclude>
    <ClInclude Include="$(MSBuildThisFileDirectory)Jolt\Core\Mutex.h">
      <Filter>JOLT</Filter>
    </ClInclude>
    <ClInclude Include="$(MSBuildThisFileDirectory)Jolt\Core\MutexArray.h">
      <Filter>JOLT</Filter>
    </ClInclude>
    <ClInclude Include="$(MSBuildThisFileDirectory)Jolt\Physics\Collision\NarrowPhaseQuery.h">
      <Filter>JOLT</Filter>
    </ClInclude>
    <ClInclude Include="$(MSBuildThisFileDirectory)Jolt\Physics\Collision\NarrowPhaseStats.h">
      <Filter>JOLT</Filter>
    </ClInclude>
    <ClInclude Include="$(MSBuildThisFileDirectory)Jolt\AABBTree\NodeCodec\NodeCodecQuadTreeHalfFloat.h">
      <Filter>JOLT</Filter>
    </ClInclude>
    <ClInclude Include="$(MSBuildThisFileDirectory)Jolt\Core\NonCopyable.h">
      <Filter>JOLT</Filter>
    </ClInclude>
    <ClInclude Include="$(MSBuildThisFileDirectory)Jolt\Physics\Collision\ObjectLayer.h">
      <Filter>JOLT</Filter>
    </ClInclude>
    <ClInclude Include="$(MSBuildThisFileDirectory)Jolt\Physics\Collision\ObjectLayerPairFilterMask.h">
      <Filter>JOLT</Filter>
    </ClInclude>
    <ClInclude Include="$(MSBuildThisFileDirectory)Jolt\Physics\Collision\ObjectLayerPairFilterTable.h">
      <Filter>JOLT</Filter>
    </ClInclude>
    <ClInclude Include="$(MSBuildThisFileDirectory)Jolt\ObjectStream\ObjectStream.h">
      <Filter>JOLT</Filter>
    </ClInclude>
    <ClInclude Include="$(MSBuildThisFileDirectory)Jolt\ObjectStream\ObjectStreamBinaryIn.h">
      <Filter>JOLT</Filter>
    </ClInclude>
    <ClInclude Include="$(MSBuildThisFileDirectory)Jolt\ObjectStream\ObjectStreamBinaryOut.h">
      <Filter>JOLT</Filter>
    </ClInclude>
    <ClInclude Include="$(MSBuildThisFileDirectory)Jolt\ObjectStream\ObjectStreamIn.h">
      <Filter>JOLT</Filter>
    </ClInclude>
    <ClInclude Include="$(MSBuildThisFileDirectory)Jolt\ObjectStream\ObjectStreamOut.h">
      <Filter>JOLT</Filter>
    </ClInclude>
    <ClInclude Include="$(MSBuildThisFileDirectory)Jolt\ObjectStream\ObjectStreamTextIn.h">
      <Filter>JOLT</Filter>
    </ClInclude>
    <ClInclude Include="$(MSBuildThisFileDirectory)Jolt\ObjectStream\ObjectStreamTextOut.h">
      <Filter>JOLT</Filter>
    </ClInclude>
    <ClInclude Include="$(MSBuildThisFileDirectory)Jolt\ObjectStream\ObjectStreamTypes.h">
      <Filter>JOLT</Filter>
    </ClInclude>
    <ClInclude Include="$(MSBuildThisFileDirectory)Jolt\Physics\Collision\BroadPhase\ObjectVsBroadPhaseLayerFilterMask.h">
      <Filter>JOLT</Filter>
    </ClInclude>
    <ClInclude Include="$(MSBuildThisFileDirectory)Jolt\Physics\Collision\BroadPhase\ObjectVsBroadPhaseLayerFilterTable.h">
      <Filter>JOLT</Filter>
    </ClInclude>
    <ClInclude Include="$(MSBuildThisFileDirectory)Jolt\Physics\Collision\Shape\OffsetCenterOfMassShape.h">
      <Filter>JOLT</Filter>
    </ClInclude>
    <ClInclude Include="$(MSBuildThisFileDirectory)Jolt\Geometry\OrientedBox.h">
      <Filter>JOLT</Filter>
    </ClInclude>
    <ClInclude Include="$(MSBuildThisFileDirectory)Jolt\Physics\Constraints\PathConstraint.h">
      <Filter>JOLT</Filter>
    </ClInclude>
    <ClInclude Include="$(MSBuildThisFileDirectory)Jolt\Physics\Constraints\PathConstraintPath.h">
      <Filter>JOLT</Filter>
    </ClInclude>
    <ClInclude Include="$(MSBuildThisFileDirectory)Jolt\Physics\Constraints\PathConstraintPathHermite.h">
      <Filter>JOLT</Filter>
    </ClInclude>
    <ClInclude Include="$(MSBuildThisFileDirectory)Jolt\Physics\PhysicsLock.h">
      <Filter>JOLT</Filter>
    </ClInclude>
    <ClInclude Include="$(MSBuildThisFileDirectory)Jolt\Physics\Collision\PhysicsMaterial.h">
      <Filter>JOLT</Filter>
    </ClInclude>
    <ClInclude Include="$(MSBuildThisFileDirectory)Jolt\Physics\Collision\PhysicsMaterialSimple.h">
      <Filter>JOLT</Filter>
    </ClInclude>
    <ClInclude Include="$(MSBuildThisFileDirectory)Jolt\Physics\PhysicsScene.h">
      <Filter>JOLT</Filter>
    </ClInclude>
    <ClInclude Include="$(MSBuildThisFileDirectory)Jolt\Physics\PhysicsSettings.h">
      <Filter>JOLT</Filter>
    </ClInclude>
    <ClInclude Include="$(MSBuildThisFileDirectory)Jolt\Physics\PhysicsStepListener.h">
      <Filter>JOLT</Filter>
    </ClInclude>
    <ClInclude Include="$(MSBuildThisFileDirectory)Jolt\Physics\PhysicsSystem.h">
      <Filter>JOLT</Filter>
    </ClInclude>
    <ClInclude Include="$(MSBuildThisFileDirectory)Jolt\Physics\PhysicsUpdateContext.h">
      <Filter>JOLT</Filter>
    </ClInclude>
    <ClInclude Include="$(MSBuildThisFileDirectory)Jolt\Geometry\Plane.h">
      <Filter>JOLT</Filter>
    </ClInclude>
    <ClInclude Include="$(MSBuildThisFileDirectory)Jolt\Physics\Constraints\PointConstraint.h">
      <Filter>JOLT</Filter>
    </ClInclude>
    <ClInclude Include="$(MSBuildThisFileDirectory)Jolt\Physics\Constraints\ConstraintPart\PointConstraintPart.h">
      <Filter>JOLT</Filter>
    </ClInclude>
    <ClInclude Include="$(MSBuildThisFileDirectory)Jolt\Physics\Collision\Shape\PolyhedronSubmergedVolumeCalculator.h">
      <Filter>JOLT</Filter>
    </ClInclude>
    <ClInclude Include="$(MSBuildThisFileDirectory)Jolt\Core\Profiler.h">
      <Filter>JOLT</Filter>
    </ClInclude>
    <ClInclude Include="$(MSBuildThisFileDirectory)Jolt\Physics\Constraints\PulleyConstraint.h">
      <Filter>JOLT</Filter>
    </ClInclude>
    <ClInclude Include="$(MSBuildThisFileDirectory)Jolt\Physics\Collision\BroadPhase\QuadTree.h">
      <Filter>JOLT</Filter>
    </ClInclude>
    <ClInclude Include="$(MSBuildThisFileDirectory)Jolt\Math\Quat.h">
      <Filter>JOLT</Filter>
    </ClInclude>
    <ClInclude Include="$(MSBuildThisFileDirectory)Jolt\Core\QuickSort.h">
      <Filter>JOLT</Filter>
    </ClInclude>
    <ClInclude Include="$(MSBuildThisFileDirectory)Jolt\Physics\Constraints\RackAndPinionConstraint.h">
      <Filter>JOLT</Filter>
    </ClInclude>
    <ClInclude Include="$(MSBuildThisFileDirectory)Jolt\Physics\Constraints\ConstraintPart\RackAndPinionConstraintPart.h">
      <Filter>JOLT</Filter>
    </ClInclude>
    <ClInclude Include="$(MSBuildThisFileDirectory)Jolt\Physics\Ragdoll\Ragdoll.h">
      <Filter>JOLT</Filter>
    </ClInclude>
    <ClInclude Include="$(MSBuildThisFileDirectory)Jolt\Geometry\RayAABox.h">
      <Filter>JOLT</Filter>
    </ClInclude>
    <ClInclude Include="$(MSBuildThisFileDirectory)Jolt\Geometry\RayAABox8.h">
      <Filter>JOLT</Filter>
    </ClInclude>
    <ClInclude Include="$(MSBuildThisFileDirectory)Jolt\Geometry\RayCapsule.h">
      <Filter>JOLT</Filter>
    </ClInclude>
    <ClInclude Include="$(MSBuildThisFileDirectory)Jolt\Physics\Collision\RayCast.h">
      <Filter>JOLT</Filter>
    </ClInclude>
    <ClInclude Include="$(MSBuildThisFileDirectory)Jolt\Geometry\RayCylinder.h">
      <Filter>JOLT</Filter>
    </ClInclude>
    <ClInclude Include="$(MSBuildThisFileDirectory)Jolt\Geometry\RaySphere.h">
      <Filter>JOLT</Filter>
    </ClInclude>
    <ClInclude Include="$(MSBuildThisFileDirectory)Jolt\Geometry\RayTriangle.h">
      <Filter>JOLT</Filter>
    </ClInclude>
    <ClInclude Include="$(MSBuildThisFileDirectory)Jolt\Geometry\RayTriangle8.h">
      <Filter>JOLT</Filter>
    </ClInclude>
    <ClInclude Include="$(MSBuildThisFileDirectory)Jolt\Math\Real.h">
      <Filter>JOLT</Filter>
    </ClInclude>
    <ClInclude Include="$(MSBuildThisFileDirectory)Jolt\Core\Reference.h">
      <Filter>JOLT</Filter>
    </ClInclude>
    <ClInclude Include="$(MSBuildThisFileDirectory)Jolt\RegisterTypes.h">
      <Filter>JOLT</Filter>
    </ClInclude>
    <ClInclude Include="$(MSBuildThisFileDirectory)Jolt\Core\Result.h">
      <Filter>JOLT</Filter>
    </ClInclude>
    <ClInclude Include="$(MSBuildThisFileDirectory)Jolt\Physics\Collision\Shape\RotatedTranslatedShape.h">
      <Filter>JOLT</Filter>
    </ClInclude>
    <ClInclude Include="$(MSBuildThisFileDirectory)Jolt\Physics\Constraints\ConstraintPart\RotationEulerConstraintPart.h">
      <Filter>JOLT</Filter>
    </ClInclude>
    <ClInclude Include="$(MSBuildThisFileDirectory)Jolt\Physics\Constraints\ConstraintPart\RotationQuatConstraintPart.h">
      <Filter>JOLT</Filter>
    </ClInclude>
    <ClInclude Include="$(MSBuildThisFileDirectory)Jolt\Core\RTTI.h">
      <Filter>JOLT</Filter>
    </ClInclude>
    <ClInclude Include="$(MSBuildThisFileDirectory)Jolt\Physics\Collision\Shape\ScaledShape.h">
      <Filter>JOLT</Filter>
    </ClInclude>
    <ClInclude Include="$(MSBuildThisFileDirectory)Jolt\Physics\Collision\Shape\ScaleHelpers.h">
      <Filter>JOLT</Filter>
    </ClInclude>
    <ClInclude Include="$(MSBuildThisFileDirectory)Jolt\Core\ScopeExit.h">
      <Filter>JOLT</Filter>
    </ClInclude>
    <ClInclude Include="$(MSBuildThisFileDirectory)Jolt\Core\Semaphore.h">
      <Filter>JOLT</Filter>
    </ClInclude>
    <ClInclude Include="$(MSBuildThisFileDirectory)Jolt\ObjectStream\SerializableAttribute.h">
      <Filter>JOLT</Filter>
    </ClInclude>
    <ClInclude Include="$(MSBuildThisFileDirectory)Jolt\ObjectStream\SerializableAttributeEnum.h">
      <Filter>JOLT</Filter>
    </ClInclude>
    <ClInclude Include="$(MSBuildThisFileDirectory)Jolt\ObjectStream\SerializableAttributeTyped.h">
      <Filter>JOLT</Filter>
    </ClInclude>
    <ClInclude Include="$(MSBuildThisFileDirectory)Jolt\ObjectStream\SerializableObject.h">
      <Filter>JOLT</Filter>
    </ClInclude>
    <ClInclude Include="$(MSBuildThisFileDirectory)Jolt\Physics\Collision\Shape\Shape.h">
      <Filter>JOLT</Filter>
    </ClInclude>
    <ClInclude Include="$(MSBuildThisFileDirectory)Jolt\Physics\Collision\ShapeCast.h">
      <Filter>JOLT</Filter>
    </ClInclude>
    <ClInclude Include="$(MSBuildThisFileDirectory)Jolt\Physics\Collision\ShapeFilter.h">
      <Filter>JOLT</Filter>
    </ClInclude>
    <ClInclude Include="$(MSBuildThisFileDirectory)Jolt\Physics\Constraints\SixDOFConstraint.h">
      <Filter>JOLT</Filter>
    </ClInclude>
    <ClInclude Include="$(MSBuildThisFileDirectory)Jolt\Skeleton\SkeletalAnimation.h">
      <Filter>JOLT</Filter>
    </ClInclude>
    <ClInclude Include="$(MSBuildThisFileDirectory)Jolt\Skeleton\Skeleton.h">
      <Filter>JOLT</Filter>
    </ClInclude>
    <ClInclude Include="$(MSBuildThisFileDirectory)Jolt\Skeleton\SkeletonMapper.h">
      <Filter>JOLT</Filter>
    </ClInclude>
    <ClInclude Include="$(MSBuildThisFileDirectory)Jolt\Skeleton\SkeletonPose.h">
      <Filter>JOLT</Filter>
    </ClInclude>
    <ClInclude Include="$(MSBuildThisFileDirectory)Jolt\Physics\Constraints\SliderConstraint.h">
      <Filter>JOLT</Filter>
    </ClInclude>
    <ClInclude Include="$(MSBuildThisFileDirectory)Jolt\Physics\SoftBody\SoftBodyContactListener.h">
      <Filter>JOLT</Filter>
    </ClInclude>
    <ClInclude Include="$(MSBuildThisFileDirectory)Jolt\Physics\SoftBody\SoftBodyCreationSettings.h">
      <Filter>JOLT</Filter>
    </ClInclude>
    <ClInclude Include="$(MSBuildThisFileDirectory)Jolt\Physics\SoftBody\SoftBodyManifold.h">
      <Filter>JOLT</Filter>
    </ClInclude>
    <ClInclude Include="$(MSBuildThisFileDirectory)Jolt\Physics\SoftBody\SoftBodyMotionProperties.h">
      <Filter>JOLT</Filter>
    </ClInclude>
    <ClInclude Include="$(MSBuildThisFileDirectory)Jolt\Physics\SoftBody\SoftBodyShape.h">
      <Filter>JOLT</Filter>
    </ClInclude>
    <ClInclude Include="$(MSBuildThisFileDirectory)Jolt\Physics\SoftBody\SoftBodySharedSettings.h">
      <Filter>JOLT</Filter>
    </ClInclude>
    <ClInclude Include="$(MSBuildThisFileDirectory)Jolt\Physics\SoftBody\SoftBodyUpdateContext.h">
      <Filter>JOLT</Filter>
    </ClInclude>
    <ClInclude Include="$(MSBuildThisFileDirectory)Jolt\Physics\SoftBody\SoftBodyVertex.h">
      <Filter>JOLT</Filter>
    </ClInclude>
    <ClInclude Include="$(MSBuildThisFileDirectory)Jolt\Physics\Collision\SortReverseAndStore.h">
      <Filter>JOLT</Filter>
    </ClInclude>
    <ClInclude Include="$(MSBuildThisFileDirectory)Jolt\Geometry\Sphere.h">
      <Filter>JOLT</Filter>
    </ClInclude>
    <ClInclude Include="$(MSBuildThisFileDirectory)Jolt\Physics\Collision\Shape\SphereShape.h">
      <Filter>JOLT</Filter>
    </ClInclude>
    <ClInclude Include="$(MSBuildThisFileDirectory)Jolt\Physics\Constraints\ConstraintPart\SpringPart.h">
      <Filter>JOLT</Filter>
    </ClInclude>
    <ClInclude Include="$(MSBuildThisFileDirectory)Jolt\Physics\Constraints\SpringSettings.h">
      <Filter>JOLT</Filter>
    </ClInclude>
    <ClInclude Include="$(MSBuildThisFileDirectory)Jolt\Physics\StateRecorder.h">
      <Filter>JOLT</Filter>
    </ClInclude>
    <ClInclude Include="$(MSBuildThisFileDirectory)Jolt\Physics\StateRecorderImpl.h">
      <Filter>JOLT</Filter>
    </ClInclude>
    <ClInclude Include="$(MSBuildThisFileDirectory)Jolt\Core\StaticArray.h">
      <Filter>JOLT</Filter>
    </ClInclude>
    <ClInclude Include="$(MSBuildThisFileDirectory)Jolt\Physics\Collision\Shape\StaticCompoundShape.h">
      <Filter>JOLT</Filter>
    </ClInclude>
    <ClInclude Include="$(MSBuildThisFileDirectory)Jolt\Core\STLAlignedAllocator.h">
      <Filter>JOLT</Filter>
    </ClInclude>
    <ClInclude Include="$(MSBuildThisFileDirectory)Jolt\Core\STLAllocator.h">
      <Filter>JOLT</Filter>
    </ClInclude>
    <ClInclude Include="$(MSBuildThisFileDirectory)Jolt\Core\STLTempAllocator.h">
      <Filter>JOLT</Filter>
    </ClInclude>
    <ClInclude Include="$(MSBuildThisFileDirectory)Jolt\Core\StreamIn.h">
      <Filter>JOLT</Filter>
    </ClInclude>
    <ClInclude Include="$(MSBuildThisFileDirectory)Jolt\Core\StreamOut.h">
      <Filter>JOLT</Filter>
    </ClInclude>
    <ClInclude Include="$(MSBuildThisFileDirectory)Jolt\Core\StreamUtils.h">
      <Filter>JOLT</Filter>
    </ClInclude>
    <ClInclude Include="$(MSBuildThisFileDirectory)Jolt\Core\StreamWrapper.h">
      <Filter>JOLT</Filter>
    </ClInclude>
    <ClInclude Include="$(MSBuildThisFileDirectory)Jolt\Core\StringTools.h">
      <Filter>JOLT</Filter>
    </ClInclude>
    <ClInclude Include="$(MSBuildThisFileDirectory)Jolt\Physics\Collision\Shape\SubShapeID.h">
      <Filter>JOLT</Filter>
    </ClInclude>
    <ClInclude Include="$(MSBuildThisFileDirectory)Jolt\Physics\Collision\Shape\SubShapeIDPair.h">
      <Filter>JOLT</Filter>
    </ClInclude>
    <ClInclude Include="$(MSBuildThisFileDirectory)Jolt\Physics\Constraints\SwingTwistConstraint.h">
      <Filter>JOLT</Filter>
    </ClInclude>
    <ClInclude Include="$(MSBuildThisFileDirectory)Jolt\Physics\Constraints\ConstraintPart\SwingTwistConstraintPart.h">
      <Filter>JOLT</Filter>
    </ClInclude>
    <ClInclude Include="$(MSBuildThisFileDirectory)Jolt\Math\Swizzle.h">
      <Filter>JOLT</Filter>
    </ClInclude>
    <ClInclude Include="$(MSBuildThisFileDirectory)Jolt\Physics\Collision\Shape\TaperedCapsuleShape.h">
      <Filter>JOLT</Filter>
    </ClInclude>
    <ClInclude Include="$(MSBuildThisFileDirectory)Jolt\Core\TempAllocator.h">
      <Filter>JOLT</Filter>
    </ClInclude>
    <ClInclude Include="$(MSBuildThisFileDirectory)Jolt\Core\TickCounter.h">
      <Filter>JOLT</Filter>
    </ClInclude>
    <ClInclude Include="$(MSBuildThisFileDirectory)Jolt\Physics\Vehicle\TrackedVehicleController.h">
      <Filter>JOLT</Filter>
    </ClInclude>
    <ClInclude Include="$(MSBuildThisFileDirectory)Jolt\Physics\Collision\TransformedShape.h">
      <Filter>JOLT</Filter>
    </ClInclude>
    <ClInclude Include="$(MSBuildThisFileDirectory)Jolt\Geometry\Triangle.h">
      <Filter>JOLT</Filter>
    </ClInclude>
    <ClInclude Include="$(MSBuildThisFileDirectory)Jolt\AABBTree\TriangleCodec\TriangleCodecIndexed8BitPackSOA4Flags.h">
      <Filter>JOLT</Filter>
    </ClInclude>
    <ClInclude Include="$(MSBuildThisFileDirectory)Jolt\TriangleGrouper\TriangleGrouper.h">
      <Filter>JOLT</Filter>
    </ClInclude>
    <ClInclude Include="$(MSBuildThisFileDirectory)Jolt\TriangleGrouper\TriangleGrouperClosestCentroid.h">
      <Filter>JOLT</Filter>
    </ClInclude>
    <ClInclude Include="$(MSBuildThisFileDirectory)Jolt\TriangleGrouper\TriangleGrouperMorton.h">
      <Filter>JOLT</Filter>
    </ClInclude>
    <ClInclude Include="$(MSBuildThisFileDirectory)Jolt\Physics\Collision\Shape\TriangleShape.h">
      <Filter>JOLT</Filter>
    </ClInclude>
    <ClInclude Include="$(MSBuildThisFileDirectory)Jolt\TriangleSplitter\TriangleSplitter.h">
      <Filter>JOLT</Filter>
    </ClInclude>
    <ClInclude Include="$(MSBuildThisFileDirectory)Jolt\TriangleSplitter\TriangleSplitterBinning.h">
      <Filter>JOLT</Filter>
    </ClInclude>
    <ClInclude Include="$(MSBuildThisFileDirectory)Jolt\TriangleSplitter\TriangleSplitterFixedLeafSize.h">
      <Filter>JOLT</Filter>
    </ClInclude>
    <ClInclude Include="$(MSBuildThisFileDirectory)Jolt\TriangleSplitter\TriangleSplitterLongestAxis.h">
      <Filter>JOLT</Filter>
    </ClInclude>
    <ClInclude Include="$(MSBuildThisFileDirectory)Jolt\TriangleSplitter\TriangleSplitterMean.h">
      <Filter>JOLT</Filter>
    </ClInclude>
    <ClInclude Include="$(MSBuildThisFileDirectory)Jolt\TriangleSplitter\TriangleSplitterMorton.h">
      <Filter>JOLT</Filter>
    </ClInclude>
    <ClInclude Include="$(MSBuildThisFileDirectory)Jolt\Math\Trigonometry.h">
      <Filter>JOLT</Filter>
    </ClInclude>
    <ClInclude Include="$(MSBuildThisFileDirectory)Jolt\Physics\Constraints\TwoBodyConstraint.h">
      <Filter>JOLT</Filter>
    </ClInclude>
    <ClInclude Include="$(MSBuildThisFileDirectory)Jolt\ObjectStream\TypeDeclarations.h">
      <Filter>JOLT</Filter>
    </ClInclude>
    <ClInclude Include="$(MSBuildThisFileDirectory)Jolt\Core\UnorderedMap.h">
      <Filter>JOLT</Filter>
    </ClInclude>
    <ClInclude Include="$(MSBuildThisFileDirectory)Jolt\Core\UnorderedSet.h">
      <Filter>JOLT</Filter>
    </ClInclude>
    <ClInclude Include="$(MSBuildThisFileDirectory)Jolt\Math\UVec4.h">
      <Filter>JOLT</Filter>
    </ClInclude>
    <ClInclude Include="$(MSBuildThisFileDirectory)Jolt\Math\UVec8.h">
      <Filter>JOLT</Filter>
    </ClInclude>
    <ClInclude Include="$(MSBuildThisFileDirectory)Jolt\Math\Vec3.h">
      <Filter>JOLT</Filter>
    </ClInclude>
    <ClInclude Include="$(MSBuildThisFileDirectory)Jolt\Math\Vec4.h">
      <Filter>JOLT</Filter>
    </ClInclude>
    <ClInclude Include="$(MSBuildThisFileDirectory)Jolt\Math\Vec8.h">
      <Filter>JOLT</Filter>
    </ClInclude>
    <ClInclude Include="$(MSBuildThisFileDirectory)Jolt\Math\Vector.h">
      <Filter>JOLT</Filter>
    </ClInclude>
    <ClInclude Include="$(MSBuildThisFileDirectory)Jolt\Physics\Vehicle\VehicleAntiRollBar.h">
      <Filter>JOLT</Filter>
    </ClInclude>
    <ClInclude Include="$(MSBuildThisFileDirectory)Jolt\Physics\Vehicle\VehicleCollisionTester.h">
      <Filter>JOLT</Filter>
    </ClInclude>
    <ClInclude Include="$(MSBuildThisFileDirectory)Jolt\Physics\Vehicle\VehicleConstraint.h">
      <Filter>JOLT</Filter>
    </ClInclude>
    <ClInclude Include="$(MSBuildThisFileDirectory)Jolt\Physics\Vehicle\VehicleController.h">
      <Filter>JOLT</Filter>
    </ClInclude>
    <ClInclude Include="$(MSBuildThisFileDirectory)Jolt\Physics\Vehicle\VehicleDifferential.h">
      <Filter>JOLT</Filter>
    </ClInclude>
    <ClInclude Include="$(MSBuildThisFileDirectory)Jolt\Physics\Vehicle\VehicleEngine.h">
      <Filter>JOLT</Filter>
    </ClInclude>
    <ClInclude Include="$(MSBuildThisFileDirectory)Jolt\Physics\Vehicle\VehicleTrack.h">
      <Filter>JOLT</Filter>
    </ClInclude>
    <ClInclude Include="$(MSBuildThisFileDirectory)Jolt\Physics\Vehicle\VehicleTransmission.h">
      <Filter>JOLT</Filter>
    </ClInclude>
    <ClInclude Include="$(MSBuildThisFileDirectory)Jolt\Physics\Vehicle\Wheel.h">
      <Filter>JOLT</Filter>
    </ClInclude>
    <ClInclude Include="$(MSBuildThisFileDirectory)Jolt\Physics\Vehicle\WheeledVehicleController.h">
      <Filter>JOLT</Filter>
    </ClInclude>
    <ClInclude Include="$(MSBuildThisFileDirectory)Utility\meshoptimizer\meshoptimizer.h">
      <Filter>UTILITY\meshoptimizer</Filter>
    </ClInclude>
  </ItemGroup>
  <ItemGroup>
    <ClCompile Include="$(MSBuildThisFileDirectory)LUA\lapi.c">
      <Filter>LUA</Filter>
    </ClCompile>
    <ClCompile Include="$(MSBuildThisFileDirectory)LUA\lauxlib.c">
      <Filter>LUA</Filter>
    </ClCompile>
    <ClCompile Include="$(MSBuildThisFileDirectory)LUA\lbaselib.c">
      <Filter>LUA</Filter>
    </ClCompile>
    <ClCompile Include="$(MSBuildThisFileDirectory)LUA\lbitlib.c">
      <Filter>LUA</Filter>
    </ClCompile>
    <ClCompile Include="$(MSBuildThisFileDirectory)LUA\lcode.c">
      <Filter>LUA</Filter>
    </ClCompile>
    <ClCompile Include="$(MSBuildThisFileDirectory)LUA\lcorolib.c">
      <Filter>LUA</Filter>
    </ClCompile>
    <ClCompile Include="$(MSBuildThisFileDirectory)LUA\lctype.c">
      <Filter>LUA</Filter>
    </ClCompile>
    <ClCompile Include="$(MSBuildThisFileDirectory)LUA\ldblib.c">
      <Filter>LUA</Filter>
    </ClCompile>
    <ClCompile Include="$(MSBuildThisFileDirectory)LUA\ldebug.c">
      <Filter>LUA</Filter>
    </ClCompile>
    <ClCompile Include="$(MSBuildThisFileDirectory)LUA\ldo.c">
      <Filter>LUA</Filter>
    </ClCompile>
    <ClCompile Include="$(MSBuildThisFileDirectory)LUA\ldump.c">
      <Filter>LUA</Filter>
    </ClCompile>
    <ClCompile Include="$(MSBuildThisFileDirectory)LUA\lfunc.c">
      <Filter>LUA</Filter>
    </ClCompile>
    <ClCompile Include="$(MSBuildThisFileDirectory)LUA\lgc.c">
      <Filter>LUA</Filter>
    </ClCompile>
    <ClCompile Include="$(MSBuildThisFileDirectory)LUA\linit.c">
      <Filter>LUA</Filter>
    </ClCompile>
    <ClCompile Include="$(MSBuildThisFileDirectory)LUA\liolib.c">
      <Filter>LUA</Filter>
    </ClCompile>
    <ClCompile Include="$(MSBuildThisFileDirectory)LUA\llex.c">
      <Filter>LUA</Filter>
    </ClCompile>
    <ClCompile Include="$(MSBuildThisFileDirectory)LUA\lmathlib.c">
      <Filter>LUA</Filter>
    </ClCompile>
    <ClCompile Include="$(MSBuildThisFileDirectory)LUA\lmem.c">
      <Filter>LUA</Filter>
    </ClCompile>
    <ClCompile Include="$(MSBuildThisFileDirectory)LUA\loadlib.c">
      <Filter>LUA</Filter>
    </ClCompile>
    <ClCompile Include="$(MSBuildThisFileDirectory)LUA\lobject.c">
      <Filter>LUA</Filter>
    </ClCompile>
    <ClCompile Include="$(MSBuildThisFileDirectory)LUA\lopcodes.c">
      <Filter>LUA</Filter>
    </ClCompile>
    <ClCompile Include="$(MSBuildThisFileDirectory)LUA\loslib.c">
      <Filter>LUA</Filter>
    </ClCompile>
    <ClCompile Include="$(MSBuildThisFileDirectory)LUA\lparser.c">
      <Filter>LUA</Filter>
    </ClCompile>
    <ClCompile Include="$(MSBuildThisFileDirectory)LUA\lstate.c">
      <Filter>LUA</Filter>
    </ClCompile>
    <ClCompile Include="$(MSBuildThisFileDirectory)LUA\lstring.c">
      <Filter>LUA</Filter>
    </ClCompile>
    <ClCompile Include="$(MSBuildThisFileDirectory)LUA\lstrlib.c">
      <Filter>LUA</Filter>
    </ClCompile>
    <ClCompile Include="$(MSBuildThisFileDirectory)LUA\ltable.c">
      <Filter>LUA</Filter>
    </ClCompile>
    <ClCompile Include="$(MSBuildThisFileDirectory)LUA\ltablib.c">
      <Filter>LUA</Filter>
    </ClCompile>
    <ClCompile Include="$(MSBuildThisFileDirectory)LUA\ltm.c">
      <Filter>LUA</Filter>
    </ClCompile>
    <ClCompile Include="$(MSBuildThisFileDirectory)LUA\lua.c">
      <Filter>LUA</Filter>
    </ClCompile>
    <ClCompile Include="$(MSBuildThisFileDirectory)LUA\lundump.c">
      <Filter>LUA</Filter>
    </ClCompile>
    <ClCompile Include="$(MSBuildThisFileDirectory)LUA\lutf8lib.c">
      <Filter>LUA</Filter>
    </ClCompile>
    <ClCompile Include="$(MSBuildThisFileDirectory)LUA\lvm.c">
      <Filter>LUA</Filter>
    </ClCompile>
    <ClCompile Include="$(MSBuildThisFileDirectory)LUA\lzio.c">
      <Filter>LUA</Filter>
    </ClCompile>
    <ClCompile Include="$(MSBuildThisFileDirectory)wiVersion.cpp">
      <Filter>ENGINE</Filter>
    </ClCompile>
    <ClCompile Include="$(MSBuildThisFileDirectory)wiApplication.cpp">
      <Filter>ENGINE\High level interface</Filter>
    </ClCompile>
    <ClCompile Include="$(MSBuildThisFileDirectory)wiApplication_BindLua.cpp">
      <Filter>ENGINE\Scripting\LuaBindings</Filter>
    </ClCompile>
    <ClCompile Include="$(MSBuildThisFileDirectory)wiSpriteAnim_BindLua.cpp">
      <Filter>ENGINE\Scripting\LuaBindings</Filter>
    </ClCompile>
    <ClCompile Include="$(MSBuildThisFileDirectory)wiTexture_BindLua.cpp">
      <Filter>ENGINE\Scripting\LuaBindings</Filter>
    </ClCompile>
    <ClCompile Include="$(MSBuildThisFileDirectory)wiMath_BindLua.cpp">
      <Filter>ENGINE\Scripting\LuaBindings</Filter>
    </ClCompile>
    <ClCompile Include="$(MSBuildThisFileDirectory)wiBacklog_BindLua.cpp">
      <Filter>ENGINE\Scripting\LuaBindings</Filter>
    </ClCompile>
    <ClCompile Include="$(MSBuildThisFileDirectory)wiNetwork_BindLua.cpp">
      <Filter>ENGINE\Scripting\LuaBindings</Filter>
    </ClCompile>
    <ClCompile Include="$(MSBuildThisFileDirectory)wiRenderer_BindLua.cpp">
      <Filter>ENGINE\Scripting\LuaBindings</Filter>
    </ClCompile>
    <ClCompile Include="$(MSBuildThisFileDirectory)wiSprite_BindLua.cpp">
      <Filter>ENGINE\Scripting\LuaBindings</Filter>
    </ClCompile>
    <ClCompile Include="$(MSBuildThisFileDirectory)wiImage.cpp">
      <Filter>ENGINE\Graphics</Filter>
    </ClCompile>
    <ClCompile Include="$(MSBuildThisFileDirectory)wiHairParticle.cpp">
      <Filter>ENGINE\Graphics</Filter>
    </ClCompile>
    <ClCompile Include="$(MSBuildThisFileDirectory)wiEmittedParticle.cpp">
      <Filter>ENGINE\Graphics</Filter>
    </ClCompile>
    <ClCompile Include="$(MSBuildThisFileDirectory)wiRenderer.cpp">
      <Filter>ENGINE\Graphics</Filter>
    </ClCompile>
    <ClCompile Include="$(MSBuildThisFileDirectory)wiSprite.cpp">
      <Filter>ENGINE\Graphics</Filter>
    </ClCompile>
    <ClCompile Include="$(MSBuildThisFileDirectory)wiFont.cpp">
      <Filter>ENGINE\Graphics</Filter>
    </ClCompile>
    <ClCompile Include="$(MSBuildThisFileDirectory)wiMath.cpp">
      <Filter>ENGINE\Helpers</Filter>
    </ClCompile>
    <ClCompile Include="$(MSBuildThisFileDirectory)wiRandom.cpp">
      <Filter>ENGINE\Helpers</Filter>
    </ClCompile>
    <ClCompile Include="$(MSBuildThisFileDirectory)wiTextureHelper.cpp">
      <Filter>ENGINE\Graphics</Filter>
    </ClCompile>
    <ClCompile Include="$(MSBuildThisFileDirectory)wiHelper.cpp">
      <Filter>ENGINE\Helpers</Filter>
    </ClCompile>
    <ClCompile Include="$(MSBuildThisFileDirectory)wiLua.cpp">
      <Filter>ENGINE\Scripting</Filter>
    </ClCompile>
    <ClCompile Include="$(MSBuildThisFileDirectory)wiResourceManager.cpp">
      <Filter>ENGINE\Helpers</Filter>
    </ClCompile>
    <ClCompile Include="$(MSBuildThisFileDirectory)wiFadeManager.cpp">
      <Filter>ENGINE\Helpers</Filter>
    </ClCompile>
    <ClCompile Include="$(MSBuildThisFileDirectory)wiXInput.cpp">
      <Filter>ENGINE\Input</Filter>
    </ClCompile>
    <ClCompile Include="$(MSBuildThisFileDirectory)wiRawInput.cpp">
      <Filter>ENGINE\Input</Filter>
    </ClCompile>
    <ClCompile Include="$(MSBuildThisFileDirectory)wiBacklog.cpp">
      <Filter>ENGINE\Tools</Filter>
    </ClCompile>
    <ClCompile Include="$(MSBuildThisFileDirectory)wiArchive.cpp">
      <Filter>ENGINE\Helpers</Filter>
    </ClCompile>
    <ClCompile Include="$(MSBuildThisFileDirectory)wiFFTGenerator.cpp">
      <Filter>ENGINE\Graphics</Filter>
    </ClCompile>
    <ClCompile Include="$(MSBuildThisFileDirectory)wiOcean.cpp">
      <Filter>ENGINE\Graphics</Filter>
    </ClCompile>
    <ClCompile Include="$(MSBuildThisFileDirectory)wiGraphicsDevice_DX12.cpp">
      <Filter>ENGINE\Graphics\API</Filter>
    </ClCompile>
    <ClCompile Include="$(MSBuildThisFileDirectory)wiGraphicsDevice_Vulkan.cpp">
      <Filter>ENGINE\Graphics\API</Filter>
    </ClCompile>
    <ClCompile Include="$(MSBuildThisFileDirectory)wiArguments.cpp">
      <Filter>ENGINE\Helpers</Filter>
    </ClCompile>
    <ClCompile Include="$(MSBuildThisFileDirectory)wiGPUSortLib.cpp">
      <Filter>ENGINE\Graphics</Filter>
    </ClCompile>
    <ClCompile Include="$(MSBuildThisFileDirectory)Utility\utility_common.cpp">
      <Filter>UTILITY</Filter>
    </ClCompile>
    <ClCompile Include="$(MSBuildThisFileDirectory)wiGPUBVH.cpp">
      <Filter>ENGINE\Graphics</Filter>
    </ClCompile>
    <ClCompile Include="$(MSBuildThisFileDirectory)wiRenderPath3D_BindLua.cpp">
      <Filter>ENGINE\Scripting\LuaBindings</Filter>
    </ClCompile>
    <ClCompile Include="$(MSBuildThisFileDirectory)wiRenderPath2D_BindLua.cpp">
      <Filter>ENGINE\Scripting\LuaBindings</Filter>
    </ClCompile>
    <ClCompile Include="$(MSBuildThisFileDirectory)wiRenderPath_BindLua.cpp">
      <Filter>ENGINE\Scripting\LuaBindings</Filter>
    </ClCompile>
    <ClCompile Include="$(MSBuildThisFileDirectory)wiLoadingScreen_BindLua.cpp">
      <Filter>ENGINE\Scripting\LuaBindings</Filter>
    </ClCompile>
    <ClCompile Include="$(MSBuildThisFileDirectory)wiRenderPath2D.cpp">
      <Filter>ENGINE\High level interface</Filter>
    </ClCompile>
    <ClCompile Include="$(MSBuildThisFileDirectory)wiRenderPath3D.cpp">
      <Filter>ENGINE\High level interface</Filter>
    </ClCompile>
    <ClCompile Include="$(MSBuildThisFileDirectory)wiRenderPath3D_PathTracing.cpp">
      <Filter>ENGINE\High level interface</Filter>
    </ClCompile>
    <ClCompile Include="$(MSBuildThisFileDirectory)wiLoadingScreen.cpp">
      <Filter>ENGINE\High level interface</Filter>
    </ClCompile>
    <ClCompile Include="$(MSBuildThisFileDirectory)wiJobSystem.cpp">
      <Filter>ENGINE\System</Filter>
    </ClCompile>
    <ClCompile Include="$(MSBuildThisFileDirectory)wiInitializer.cpp">
      <Filter>ENGINE\System</Filter>
    </ClCompile>
    <ClCompile Include="$(MSBuildThisFileDirectory)wiImageParams_BindLua.cpp">
      <Filter>ENGINE\Scripting\LuaBindings</Filter>
    </ClCompile>
    <ClCompile Include="$(MSBuildThisFileDirectory)wiPrimitive.cpp">
      <Filter>ENGINE\Helpers</Filter>
    </ClCompile>
    <ClCompile Include="$(MSBuildThisFileDirectory)wiPrimitive_BindLua.cpp">
      <Filter>ENGINE\Scripting\LuaBindings</Filter>
    </ClCompile>
    <ClCompile Include="$(MSBuildThisFileDirectory)wiAudio.cpp">
      <Filter>ENGINE\Audio</Filter>
    </ClCompile>
    <ClCompile Include="$(MSBuildThisFileDirectory)wiAudio_BindLua.cpp">
      <Filter>ENGINE\Scripting\LuaBindings</Filter>
    </ClCompile>
    <ClCompile Include="$(MSBuildThisFileDirectory)wiNetwork_Windows.cpp">
      <Filter>ENGINE\Network</Filter>
    </ClCompile>
    <ClCompile Include="$(MSBuildThisFileDirectory)wiInput.cpp">
      <Filter>ENGINE\Input</Filter>
    </ClCompile>
    <ClCompile Include="$(MSBuildThisFileDirectory)wiInput_BindLua.cpp">
      <Filter>ENGINE\Scripting\LuaBindings</Filter>
    </ClCompile>
    <ClCompile Include="$(MSBuildThisFileDirectory)wiScene.cpp">
      <Filter>ENGINE\System</Filter>
    </ClCompile>
    <ClCompile Include="$(MSBuildThisFileDirectory)wiScene_Serializers.cpp">
      <Filter>ENGINE\System</Filter>
    </ClCompile>
    <ClCompile Include="$(MSBuildThisFileDirectory)wiScene_BindLua.cpp">
      <Filter>ENGINE\Scripting\LuaBindings</Filter>
    </ClCompile>
    <ClCompile Include="$(MSBuildThisFileDirectory)wiProfiler.cpp">
      <Filter>ENGINE\Tools</Filter>
    </ClCompile>
    <ClCompile Include="$(MSBuildThisFileDirectory)wiSpriteFont.cpp">
      <Filter>ENGINE\Graphics</Filter>
    </ClCompile>
    <ClCompile Include="$(MSBuildThisFileDirectory)wiSpriteFont_BindLua.cpp">
      <Filter>ENGINE\Scripting\LuaBindings</Filter>
    </ClCompile>
    <ClCompile Include="$(MSBuildThisFileDirectory)wiNetwork_Linux.cpp">
      <Filter>ENGINE\Network</Filter>
    </ClCompile>
    <ClCompile Include="$(MSBuildThisFileDirectory)wiEventHandler.cpp">
      <Filter>ENGINE\System</Filter>
    </ClCompile>
    <ClCompile Include="$(MSBuildThisFileDirectory)wiSDLInput.cpp">
      <Filter>ENGINE\Input</Filter>
    </ClCompile>
    <ClCompile Include="$(MSBuildThisFileDirectory)Utility\stb_vorbis.c">
      <Filter>UTILITY</Filter>
    </ClCompile>
    <ClCompile Include="$(MSBuildThisFileDirectory)Utility\spirv_reflect.c">
      <Filter>UTILITY</Filter>
    </ClCompile>
    <ClCompile Include="$(MSBuildThisFileDirectory)wiShaderCompiler.cpp">
      <Filter>ENGINE\Graphics\API</Filter>
    </ClCompile>
    <ClCompile Include="$(MSBuildThisFileDirectory)Utility\samplerBlueNoiseErrorDistribution_128x128_OptimizedFor_2d2d2d2d_1spp.cpp">
      <Filter>UTILITY</Filter>
    </ClCompile>
    <ClCompile Include="$(MSBuildThisFileDirectory)wiGUI.cpp">
      <Filter>ENGINE\System</Filter>
    </ClCompile>
    <ClCompile Include="$(MSBuildThisFileDirectory)wiConfig.cpp">
      <Filter>ENGINE\Helpers</Filter>
    </ClCompile>
    <ClCompile Include="$(MSBuildThisFileDirectory)wiTerrain.cpp">
      <Filter>ENGINE\Graphics</Filter>
    </ClCompile>
    <ClCompile Include="$(MSBuildThisFileDirectory)wiScene_Components.cpp">
      <Filter>ENGINE\System</Filter>
    </ClCompile>
    <ClCompile Include="$(MSBuildThisFileDirectory)wiPhysics_BindLua.cpp">
      <Filter>ENGINE\Scripting\LuaBindings</Filter>
    </ClCompile>
    <ClCompile Include="$(MSBuildThisFileDirectory)wiLocalization.cpp">
      <Filter>ENGINE\Helpers</Filter>
    </ClCompile>
    <ClCompile Include="$(MSBuildThisFileDirectory)Utility\pugixml.cpp">
      <Filter>UTILITY</Filter>
    </ClCompile>
    <ClCompile Include="$(MSBuildThisFileDirectory)wiVideo.cpp">
      <Filter>ENGINE\Video</Filter>
    </ClCompile>
    <ClCompile Include="$(MSBuildThisFileDirectory)Utility\lodepng.cpp">
      <Filter>UTILITY</Filter>
    </ClCompile>
    <ClCompile Include="$(MSBuildThisFileDirectory)wiVoxelGrid.cpp">
      <Filter>ENGINE\Helpers</Filter>
    </ClCompile>
    <ClCompile Include="$(MSBuildThisFileDirectory)wiPathQuery.cpp">
      <Filter>ENGINE\Helpers</Filter>
    </ClCompile>
    <ClCompile Include="$(MSBuildThisFileDirectory)wiVoxelGrid_BindLua.cpp">
      <Filter>ENGINE\Scripting\LuaBindings</Filter>
    </ClCompile>
    <ClCompile Include="$(MSBuildThisFileDirectory)wiPathQuery_BindLua.cpp">
      <Filter>ENGINE\Scripting\LuaBindings</Filter>
    </ClCompile>
    <ClCompile Include="$(MSBuildThisFileDirectory)wiTrailRenderer.cpp">
      <Filter>ENGINE\Graphics</Filter>
    </ClCompile>
    <ClCompile Include="$(MSBuildThisFileDirectory)wiTrailRenderer_BindLua.cpp">
      <Filter>ENGINE\Scripting\LuaBindings</Filter>
    </ClCompile>
    <ClCompile Include="$(MSBuildThisFileDirectory)wiAsync_BindLua.cpp">
      <Filter>ENGINE\Scripting\LuaBindings</Filter>
    </ClCompile>
    <ClCompile Include="$(MSBuildThisFileDirectory)Jolt\AABBTree\AABBTreeBuilder.cpp">
      <Filter>JOLT</Filter>
    </ClCompile>
    <ClCompile Include="$(MSBuildThisFileDirectory)Jolt\Physics\Body\Body.cpp">
      <Filter>JOLT</Filter>
    </ClCompile>
    <ClCompile Include="$(MSBuildThisFileDirectory)Jolt\Physics\Body\BodyAccess.cpp">
      <Filter>JOLT</Filter>
    </ClCompile>
    <ClCompile Include="$(MSBuildThisFileDirectory)Jolt\Physics\Body\BodyCreationSettings.cpp">
      <Filter>JOLT</Filter>
    </ClCompile>
    <ClCompile Include="$(MSBuildThisFileDirectory)Jolt\Physics\Body\BodyInterface.cpp">
      <Filter>JOLT</Filter>
    </ClCompile>
    <ClCompile Include="$(MSBuildThisFileDirectory)Jolt\Physics\Body\BodyManager.cpp">
      <Filter>JOLT</Filter>
    </ClCompile>
    <ClCompile Include="$(MSBuildThisFileDirectory)Jolt\Physics\Collision\Shape\BoxShape.cpp">
      <Filter>JOLT</Filter>
    </ClCompile>
    <ClCompile Include="$(MSBuildThisFileDirectory)Jolt\Physics\Collision\BroadPhase\BroadPhase.cpp">
      <Filter>JOLT</Filter>
    </ClCompile>
    <ClCompile Include="$(MSBuildThisFileDirectory)Jolt\Physics\Collision\BroadPhase\BroadPhaseBruteForce.cpp">
      <Filter>JOLT</Filter>
    </ClCompile>
    <ClCompile Include="$(MSBuildThisFileDirectory)Jolt\Physics\Collision\BroadPhase\BroadPhaseQuadTree.cpp">
      <Filter>JOLT</Filter>
    </ClCompile>
    <ClCompile Include="$(MSBuildThisFileDirectory)Jolt\Physics\Collision\Shape\CapsuleShape.cpp">
      <Filter>JOLT</Filter>
    </ClCompile>
    <ClCompile Include="$(MSBuildThisFileDirectory)Jolt\Physics\Collision\CastConvexVsTriangles.cpp">
      <Filter>JOLT</Filter>
    </ClCompile>
    <ClCompile Include="$(MSBuildThisFileDirectory)Jolt\Physics\Collision\CastSphereVsTriangles.cpp">
      <Filter>JOLT</Filter>
    </ClCompile>
    <ClCompile Include="$(MSBuildThisFileDirectory)Jolt\Physics\Character\Character.cpp">
      <Filter>JOLT</Filter>
    </ClCompile>
    <ClCompile Include="$(MSBuildThisFileDirectory)Jolt\Physics\Character\CharacterBase.cpp">
      <Filter>JOLT</Filter>
    </ClCompile>
    <ClCompile Include="$(MSBuildThisFileDirectory)Jolt\Physics\Character\CharacterVirtual.cpp">
      <Filter>JOLT</Filter>
    </ClCompile>
    <ClCompile Include="$(MSBuildThisFileDirectory)Jolt\Physics\Collision\CollideConvexVsTriangles.cpp">
      <Filter>JOLT</Filter>
    </ClCompile>
    <ClCompile Include="$(MSBuildThisFileDirectory)Jolt\Physics\Collision\CollideSphereVsTriangles.cpp">
      <Filter>JOLT</Filter>
    </ClCompile>
    <ClCompile Include="$(MSBuildThisFileDirectory)Jolt\Physics\Collision\CollisionDispatch.cpp">
      <Filter>JOLT</Filter>
    </ClCompile>
    <ClCompile Include="$(MSBuildThisFileDirectory)Jolt\Physics\Collision\CollisionGroup.cpp">
      <Filter>JOLT</Filter>
    </ClCompile>
    <ClCompile Include="$(MSBuildThisFileDirectory)Jolt\Core\Color.cpp">
      <Filter>JOLT</Filter>
    </ClCompile>
    <ClCompile Include="$(MSBuildThisFileDirectory)Jolt\Physics\Collision\Shape\CompoundShape.cpp">
      <Filter>JOLT</Filter>
    </ClCompile>
    <ClCompile Include="$(MSBuildThisFileDirectory)Jolt\Physics\Constraints\ConeConstraint.cpp">
      <Filter>JOLT</Filter>
    </ClCompile>
    <ClCompile Include="$(MSBuildThisFileDirectory)Jolt\Physics\Constraints\Constraint.cpp">
      <Filter>JOLT</Filter>
    </ClCompile>
    <ClCompile Include="$(MSBuildThisFileDirectory)Jolt\Physics\Constraints\ConstraintManager.cpp">
      <Filter>JOLT</Filter>
    </ClCompile>
    <ClCompile Include="$(MSBuildThisFileDirectory)Jolt\Physics\Constraints\ContactConstraintManager.cpp">
      <Filter>JOLT</Filter>
    </ClCompile>
    <ClCompile Include="$(MSBuildThisFileDirectory)Jolt\Geometry\ConvexHullBuilder.cpp">
      <Filter>JOLT</Filter>
    </ClCompile>
    <ClCompile Include="$(MSBuildThisFileDirectory)Jolt\Geometry\ConvexHullBuilder2D.cpp">
      <Filter>JOLT</Filter>
    </ClCompile>
    <ClCompile Include="$(MSBuildThisFileDirectory)Jolt\Physics\Collision\Shape\ConvexHullShape.cpp">
      <Filter>JOLT</Filter>
    </ClCompile>
    <ClCompile Include="$(MSBuildThisFileDirectory)Jolt\Physics\Collision\Shape\ConvexShape.cpp">
      <Filter>JOLT</Filter>
    </ClCompile>
    <ClCompile Include="$(MSBuildThisFileDirectory)Jolt\Physics\Collision\Shape\CylinderShape.cpp">
      <Filter>JOLT</Filter>
    </ClCompile>
    <ClCompile Include="$(MSBuildThisFileDirectory)Jolt\Renderer\DebugRenderer.cpp">
      <Filter>JOLT</Filter>
    </ClCompile>
    <ClCompile Include="$(MSBuildThisFileDirectory)Jolt\Renderer\DebugRendererPlayback.cpp">
      <Filter>JOLT</Filter>
    </ClCompile>
    <ClCompile Include="$(MSBuildThisFileDirectory)Jolt\Renderer\DebugRendererRecorder.cpp">
      <Filter>JOLT</Filter>
    </ClCompile>
    <ClCompile Include="$(MSBuildThisFileDirectory)Jolt\Renderer\DebugRendererSimple.cpp">
      <Filter>JOLT</Filter>
    </ClCompile>
    <ClCompile Include="$(MSBuildThisFileDirectory)Jolt\Physics\Collision\Shape\DecoratedShape.cpp">
      <Filter>JOLT</Filter>
    </ClCompile>
    <ClCompile Include="$(MSBuildThisFileDirectory)Jolt\Physics\DeterminismLog.cpp">
      <Filter>JOLT</Filter>
    </ClCompile>
    <ClCompile Include="$(MSBuildThisFileDirectory)Jolt\Physics\Constraints\DistanceConstraint.cpp">
      <Filter>JOLT</Filter>
    </ClCompile>
    <ClCompile Include="$(MSBuildThisFileDirectory)Jolt\Physics\Collision\EstimateCollisionResponse.cpp">
      <Filter>JOLT</Filter>
    </ClCompile>
    <ClCompile Include="$(MSBuildThisFileDirectory)Jolt\Core\Factory.cpp">
      <Filter>JOLT</Filter>
    </ClCompile>
    <ClCompile Include="$(MSBuildThisFileDirectory)Jolt\Physics\Constraints\FixedConstraint.cpp">
      <Filter>JOLT</Filter>
    </ClCompile>
    <ClCompile Include="$(MSBuildThisFileDirectory)Jolt\Physics\Constraints\GearConstraint.cpp">
      <Filter>JOLT</Filter>
    </ClCompile>
    <ClCompile Include="$(MSBuildThisFileDirectory)Jolt\Physics\Collision\GroupFilter.cpp">
      <Filter>JOLT</Filter>
    </ClCompile>
    <ClCompile Include="$(MSBuildThisFileDirectory)Jolt\Physics\Collision\GroupFilterTable.cpp">
      <Filter>JOLT</Filter>
    </ClCompile>
    <ClCompile Include="$(MSBuildThisFileDirectory)Jolt\Physics\Collision\Shape\HeightFieldShape.cpp">
      <Filter>JOLT</Filter>
    </ClCompile>
    <ClCompile Include="$(MSBuildThisFileDirectory)Jolt\Physics\Constraints\HingeConstraint.cpp">
      <Filter>JOLT</Filter>
    </ClCompile>
    <ClCompile Include="$(MSBuildThisFileDirectory)Jolt\Geometry\Indexify.cpp">
      <Filter>JOLT</Filter>
    </ClCompile>
    <ClCompile Include="$(MSBuildThisFileDirectory)Jolt\Physics\IslandBuilder.cpp">
      <Filter>JOLT</Filter>
    </ClCompile>
    <ClCompile Include="$(MSBuildThisFileDirectory)Jolt\Core\IssueReporting.cpp">
      <Filter>JOLT</Filter>
    </ClCompile>
    <ClCompile Include="$(MSBuildThisFileDirectory)Jolt\Core\JobSystemSingleThreaded.cpp">
      <Filter>JOLT</Filter>
    </ClCompile>
    <ClCompile Include="$(MSBuildThisFileDirectory)Jolt\Core\JobSystemThreadPool.cpp">
      <Filter>JOLT</Filter>
    </ClCompile>
    <ClCompile Include="$(MSBuildThisFileDirectory)Jolt\Core\JobSystemWithBarrier.cpp">
      <Filter>JOLT</Filter>
    </ClCompile>
    <ClCompile Include="$(MSBuildThisFileDirectory)Jolt\Physics\LargeIslandSplitter.cpp">
      <Filter>JOLT</Filter>
    </ClCompile>
    <ClCompile Include="$(MSBuildThisFileDirectory)Jolt\Core\LinearCurve.cpp">
      <Filter>JOLT</Filter>
    </ClCompile>
    <ClCompile Include="$(MSBuildThisFileDirectory)Jolt\Physics\Collision\ManifoldBetweenTwoFaces.cpp">
      <Filter>JOLT</Filter>
    </ClCompile>
    <ClCompile Include="$(MSBuildThisFileDirectory)Jolt\Physics\Body\MassProperties.cpp">
      <Filter>JOLT</Filter>
    </ClCompile>
    <ClCompile Include="$(MSBuildThisFileDirectory)Jolt\Core\Memory.cpp">
      <Filter>JOLT</Filter>
    </ClCompile>
    <ClCompile Include="$(MSBuildThisFileDirectory)Jolt\Physics\Collision\Shape\MeshShape.cpp">
      <Filter>JOLT</Filter>
    </ClCompile>
    <ClCompile Include="$(MSBuildThisFileDirectory)Jolt\Physics\Body\MotionProperties.cpp">
      <Filter>JOLT</Filter>
    </ClCompile>
    <ClCompile Include="$(MSBuildThisFileDirectory)Jolt\Physics\Vehicle\MotorcycleController.cpp">
      <Filter>JOLT</Filter>
    </ClCompile>
    <ClCompile Include="$(MSBuildThisFileDirectory)Jolt\Physics\Constraints\MotorSettings.cpp">
      <Filter>JOLT</Filter>
    </ClCompile>
    <ClCompile Include="$(MSBuildThisFileDirectory)Jolt\Physics\Collision\Shape\MutableCompoundShape.cpp">
      <Filter>JOLT</Filter>
    </ClCompile>
    <ClCompile Include="$(MSBuildThisFileDirectory)Jolt\Physics\Collision\NarrowPhaseQuery.cpp">
      <Filter>JOLT</Filter>
    </ClCompile>
    <ClCompile Include="$(MSBuildThisFileDirectory)Jolt\Physics\Collision\NarrowPhaseStats.cpp">
      <Filter>JOLT</Filter>
    </ClCompile>
    <ClCompile Include="$(MSBuildThisFileDirectory)Jolt\ObjectStream\ObjectStream.cpp">
      <Filter>JOLT</Filter>
    </ClCompile>
    <ClCompile Include="$(MSBuildThisFileDirectory)Jolt\ObjectStream\ObjectStreamBinaryIn.cpp">
      <Filter>JOLT</Filter>
    </ClCompile>
    <ClCompile Include="$(MSBuildThisFileDirectory)Jolt\ObjectStream\ObjectStreamBinaryOut.cpp">
      <Filter>JOLT</Filter>
    </ClCompile>
    <ClCompile Include="$(MSBuildThisFileDirectory)Jolt\ObjectStream\ObjectStreamIn.cpp">
      <Filter>JOLT</Filter>
    </ClCompile>
    <ClCompile Include="$(MSBuildThisFileDirectory)Jolt\ObjectStream\ObjectStreamOut.cpp">
      <Filter>JOLT</Filter>
    </ClCompile>
    <ClCompile Include="$(MSBuildThisFileDirectory)Jolt\ObjectStream\ObjectStreamTextIn.cpp">
      <Filter>JOLT</Filter>
    </ClCompile>
    <ClCompile Include="$(MSBuildThisFileDirectory)Jolt\ObjectStream\ObjectStreamTextOut.cpp">
      <Filter>JOLT</Filter>
    </ClCompile>
    <ClCompile Include="$(MSBuildThisFileDirectory)Jolt\Physics\Collision\Shape\OffsetCenterOfMassShape.cpp">
      <Filter>JOLT</Filter>
    </ClCompile>
    <ClCompile Include="$(MSBuildThisFileDirectory)Jolt\Geometry\OrientedBox.cpp">
      <Filter>JOLT</Filter>
    </ClCompile>
    <ClCompile Include="$(MSBuildThisFileDirectory)Jolt\Physics\Constraints\PathConstraint.cpp">
      <Filter>JOLT</Filter>
    </ClCompile>
    <ClCompile Include="$(MSBuildThisFileDirectory)Jolt\Physics\Constraints\PathConstraintPath.cpp">
      <Filter>JOLT</Filter>
    </ClCompile>
    <ClCompile Include="$(MSBuildThisFileDirectory)Jolt\Physics\Constraints\PathConstraintPathHermite.cpp">
      <Filter>JOLT</Filter>
    </ClCompile>
    <ClCompile Include="$(MSBuildThisFileDirectory)Jolt\Physics\PhysicsLock.cpp">
      <Filter>JOLT</Filter>
    </ClCompile>
    <ClCompile Include="$(MSBuildThisFileDirectory)Jolt\Physics\Collision\PhysicsMaterial.cpp">
      <Filter>JOLT</Filter>
    </ClCompile>
    <ClCompile Include="$(MSBuildThisFileDirectory)Jolt\Physics\Collision\PhysicsMaterialSimple.cpp">
      <Filter>JOLT</Filter>
    </ClCompile>
    <ClCompile Include="$(MSBuildThisFileDirectory)Jolt\Physics\PhysicsScene.cpp">
      <Filter>JOLT</Filter>
    </ClCompile>
    <ClCompile Include="$(MSBuildThisFileDirectory)Jolt\Physics\PhysicsSystem.cpp">
      <Filter>JOLT</Filter>
    </ClCompile>
    <ClCompile Include="$(MSBuildThisFileDirectory)Jolt\Physics\PhysicsUpdateContext.cpp">
      <Filter>JOLT</Filter>
    </ClCompile>
    <ClCompile Include="$(MSBuildThisFileDirectory)Jolt\Physics\Constraints\PointConstraint.cpp">
      <Filter>JOLT</Filter>
    </ClCompile>
    <ClCompile Include="$(MSBuildThisFileDirectory)Jolt\Core\Profiler.cpp">
      <Filter>JOLT</Filter>
    </ClCompile>
    <ClCompile Include="$(MSBuildThisFileDirectory)Jolt\Physics\Constraints\PulleyConstraint.cpp">
      <Filter>JOLT</Filter>
    </ClCompile>
    <ClCompile Include="$(MSBuildThisFileDirectory)Jolt\Physics\Collision\BroadPhase\QuadTree.cpp">
      <Filter>JOLT</Filter>
    </ClCompile>
    <ClCompile Include="$(MSBuildThisFileDirectory)Jolt\Physics\Constraints\RackAndPinionConstraint.cpp">
      <Filter>JOLT</Filter>
    </ClCompile>
    <ClCompile Include="$(MSBuildThisFileDirectory)Jolt\Physics\Ragdoll\Ragdoll.cpp">
      <Filter>JOLT</Filter>
    </ClCompile>
    <ClCompile Include="$(MSBuildThisFileDirectory)Jolt\RegisterTypes.cpp">
      <Filter>JOLT</Filter>
    </ClCompile>
    <ClCompile Include="$(MSBuildThisFileDirectory)Jolt\Physics\Collision\Shape\RotatedTranslatedShape.cpp">
      <Filter>JOLT</Filter>
    </ClCompile>
    <ClCompile Include="$(MSBuildThisFileDirectory)Jolt\Core\RTTI.cpp">
      <Filter>JOLT</Filter>
    </ClCompile>
    <ClCompile Include="$(MSBuildThisFileDirectory)Jolt\Physics\Collision\Shape\ScaledShape.cpp">
      <Filter>JOLT</Filter>
    </ClCompile>
    <ClCompile Include="$(MSBuildThisFileDirectory)Jolt\Core\Semaphore.cpp">
      <Filter>JOLT</Filter>
    </ClCompile>
    <ClCompile Include="$(MSBuildThisFileDirectory)Jolt\ObjectStream\SerializableObject.cpp">
      <Filter>JOLT</Filter>
    </ClCompile>
    <ClCompile Include="$(MSBuildThisFileDirectory)Jolt\Physics\Collision\Shape\Shape.cpp">
      <Filter>JOLT</Filter>
    </ClCompile>
    <ClCompile Include="$(MSBuildThisFileDirectory)Jolt\Physics\Constraints\SixDOFConstraint.cpp">
      <Filter>JOLT</Filter>
    </ClCompile>
    <ClCompile Include="$(MSBuildThisFileDirectory)Jolt\Skeleton\SkeletalAnimation.cpp">
      <Filter>JOLT</Filter>
    </ClCompile>
    <ClCompile Include="$(MSBuildThisFileDirectory)Jolt\Skeleton\Skeleton.cpp">
      <Filter>JOLT</Filter>
    </ClCompile>
    <ClCompile Include="$(MSBuildThisFileDirectory)Jolt\Skeleton\SkeletonMapper.cpp">
      <Filter>JOLT</Filter>
    </ClCompile>
    <ClCompile Include="$(MSBuildThisFileDirectory)Jolt\Skeleton\SkeletonPose.cpp">
      <Filter>JOLT</Filter>
    </ClCompile>
    <ClCompile Include="$(MSBuildThisFileDirectory)Jolt\Physics\Constraints\SliderConstraint.cpp">
      <Filter>JOLT</Filter>
    </ClCompile>
    <ClCompile Include="$(MSBuildThisFileDirectory)Jolt\Physics\SoftBody\SoftBodyCreationSettings.cpp">
      <Filter>JOLT</Filter>
    </ClCompile>
    <ClCompile Include="$(MSBuildThisFileDirectory)Jolt\Physics\SoftBody\SoftBodyMotionProperties.cpp">
      <Filter>JOLT</Filter>
    </ClCompile>
    <ClCompile Include="$(MSBuildThisFileDirectory)Jolt\Physics\SoftBody\SoftBodyShape.cpp">
      <Filter>JOLT</Filter>
    </ClCompile>
    <ClCompile Include="$(MSBuildThisFileDirectory)Jolt\Physics\SoftBody\SoftBodySharedSettings.cpp">
      <Filter>JOLT</Filter>
    </ClCompile>
    <ClCompile Include="$(MSBuildThisFileDirectory)Jolt\Physics\Collision\Shape\SphereShape.cpp">
      <Filter>JOLT</Filter>
    </ClCompile>
    <ClCompile Include="$(MSBuildThisFileDirectory)Jolt\Physics\Constraints\SpringSettings.cpp">
      <Filter>JOLT</Filter>
    </ClCompile>
    <ClCompile Include="$(MSBuildThisFileDirectory)Jolt\Physics\StateRecorderImpl.cpp">
      <Filter>JOLT</Filter>
    </ClCompile>
    <ClCompile Include="$(MSBuildThisFileDirectory)Jolt\Physics\Collision\Shape\StaticCompoundShape.cpp">
      <Filter>JOLT</Filter>
    </ClCompile>
    <ClCompile Include="$(MSBuildThisFileDirectory)Jolt\Core\StringTools.cpp">
      <Filter>JOLT</Filter>
    </ClCompile>
    <ClCompile Include="$(MSBuildThisFileDirectory)Jolt\Physics\Constraints\SwingTwistConstraint.cpp">
      <Filter>JOLT</Filter>
    </ClCompile>
    <ClCompile Include="$(MSBuildThisFileDirectory)Jolt\Physics\Collision\Shape\TaperedCapsuleShape.cpp">
      <Filter>JOLT</Filter>
    </ClCompile>
    <ClCompile Include="$(MSBuildThisFileDirectory)Jolt\Core\TickCounter.cpp">
      <Filter>JOLT</Filter>
    </ClCompile>
    <ClCompile Include="$(MSBuildThisFileDirectory)Jolt\Physics\Vehicle\TrackedVehicleController.cpp">
      <Filter>JOLT</Filter>
    </ClCompile>
    <ClCompile Include="$(MSBuildThisFileDirectory)Jolt\Physics\Collision\TransformedShape.cpp">
      <Filter>JOLT</Filter>
    </ClCompile>
    <ClCompile Include="$(MSBuildThisFileDirectory)Jolt\TriangleGrouper\TriangleGrouperClosestCentroid.cpp">
      <Filter>JOLT</Filter>
    </ClCompile>
    <ClCompile Include="$(MSBuildThisFileDirectory)Jolt\TriangleGrouper\TriangleGrouperMorton.cpp">
      <Filter>JOLT</Filter>
    </ClCompile>
    <ClCompile Include="$(MSBuildThisFileDirectory)Jolt\Physics\Collision\Shape\TriangleShape.cpp">
      <Filter>JOLT</Filter>
    </ClCompile>
    <ClCompile Include="$(MSBuildThisFileDirectory)Jolt\TriangleSplitter\TriangleSplitter.cpp">
      <Filter>JOLT</Filter>
    </ClCompile>
    <ClCompile Include="$(MSBuildThisFileDirectory)Jolt\TriangleSplitter\TriangleSplitterBinning.cpp">
      <Filter>JOLT</Filter>
    </ClCompile>
    <ClCompile Include="$(MSBuildThisFileDirectory)Jolt\TriangleSplitter\TriangleSplitterFixedLeafSize.cpp">
      <Filter>JOLT</Filter>
    </ClCompile>
    <ClCompile Include="$(MSBuildThisFileDirectory)Jolt\TriangleSplitter\TriangleSplitterLongestAxis.cpp">
      <Filter>JOLT</Filter>
    </ClCompile>
    <ClCompile Include="$(MSBuildThisFileDirectory)Jolt\TriangleSplitter\TriangleSplitterMean.cpp">
      <Filter>JOLT</Filter>
    </ClCompile>
    <ClCompile Include="$(MSBuildThisFileDirectory)Jolt\TriangleSplitter\TriangleSplitterMorton.cpp">
      <Filter>JOLT</Filter>
    </ClCompile>
    <ClCompile Include="$(MSBuildThisFileDirectory)Jolt\Physics\Constraints\TwoBodyConstraint.cpp">
      <Filter>JOLT</Filter>
    </ClCompile>
    <ClCompile Include="$(MSBuildThisFileDirectory)Jolt\ObjectStream\TypeDeclarations.cpp">
      <Filter>JOLT</Filter>
    </ClCompile>
    <ClCompile Include="$(MSBuildThisFileDirectory)Jolt\Math\Vec3.cpp">
      <Filter>JOLT</Filter>
    </ClCompile>
    <ClCompile Include="$(MSBuildThisFileDirectory)Jolt\Physics\Vehicle\VehicleAntiRollBar.cpp">
      <Filter>JOLT</Filter>
    </ClCompile>
    <ClCompile Include="$(MSBuildThisFileDirectory)Jolt\Physics\Vehicle\VehicleCollisionTester.cpp">
      <Filter>JOLT</Filter>
    </ClCompile>
    <ClCompile Include="$(MSBuildThisFileDirectory)Jolt\Physics\Vehicle\VehicleConstraint.cpp">
      <Filter>JOLT</Filter>
    </ClCompile>
    <ClCompile Include="$(MSBuildThisFileDirectory)Jolt\Physics\Vehicle\VehicleController.cpp">
      <Filter>JOLT</Filter>
    </ClCompile>
    <ClCompile Include="$(MSBuildThisFileDirectory)Jolt\Physics\Vehicle\VehicleDifferential.cpp">
      <Filter>JOLT</Filter>
    </ClCompile>
    <ClCompile Include="$(MSBuildThisFileDirectory)Jolt\Physics\Vehicle\VehicleEngine.cpp">
      <Filter>JOLT</Filter>
    </ClCompile>
    <ClCompile Include="$(MSBuildThisFileDirectory)Jolt\Physics\Vehicle\VehicleTrack.cpp">
      <Filter>JOLT</Filter>
    </ClCompile>
    <ClCompile Include="$(MSBuildThisFileDirectory)Jolt\Physics\Vehicle\VehicleTransmission.cpp">
      <Filter>JOLT</Filter>
    </ClCompile>
    <ClCompile Include="$(MSBuildThisFileDirectory)Jolt\Physics\Vehicle\Wheel.cpp">
      <Filter>JOLT</Filter>
    </ClCompile>
    <ClCompile Include="$(MSBuildThisFileDirectory)Jolt\Physics\Vehicle\WheeledVehicleController.cpp">
      <Filter>JOLT</Filter>
    </ClCompile>
    <ClCompile Include="$(MSBuildThisFileDirectory)wiPhysics_Jolt.cpp">
      <Filter>ENGINE\Physics</Filter>
    </ClCompile>
    <ClCompile Include="$(MSBuildThisFileDirectory)Utility\meshoptimizer\allocator.cpp">
      <Filter>UTILITY\meshoptimizer</Filter>
    </ClCompile>
    <ClCompile Include="$(MSBuildThisFileDirectory)Utility\meshoptimizer\clusterizer.cpp">
      <Filter>UTILITY\meshoptimizer</Filter>
    </ClCompile>
    <ClCompile Include="$(MSBuildThisFileDirectory)Utility\meshoptimizer\indexcodec.cpp">
      <Filter>UTILITY\meshoptimizer</Filter>
    </ClCompile>
    <ClCompile Include="$(MSBuildThisFileDirectory)Utility\meshoptimizer\indexgenerator.cpp">
      <Filter>UTILITY\meshoptimizer</Filter>
    </ClCompile>
    <ClCompile Include="$(MSBuildThisFileDirectory)Utility\meshoptimizer\overdrawanalyzer.cpp">
      <Filter>UTILITY\meshoptimizer</Filter>
    </ClCompile>
    <ClCompile Include="$(MSBuildThisFileDirectory)Utility\meshoptimizer\overdrawoptimizer.cpp">
      <Filter>UTILITY\meshoptimizer</Filter>
    </ClCompile>
    <ClCompile Include="$(MSBuildThisFileDirectory)Utility\meshoptimizer\quantization.cpp">
      <Filter>UTILITY\meshoptimizer</Filter>
    </ClCompile>
    <ClCompile Include="$(MSBuildThisFileDirectory)Utility\meshoptimizer\simplifier.cpp">
      <Filter>UTILITY\meshoptimizer</Filter>
    </ClCompile>
    <ClCompile Include="$(MSBuildThisFileDirectory)Utility\meshoptimizer\spatialorder.cpp">
      <Filter>UTILITY\meshoptimizer</Filter>
    </ClCompile>
    <ClCompile Include="$(MSBuildThisFileDirectory)Utility\meshoptimizer\stripifier.cpp">
      <Filter>UTILITY\meshoptimizer</Filter>
    </ClCompile>
    <ClCompile Include="$(MSBuildThisFileDirectory)Utility\meshoptimizer\vcacheanalyzer.cpp">
      <Filter>UTILITY\meshoptimizer</Filter>
    </ClCompile>
    <ClCompile Include="$(MSBuildThisFileDirectory)Utility\meshoptimizer\vcacheoptimizer.cpp">
      <Filter>UTILITY\meshoptimizer</Filter>
    </ClCompile>
    <ClCompile Include="$(MSBuildThisFileDirectory)Utility\meshoptimizer\vertexcodec.cpp">
      <Filter>UTILITY\meshoptimizer</Filter>
    </ClCompile>
    <ClCompile Include="$(MSBuildThisFileDirectory)Utility\meshoptimizer\vertexfilter.cpp">
      <Filter>UTILITY\meshoptimizer</Filter>
    </ClCompile>
    <ClCompile Include="$(MSBuildThisFileDirectory)Utility\meshoptimizer\vfetchanalyzer.cpp">
      <Filter>UTILITY\meshoptimizer</Filter>
    </ClCompile>
    <ClCompile Include="$(MSBuildThisFileDirectory)Utility\meshoptimizer\vfetchoptimizer.cpp">
      <Filter>UTILITY\meshoptimizer</Filter>
    </ClCompile>
  </ItemGroup>
  <ItemGroup>
    <None Include="$(MSBuildThisFileDirectory)Utility\DirectXCollision.inl">
      <Filter>UTILITY</Filter>
    </None>
    <None Include="$(MSBuildThisFileDirectory)Utility\DirectXMathConvert.inl">
      <Filter>UTILITY</Filter>
    </None>
    <None Include="$(MSBuildThisFileDirectory)Utility\DirectXMathMatrix.inl">
      <Filter>UTILITY</Filter>
    </None>
    <None Include="$(MSBuildThisFileDirectory)Utility\DirectXMathMisc.inl">
      <Filter>UTILITY</Filter>
    </None>
    <None Include="$(MSBuildThisFileDirectory)Utility\DirectXMathVector.inl">
      <Filter>UTILITY</Filter>
    </None>
    <None Include="$(MSBuildThisFileDirectory)Utility\DirectXPackedVector.inl">
      <Filter>UTILITY</Filter>
    </None>
    <None Include="$(MSBuildThisFileDirectory)Jolt\Physics\Body\Body.inl">
      <Filter>JOLT</Filter>
    </None>
    <None Include="$(MSBuildThisFileDirectory)Jolt\Math\DMat44.inl">
      <Filter>JOLT</Filter>
    </None>
    <None Include="$(MSBuildThisFileDirectory)Jolt\Math\DVec3.inl">
      <Filter>JOLT</Filter>
    </None>
    <None Include="$(MSBuildThisFileDirectory)Jolt\Core\FixedSizeFreeList.inl">
      <Filter>JOLT</Filter>
    </None>
    <None Include="$(MSBuildThisFileDirectory)Jolt\Core\JobSystem.inl">
      <Filter>JOLT</Filter>
    </None>
    <None Include="$(MSBuildThisFileDirectory)Jolt\Core\LockFreeHashMap.inl">
      <Filter>JOLT</Filter>
    </None>
    <None Include="$(MSBuildThisFileDirectory)Jolt\Math\Mat44.inl">
      <Filter>JOLT</Filter>
    </None>
    <None Include="$(MSBuildThisFileDirectory)Jolt\Physics\Body\MotionProperties.inl">
      <Filter>JOLT</Filter>
    </None>
    <None Include="$(MSBuildThisFileDirectory)Jolt\Core\Profiler.inl">
      <Filter>JOLT</Filter>
    </None>
    <None Include="$(MSBuildThisFileDirectory)Jolt\Math\Quat.inl">
      <Filter>JOLT</Filter>
    </None>
    <None Include="$(MSBuildThisFileDirectory)Jolt\Math\UVec4.inl">
      <Filter>JOLT</Filter>
    </None>
    <None Include="$(MSBuildThisFileDirectory)Jolt\Math\UVec8.inl">
      <Filter>JOLT</Filter>
    </None>
    <None Include="$(MSBuildThisFileDirectory)Jolt\Math\Vec3.inl">
      <Filter>JOLT</Filter>
    </None>
    <None Include="$(MSBuildThisFileDirectory)Jolt\Math\Vec4.inl">
      <Filter>JOLT</Filter>
    </None>
    <None Include="$(MSBuildThisFileDirectory)Jolt\Math\Vec8.inl">
      <Filter>JOLT</Filter>
    </None>
  </ItemGroup>
  <ItemGroup>
    <Text Include="$(MSBuildThisFileDirectory)ArchiveVersionHistory.txt" />
    <Text Include="$(MSBuildThisFileDirectory)Utility\meshoptimizer\CMakeLists.txt">
      <Filter>UTILITY\meshoptimizer</Filter>
    </Text>
  </ItemGroup>
</Project>