<?xml version="1.0" encoding="utf-8"?>
<Project ToolsVersion="4.0" xmlns="http://schemas.microsoft.com/developer/msbuild/2003">
  <ItemGroup>
    <None Include="circle.hlsli">
      <Filter>HF</Filter>
    </None>
    <None Include="cone.hlsli">
      <Filter>HF</Filter>
    </None>
    <None Include="cube.hlsli">
      <Filter>HF</Filter>
    </None>
    <None Include="depthConvertHF.hlsli">
      <Filter>HF</Filter>
    </None>
    <None Include="ditherHF.hlsli">
      <Filter>HF</Filter>
    </None>
    <None Include="envMapHF.hlsli">
      <Filter>HF</Filter>
    </None>
    <None Include="fogHF.hlsli">
      <Filter>HF</Filter>
    </None>
    <None Include="fullScreenTriangleHF.hlsli">
      <Filter>HF</Filter>
    </None>
    <None Include="fxaa.hlsli">
      <Filter>HF</Filter>
    </None>
    <None Include="globals.hlsli">
      <Filter>HF</Filter>
    </None>
    <None Include="icosphere.hlsli">
      <Filter>HF</Filter>
    </None>
    <None Include="normalsCompressHF.hlsli">
      <Filter>HF</Filter>
    </None>
    <None Include="objectHF.hlsli">
      <Filter>HF</Filter>
    </None>
    <None Include="objectInputLayoutHF.hlsli">
      <Filter>HF</Filter>
    </None>
    <None Include="packHF.hlsli">
      <Filter>HF</Filter>
    </None>
    <None Include="postProcessHF.hlsli">
      <Filter>HF</Filter>
    </None>
    <None Include="quad.hlsli">
      <Filter>HF</Filter>
    </None>
    <None Include="reconstructPositionHF.hlsli">
      <Filter>HF</Filter>
    </None>
    <None Include="skyHF.hlsli">
      <Filter>HF</Filter>
    </None>
    <None Include="sOHF.hlsli">
      <Filter>HF</Filter>
    </None>
    <None Include="tangentComputeHF.hlsli">
      <Filter>HF</Filter>
    </None>
    <None Include="volumeLightHF.hlsli">
      <Filter>HF</Filter>
    </None>
    <None Include="imageHF.hlsli">
      <Filter>HF</Filter>
    </None>
    <None Include="brdf.hlsli">
      <Filter>HF</Filter>
    </None>
    <None Include="uvsphere.hlsli">
      <Filter>HF</Filter>
    </None>
    <None Include="cullingShaderHF.hlsli">
      <Filter>HF</Filter>
    </None>
    <None Include="lightingHF.hlsli">
      <Filter>HF</Filter>
    </None>
    <None Include="deferredLightHF.hlsli">
      <Filter>HF</Filter>
    </None>
    <None Include="cylinder.hlsli">
      <Filter>HF</Filter>
    </None>
    <None Include="voxelHF.hlsli">
      <Filter>HF</Filter>
    </None>
    <None Include="voxelConeTracingHF.hlsli">
      <Filter>HF</Filter>
    </None>
    <None Include="tonemapHF.hlsli">
      <Filter>HF</Filter>
    </None>
    <None Include="bitonicSortHF.hlsli">
      <Filter>HF</Filter>
    </None>
    <None Include="emittedparticleHF.hlsli">
      <Filter>HF</Filter>
    </None>
    <None Include="hairparticleHF.hlsli">
      <Filter>HF</Filter>
    </None>
    <None Include="oceanSurfaceHF.hlsli">
      <Filter>HF</Filter>
    </None>
    <None Include="tracedRenderingHF.hlsli">
      <Filter>HF</Filter>
    </None>
    <None Include="impostorHF.hlsli">
      <Filter>HF</Filter>
    </None>
    <None Include="raySceneIntersectHF.hlsli">
      <Filter>HF</Filter>
    </None>
  </ItemGroup>
  <ItemGroup>
    <FxCompile Include="objectHS.hlsl">
      <Filter>HS</Filter>
    </FxCompile>
    <FxCompile Include="objectDS.hlsl">
      <Filter>DS</Filter>
    </FxCompile>
    <FxCompile Include="luminancePass1CS.hlsl">
      <Filter>CS</Filter>
    </FxCompile>
    <FxCompile Include="luminancePass2CS.hlsl">
      <Filter>CS</Filter>
    </FxCompile>
    <FxCompile Include="circleGS.hlsl">
      <Filter>GS</Filter>
    </FxCompile>
    <FxCompile Include="cubeShadowGS.hlsl">
      <Filter>GS</Filter>
    </FxCompile>
    <FxCompile Include="envMap_skyGS.hlsl">
      <Filter>GS</Filter>
    </FxCompile>
    <FxCompile Include="envMapGS.hlsl">
      <Filter>GS</Filter>
    </FxCompile>
    <FxCompile Include="lensFlareGS.hlsl">
      <Filter>GS</Filter>
    </FxCompile>
    <FxCompile Include="bloomSeparatePS.hlsl">
      <Filter>PS</Filter>
    </FxCompile>
    <FxCompile Include="circlePS.hlsl">
      <Filter>PS</Filter>
    </FxCompile>
    <FxCompile Include="colorGradePS.hlsl">
      <Filter>PS</Filter>
    </FxCompile>
    <FxCompile Include="cubeShadowPS.hlsl">
      <Filter>PS</Filter>
    </FxCompile>
    <FxCompile Include="decalPS.hlsl">
      <Filter>PS</Filter>
    </FxCompile>
    <FxCompile Include="deferredPS.hlsl">
      <Filter>PS</Filter>
    </FxCompile>
    <FxCompile Include="depthofFieldPS.hlsl">
      <Filter>PS</Filter>
    </FxCompile>
    <FxCompile Include="dirLightPS.hlsl">
      <Filter>PS</Filter>
    </FxCompile>
    <FxCompile Include="envMapPS.hlsl">
      <Filter>PS</Filter>
    </FxCompile>
    <FxCompile Include="fontPS.hlsl">
      <Filter>PS</Filter>
    </FxCompile>
    <FxCompile Include="imagePS.hlsl">
      <Filter>PS</Filter>
    </FxCompile>
    <FxCompile Include="lensFlarePS.hlsl">
      <Filter>PS</Filter>
    </FxCompile>
    <FxCompile Include="lightShaftPS.hlsl">
      <Filter>PS</Filter>
    </FxCompile>
    <FxCompile Include="linDepthPS.hlsl">
      <Filter>PS</Filter>
    </FxCompile>
    <FxCompile Include="linesPS.hlsl">
      <Filter>PS</Filter>
    </FxCompile>
    <FxCompile Include="motionBlurPS.hlsl">
      <Filter>PS</Filter>
    </FxCompile>
    <FxCompile Include="objectPS_blackout.hlsl">
      <Filter>PS</Filter>
    </FxCompile>
    <FxCompile Include="objectPS_simplest.hlsl">
      <Filter>PS</Filter>
    </FxCompile>
    <FxCompile Include="objectPS_textureonly.hlsl">
      <Filter>PS</Filter>
    </FxCompile>
    <FxCompile Include="outlinePS.hlsl">
      <Filter>PS</Filter>
    </FxCompile>
    <FxCompile Include="pointLightPS.hlsl">
      <Filter>PS</Filter>
    </FxCompile>
    <FxCompile Include="screenPS.hlsl">
      <Filter>PS</Filter>
    </FxCompile>
    <FxCompile Include="spotLightPS.hlsl">
      <Filter>PS</Filter>
    </FxCompile>
    <FxCompile Include="ssao.hlsl">
      <Filter>PS</Filter>
    </FxCompile>
    <FxCompile Include="ssr.hlsl">
      <Filter>PS</Filter>
    </FxCompile>
    <FxCompile Include="ssss.hlsl">
      <Filter>PS</Filter>
    </FxCompile>
    <FxCompile Include="stereogramPS.hlsl">
      <Filter>PS</Filter>
    </FxCompile>
    <FxCompile Include="sunPS.hlsl">
      <Filter>PS</Filter>
    </FxCompile>
    <FxCompile Include="toneMapPS.hlsl">
      <Filter>PS</Filter>
    </FxCompile>
    <FxCompile Include="trailPS.hlsl">
      <Filter>PS</Filter>
    </FxCompile>
    <FxCompile Include="fxaa.hlsl">
      <Filter>PS</Filter>
    </FxCompile>
    <FxCompile Include="waterVS.hlsl">
      <Filter>VS</Filter>
    </FxCompile>
    <FxCompile Include="circleVS.hlsl">
      <Filter>VS</Filter>
    </FxCompile>
    <FxCompile Include="decalVS.hlsl">
      <Filter>VS</Filter>
    </FxCompile>
    <FxCompile Include="dirLightVS.hlsl">
      <Filter>VS</Filter>
    </FxCompile>
    <FxCompile Include="envMap_skyVS.hlsl">
      <Filter>VS</Filter>
    </FxCompile>
    <FxCompile Include="envMapVS.hlsl">
      <Filter>VS</Filter>
    </FxCompile>
    <FxCompile Include="fontVS.hlsl">
      <Filter>VS</Filter>
    </FxCompile>
    <FxCompile Include="imageVS.hlsl">
      <Filter>VS</Filter>
    </FxCompile>
    <FxCompile Include="lensFlareVS.hlsl">
      <Filter>VS</Filter>
    </FxCompile>
    <FxCompile Include="linesVS.hlsl">
      <Filter>VS</Filter>
    </FxCompile>
    <FxCompile Include="pointLightVS.hlsl">
      <Filter>VS</Filter>
    </FxCompile>
    <FxCompile Include="screenVS.hlsl">
      <Filter>VS</Filter>
    </FxCompile>
    <FxCompile Include="shadowVS.hlsl">
      <Filter>VS</Filter>
    </FxCompile>
    <FxCompile Include="skyVS.hlsl">
      <Filter>VS</Filter>
    </FxCompile>
    <FxCompile Include="spotLightVS.hlsl">
      <Filter>VS</Filter>
    </FxCompile>
    <FxCompile Include="trailVS.hlsl">
      <Filter>VS</Filter>
    </FxCompile>
    <FxCompile Include="vPointLightVS.hlsl">
      <Filter>VS</Filter>
    </FxCompile>
    <FxCompile Include="vSpotLightVS.hlsl">
      <Filter>VS</Filter>
    </FxCompile>
    <FxCompile Include="objectPS_deferred.hlsl">
      <Filter>PS</Filter>
    </FxCompile>
    <FxCompile Include="objectPS_deferred_normalmap.hlsl">
      <Filter>PS</Filter>
    </FxCompile>
    <FxCompile Include="cubeMapPS.hlsl">
      <Filter>PS</Filter>
    </FxCompile>
    <FxCompile Include="sphereVS.hlsl">
      <Filter>VS</Filter>
    </FxCompile>
    <FxCompile Include="environmentalLightPS.hlsl">
      <Filter>PS</Filter>
    </FxCompile>
    <FxCompile Include="objectPS_deferred_normalmap_pom.hlsl">
      <Filter>PS</Filter>
    </FxCompile>
    <FxCompile Include="objectPS_deferred_pom.hlsl">
      <Filter>PS</Filter>
    </FxCompile>
    <FxCompile Include="lightCullingCS.hlsl">
      <Filter>CS</Filter>
    </FxCompile>
    <FxCompile Include="tileFrustumsCS.hlsl">
      <Filter>CS</Filter>
    </FxCompile>
    <FxCompile Include="objectPS_tiledforward.hlsl">
      <Filter>PS</Filter>
    </FxCompile>
    <FxCompile Include="objectPS_tiledforward_normalmap.hlsl">
      <Filter>PS</Filter>
    </FxCompile>
    <FxCompile Include="objectPS_tiledforward_normalmap_planarreflection.hlsl">
      <Filter>PS</Filter>
    </FxCompile>
    <FxCompile Include="objectPS_tiledforward_normalmap_pom.hlsl">
      <Filter>PS</Filter>
    </FxCompile>
    <FxCompile Include="objectPS_tiledforward_pom.hlsl">
      <Filter>PS</Filter>
    </FxCompile>
    <FxCompile Include="objectPS_tiledforward_transparent.hlsl">
      <Filter>PS</Filter>
    </FxCompile>
    <FxCompile Include="objectPS_tiledforward_transparent_normalmap.hlsl">
      <Filter>PS</Filter>
    </FxCompile>
    <FxCompile Include="objectPS_tiledforward_transparent_normalmap_planarreflection.hlsl">
      <Filter>PS</Filter>
    </FxCompile>
    <FxCompile Include="objectPS_tiledforward_transparent_normalmap_pom.hlsl">
      <Filter>PS</Filter>
    </FxCompile>
    <FxCompile Include="objectPS_tiledforward_transparent_planarreflection.hlsl">
      <Filter>PS</Filter>
    </FxCompile>
    <FxCompile Include="objectPS_tiledforward_transparent_pom.hlsl">
      <Filter>PS</Filter>
    </FxCompile>
    <FxCompile Include="objectPS_tiledforward_water.hlsl">
      <Filter>PS</Filter>
    </FxCompile>
    <FxCompile Include="objectPS_tiledforward_planarreflection.hlsl">
      <Filter>PS</Filter>
    </FxCompile>
    <FxCompile Include="lightCullingCS_DEBUG.hlsl">
      <Filter>CS</Filter>
    </FxCompile>
    <FxCompile Include="cubeVS.hlsl">
      <Filter>VS</Filter>
    </FxCompile>
    <FxCompile Include="resolveMSAADepthStencilCS.hlsl">
      <Filter>CS</Filter>
    </FxCompile>
    <FxCompile Include="reprojectDepthBufferPS.hlsl">
      <Filter>PS</Filter>
    </FxCompile>
    <FxCompile Include="sphereLightPS.hlsl">
      <Filter>PS</Filter>
    </FxCompile>
    <FxCompile Include="discLightPS.hlsl">
      <Filter>PS</Filter>
    </FxCompile>
    <FxCompile Include="rectangleLightPS.hlsl">
      <Filter>PS</Filter>
    </FxCompile>
    <FxCompile Include="tubeLightPS.hlsl">
      <Filter>PS</Filter>
    </FxCompile>
    <FxCompile Include="vSphereLightVS.hlsl">
      <Filter>VS</Filter>
    </FxCompile>
    <FxCompile Include="vDiscLightVS.hlsl">
      <Filter>VS</Filter>
    </FxCompile>
    <FxCompile Include="vTubeLightVS.hlsl">
      <Filter>VS</Filter>
    </FxCompile>
    <FxCompile Include="vRectangleLightVS.hlsl">
      <Filter>VS</Filter>
    </FxCompile>
    <FxCompile Include="objectPS_alphatestonly.hlsl">
      <Filter>PS</Filter>
    </FxCompile>
    <FxCompile Include="downsampleDepthBuffer4xPS.hlsl">
      <Filter>PS</Filter>
    </FxCompile>
    <FxCompile Include="voxelVS.hlsl">
      <Filter>VS</Filter>
    </FxCompile>
    <FxCompile Include="voxelPS.hlsl">
      <Filter>PS</Filter>
    </FxCompile>
    <FxCompile Include="objectGS_voxelizer.hlsl">
      <Filter>GS</Filter>
    </FxCompile>
    <FxCompile Include="objectVS_voxelizer.hlsl">
      <Filter>VS</Filter>
    </FxCompile>
    <FxCompile Include="objectPS_voxelizer.hlsl">
      <Filter>PS</Filter>
    </FxCompile>
    <FxCompile Include="voxelSceneCopyClearCS.hlsl">
      <Filter>CS</Filter>
    </FxCompile>
    <FxCompile Include="voxelGS.hlsl">
      <Filter>GS</Filter>
    </FxCompile>
    <FxCompile Include="voxelRadianceSecondaryBounceCS.hlsl">
      <Filter>CS</Filter>
    </FxCompile>
    <FxCompile Include="voxelClearOnlyNormalCS.hlsl">
      <Filter>CS</Filter>
    </FxCompile>
    <FxCompile Include="voxelSceneCopyClear_TemporalSmoothing.hlsl">
      <Filter>CS</Filter>
    </FxCompile>
    <FxCompile Include="lightCullingCS_ADVANCED.hlsl">
      <Filter>CS</Filter>
    </FxCompile>
    <FxCompile Include="lightCullingCS_ADVANCED_DEBUG.hlsl">
      <Filter>CS</Filter>
    </FxCompile>
    <FxCompile Include="cubeShadowVS.hlsl">
      <Filter>VS</Filter>
    </FxCompile>
    <FxCompile Include="objectVS_simple.hlsl">
      <Filter>VS</Filter>
    </FxCompile>
    <FxCompile Include="temporalAAResolvePS.hlsl">
      <Filter>PS</Filter>
    </FxCompile>
    <FxCompile Include="sharpenPS.hlsl">
      <Filter>PS</Filter>
    </FxCompile>
    <FxCompile Include="objectVS_common.hlsl">
      <Filter>VS</Filter>
    </FxCompile>
    <FxCompile Include="objectVS_common_tessellation.hlsl">
      <Filter>VS</Filter>
    </FxCompile>
    <FxCompile Include="objectVS_simple_tessellation.hlsl">
      <Filter>VS</Filter>
    </FxCompile>
    <FxCompile Include="objectVS_debug.hlsl">
      <Filter>VS</Filter>
    </FxCompile>
    <FxCompile Include="objectPS_debug.hlsl">
      <Filter>PS</Filter>
    </FxCompile>
    <FxCompile Include="cubeShadowVS_alphatest.hlsl">
      <Filter>VS</Filter>
    </FxCompile>
    <FxCompile Include="shadowVS_alphatest.hlsl">
      <Filter>VS</Filter>
    </FxCompile>
    <FxCompile Include="cubeShadowGS_alphatest.hlsl">
      <Filter>GS</Filter>
    </FxCompile>
    <FxCompile Include="shadowPS_alphatest.hlsl">
      <Filter>PS</Filter>
    </FxCompile>
    <FxCompile Include="cubeShadowPS_alphatest.hlsl">
      <Filter>PS</Filter>
    </FxCompile>
    <FxCompile Include="objectVS_positionstream.hlsl">
      <Filter>VS</Filter>
    </FxCompile>
    <FxCompile Include="skinningCS.hlsl">
      <Filter>CS</Filter>
    </FxCompile>
    <FxCompile Include="lightCullingCS_DEFERRED.hlsl">
      <Filter>CS</Filter>
    </FxCompile>
    <FxCompile Include="lightCullingCS_DEFERRED_ADVANCED.hlsl">
      <Filter>CS</Filter>
    </FxCompile>
    <FxCompile Include="lightCullingCS_DEFERRED_ADVANCED_DEBUG.hlsl">
      <Filter>CS</Filter>
    </FxCompile>
    <FxCompile Include="lightCullingCS_DEFERRED_DEBUG.hlsl">
      <Filter>CS</Filter>
    </FxCompile>
    <FxCompile Include="hairparticleVS.hlsl">
      <Filter>VS</Filter>
    </FxCompile>
    <FxCompile Include="emittedparticleVS.hlsl">
      <Filter>VS</Filter>
    </FxCompile>
    <FxCompile Include="emittedparticlePS_simplest.hlsl">
      <Filter>PS</Filter>
    </FxCompile>
    <FxCompile Include="hairparticlePS_alphatestonly.hlsl">
      <Filter>PS</Filter>
    </FxCompile>
    <FxCompile Include="hairparticlePS_deferred.hlsl">
      <Filter>PS</Filter>
    </FxCompile>
    <FxCompile Include="hairparticlePS_tiledforward.hlsl">
      <Filter>PS</Filter>
    </FxCompile>
    <FxCompile Include="imagePS_distortion.hlsl">
      <Filter>PS</Filter>
    </FxCompile>
    <FxCompile Include="imagePS_masked.hlsl">
      <Filter>PS</Filter>
    </FxCompile>
    <FxCompile Include="imagePS_distortion_masked.hlsl">
      <Filter>PS</Filter>
    </FxCompile>
    <FxCompile Include="imagePS_separatenormalmap.hlsl">
      <Filter>PS</Filter>
    </FxCompile>
    <FxCompile Include="emittedparticle_emitCS.hlsl">
      <Filter>CS</Filter>
    </FxCompile>
    <FxCompile Include="emittedparticle_kickoffUpdateCS.hlsl">
      <Filter>CS</Filter>
    </FxCompile>
    <FxCompile Include="emittedparticle_simulateCS.hlsl">
      <Filter>CS</Filter>
    </FxCompile>
    <FxCompile Include="forceFieldPlaneVisualizerVS.hlsl">
      <Filter>VS</Filter>
    </FxCompile>
    <FxCompile Include="forceFieldPointVisualizerVS.hlsl">
      <Filter>VS</Filter>
    </FxCompile>
    <FxCompile Include="forceFieldVisualizerPS.hlsl">
      <Filter>PS</Filter>
    </FxCompile>
    <FxCompile Include="emittedparticle_simulateCS_SORTING.hlsl">
      <Filter>CS</Filter>
    </FxCompile>
    <FxCompile Include="emittedparticle_simulateCS_DEPTHCOLLISIONS.hlsl">
      <Filter>CS</Filter>
    </FxCompile>
    <FxCompile Include="emittedparticle_simulateCS_SORTING_DEPTHCOLLISIONS.hlsl">
      <Filter>CS</Filter>
    </FxCompile>
    <FxCompile Include="fft_512x512_c2c_CS.hlsl">
      <Filter>CS</Filter>
    </FxCompile>
    <FxCompile Include="fft_512x512_c2c_v2_CS.hlsl">
      <Filter>CS</Filter>
    </FxCompile>
    <FxCompile Include="oceanSimulatorCS.hlsl">
      <Filter>CS</Filter>
    </FxCompile>
    <FxCompile Include="oceanSurfaceSimplePS.hlsl">
      <Filter>PS</Filter>
    </FxCompile>
    <FxCompile Include="oceanUpdateDisplacementMapCS.hlsl">
      <Filter>CS</Filter>
    </FxCompile>
    <FxCompile Include="oceanUpdateGradientFoldingCS.hlsl">
      <Filter>CS</Filter>
    </FxCompile>
    <FxCompile Include="oceanSurfaceVS.hlsl">
      <Filter>VS</Filter>
    </FxCompile>
    <FxCompile Include="oceanSurfacePS.hlsl">
      <Filter>PS</Filter>
    </FxCompile>
    <FxCompile Include="skyPS_dynamic.hlsl">
      <Filter>PS</Filter>
    </FxCompile>
    <FxCompile Include="skyPS_static.hlsl">
      <Filter>PS</Filter>
    </FxCompile>
    <FxCompile Include="envMap_skyPS_static.hlsl">
      <Filter>PS</Filter>
    </FxCompile>
    <FxCompile Include="envMap_skyPS_dynamic.hlsl">
      <Filter>PS</Filter>
    </FxCompile>
    <FxCompile Include="emittedparticlePS_soft.hlsl">
      <Filter>PS</Filter>
    </FxCompile>
    <FxCompile Include="emittedparticlePS_soft_distortion.hlsl">
      <Filter>PS</Filter>
    </FxCompile>
    <FxCompile Include="cloudGeneratorCS.hlsl">
      <Filter>CS</Filter>
    </FxCompile>
    <FxCompile Include="hairparticlePS_forward.hlsl">
      <Filter>PS</Filter>
    </FxCompile>
    <FxCompile Include="objectPS_forward.hlsl">
      <Filter>PS</Filter>
    </FxCompile>
    <FxCompile Include="objectPS_forward_normalmap.hlsl">
      <Filter>PS</Filter>
    </FxCompile>
    <FxCompile Include="objectPS_forward_normalmap_planarreflection.hlsl">
      <Filter>PS</Filter>
    </FxCompile>
    <FxCompile Include="objectPS_forward_normalmap_pom.hlsl">
      <Filter>PS</Filter>
    </FxCompile>
    <FxCompile Include="objectPS_forward_planarreflection.hlsl">
      <Filter>PS</Filter>
    </FxCompile>
    <FxCompile Include="objectPS_forward_pom.hlsl">
      <Filter>PS</Filter>
    </FxCompile>
    <FxCompile Include="objectPS_forward_transparent.hlsl">
      <Filter>PS</Filter>
    </FxCompile>
    <FxCompile Include="objectPS_forward_transparent_normalmap.hlsl">
      <Filter>PS</Filter>
    </FxCompile>
    <FxCompile Include="objectPS_forward_transparent_normalmap_planarreflection.hlsl">
      <Filter>PS</Filter>
    </FxCompile>
    <FxCompile Include="objectPS_forward_transparent_normalmap_pom.hlsl">
      <Filter>PS</Filter>
    </FxCompile>
    <FxCompile Include="objectPS_forward_transparent_planarreflection.hlsl">
      <Filter>PS</Filter>
    </FxCompile>
    <FxCompile Include="objectPS_forward_transparent_pom.hlsl">
      <Filter>PS</Filter>
    </FxCompile>
    <FxCompile Include="objectPS_forward_water.hlsl">
      <Filter>PS</Filter>
    </FxCompile>
    <FxCompile Include="shadowPS_transparent.hlsl">
      <Filter>PS</Filter>
    </FxCompile>
    <FxCompile Include="shadowVS_transparent.hlsl">
      <Filter>VS</Filter>
    </FxCompile>
    <FxCompile Include="shadowPS_water.hlsl">
      <Filter>PS</Filter>
    </FxCompile>
    <FxCompile Include="hairparticlePS_simplest.hlsl">
      <Filter>PS</Filter>
    </FxCompile>
    <FxCompile Include="skinningCS_LDS.hlsl">
      <Filter>CS</Filter>
    </FxCompile>
    <FxCompile Include="objectPS_hologram.hlsl">
      <Filter>PS</Filter>
    </FxCompile>
    <FxCompile Include="lightVisualizerPS.hlsl">
      <Filter>PS</Filter>
    </FxCompile>
    <FxCompile Include="volumetricLight_PointPS.hlsl">
      <Filter>PS</Filter>
    </FxCompile>
    <FxCompile Include="volumetricLight_SpotPS.hlsl">
      <Filter>PS</Filter>
    </FxCompile>
    <FxCompile Include="volumetricLight_DirectionalPS.hlsl">
      <Filter>PS</Filter>
    </FxCompile>
    <FxCompile Include="emittedparticle_sphdensityCS.hlsl">
      <Filter>CS</Filter>
    </FxCompile>
    <FxCompile Include="emittedparticle_sphforceCS.hlsl">
      <Filter>CS</Filter>
    </FxCompile>
    <FxCompile Include="emittedparticle_sphpartitionCS.hlsl">
      <Filter>CS</Filter>
    </FxCompile>
    <FxCompile Include="gpusortlib_kickoffSortCS.hlsl">
      <Filter>CS</Filter>
    </FxCompile>
    <FxCompile Include="gpusortlib_sortCS.hlsl">
      <Filter>CS</Filter>
    </FxCompile>
    <FxCompile Include="gpusortlib_sortInnerCS.hlsl">
      <Filter>CS</Filter>
    </FxCompile>
    <FxCompile Include="gpusortlib_sortStepCS.hlsl">
      <Filter>CS</Filter>
    </FxCompile>
    <FxCompile Include="emittedparticle_finishUpdateCS.hlsl">
      <Filter>CS</Filter>
    </FxCompile>
    <FxCompile Include="emittedparticle_sphpartitionoffsetsCS.hlsl">
      <Filter>CS</Filter>
    </FxCompile>
    <FxCompile Include="emittedparticle_sphpartitionoffsetsresetCS.hlsl">
      <Filter>CS</Filter>
    </FxCompile>
    <FxCompile Include="raytrace_launchCS.hlsl">
      <Filter>CS</Filter>
    </FxCompile>
    <FxCompile Include="raytrace_primaryCS.hlsl">
      <Filter>CS</Filter>
    </FxCompile>
    <FxCompile Include="raytrace_clearCS.hlsl">
      <Filter>CS</Filter>
    </FxCompile>
    <FxCompile Include="bvh_classificationCS.hlsl">
      <Filter>CS</Filter>
    </FxCompile>
    <FxCompile Include="bvh_clusterprocessorCS.hlsl">
      <Filter>CS</Filter>
    </FxCompile>
    <FxCompile Include="bvh_hierarchyCS.hlsl">
      <Filter>CS</Filter>
    </FxCompile>
    <FxCompile Include="bvh_kickjobsCS.hlsl">
      <Filter>CS</Filter>
    </FxCompile>
    <FxCompile Include="bvh_propagateaabbCS.hlsl">
      <Filter>CS</Filter>
    </FxCompile>
    <FxCompile Include="bvh_resetCS.hlsl">
      <Filter>CS</Filter>
    </FxCompile>
    <FxCompile Include="raytrace_lightsamplingCS.hlsl">
      <Filter>CS</Filter>
    </FxCompile>
    <FxCompile Include="raytrace_kickjobsCS.hlsl">
      <Filter>CS</Filter>
    </FxCompile>
    <FxCompile Include="copytexture2D_unorm4CS.hlsl">
      <Filter>CS</Filter>
    </FxCompile>
    <FxCompile Include="copytexture2D_unorm4_borderexpandCS.hlsl">
      <Filter>CS</Filter>
    </FxCompile>
    <FxCompile Include="generateMIPChain2D_float4_GaussianCS.hlsl">
      <Filter>CS</Filter>
    </FxCompile>
    <FxCompile Include="generateMIPChain2D_float4_SimpleFilterCS.hlsl">
      <Filter>CS</Filter>
    </FxCompile>
    <FxCompile Include="generateMIPChain3D_float4_GaussianCS.hlsl">
      <Filter>CS</Filter>
    </FxCompile>
    <FxCompile Include="generateMIPChain3D_float4_SimpleFilterCS.hlsl">
      <Filter>CS</Filter>
    </FxCompile>
    <FxCompile Include="generateMIPChain2D_unorm4_GaussianCS.hlsl">
      <Filter>CS</Filter>
    </FxCompile>
    <FxCompile Include="generateMIPChain2D_unorm4_SimpleFilterCS.hlsl">
      <Filter>CS</Filter>
    </FxCompile>
    <FxCompile Include="generateMIPChain3D_unorm4_GaussianCS.hlsl">
      <Filter>CS</Filter>
    </FxCompile>
    <FxCompile Include="generateMIPChain3D_unorm4_SimpleFilterCS.hlsl">
      <Filter>CS</Filter>
    </FxCompile>
    <FxCompile Include="generateMIPChainCube_float4_SimpleFilterCS.hlsl">
      <Filter>CS</Filter>
    </FxCompile>
    <FxCompile Include="generateMIPChainCube_unorm4_SimpleFilterCS.hlsl">
      <Filter>CS</Filter>
    </FxCompile>
    <FxCompile Include="generateMIPChainCubeArray_float4_SimpleFilterCS.hlsl">
      <Filter>CS</Filter>
    </FxCompile>
    <FxCompile Include="generateMIPChainCubeArray_unorm4_SimpleFilterCS.hlsl">
      <Filter>CS</Filter>
    </FxCompile>
    <FxCompile Include="filterEnvMapCS.hlsl">
      <Filter>CS</Filter>
    </FxCompile>
    <FxCompile Include="emittedparticle_emitCS_FROMMESH.hlsl">
      <Filter>CS</Filter>
    </FxCompile>
    <FxCompile Include="hairparticle_simulateCS.hlsl">
      <Filter>CS</Filter>
    </FxCompile>
    <FxCompile Include="impostorVS.hlsl">
      <Filter>VS</Filter>
    </FxCompile>
    <FxCompile Include="impostorPS_deferred.hlsl">
      <Filter>PS</Filter>
    </FxCompile>
    <FxCompile Include="impostorPS_forward.hlsl">
      <Filter>PS</Filter>
    </FxCompile>
    <FxCompile Include="impostorPS_tiledforward.hlsl">
      <Filter>PS</Filter>
    </FxCompile>
    <FxCompile Include="impostorPS_alphatestonly.hlsl">
      <Filter>PS</Filter>
    </FxCompile>
    <FxCompile Include="impostorPS_simple.hlsl">
      <Filter>PS</Filter>
    </FxCompile>
    <FxCompile Include="captureImpostorPS_normal.hlsl">
      <Filter>PS</Filter>
    </FxCompile>
    <FxCompile Include="captureImpostorPS_surface.hlsl">
      <Filter>PS</Filter>
    </FxCompile>
    <FxCompile Include="captureImpostorPS_albedo.hlsl">
      <Filter>PS</Filter>
    </FxCompile>
    <FxCompile Include="blurPS.hlsl">
      <Filter>PS</Filter>
    </FxCompile>
    <FxCompile Include="renderlightmapVS.hlsl">
      <Filter>VS</Filter>
    </FxCompile>
    <FxCompile Include="copytexture2D_float4CS.hlsl">
      <Filter>CS</Filter>
    </FxCompile>
    <FxCompile Include="copytexture2D_float4_borderexpandCS.hlsl">
      <Filter>CS</Filter>
    </FxCompile>
    <FxCompile Include="generateMIPChain2D_float4_BicubicCS.hlsl">
      <Filter>CS</Filter>
    </FxCompile>
    <FxCompile Include="generateMIPChain2D_unorm4_BicubicCS.hlsl">
      <Filter>CS</Filter>
    </FxCompile>
    <FxCompile Include="objectPS_deferred_planarreflection.hlsl">
      <Filter>PS</Filter>
    </FxCompile>
    <FxCompile Include="objectPS_deferred_normalmap_planarreflection.hlsl">
      <Filter>PS</Filter>
    </FxCompile>
    <FxCompile Include="renderlightmapPS_direct.hlsl">
      <Filter>PS</Filter>
    </FxCompile>
    <FxCompile Include="renderlightmapPS_indirect.hlsl">
      <Filter>PS</Filter>
    </FxCompile>
    <FxCompile Include="imagePS_bicubic.hlsl">
      <Filter>PS</Filter>
    </FxCompile>
    <FxCompile Include="imagePS_distortion_bicubic.hlsl">
      <Filter>PS</Filter>
    </FxCompile>
    <FxCompile Include="imagePS_distortion_masked_bicubic.hlsl">
      <Filter>PS</Filter>
    </FxCompile>
    <FxCompile Include="imagePS_masked_bicubic.hlsl">
      <Filter>PS</Filter>
    </FxCompile>
    <FxCompile Include="imagePS_separatenormalmap_bicubic.hlsl">
      <Filter>PS</Filter>
    </FxCompile>
    <FxCompile Include="screenPS_bicubic.hlsl">
      <Filter>PS</Filter>
    </FxCompile>
  </ItemGroup>
  <ItemGroup>
    <Filter Include="PS">
      <UniqueIdentifier>{3b8f0b04-f10f-4fa9-a4a8-ecebbf8c5bf8}</UniqueIdentifier>
    </Filter>
    <Filter Include="VS">
      <UniqueIdentifier>{a87f55f5-69fc-4930-ad9e-1567cba6127c}</UniqueIdentifier>
    </Filter>
    <Filter Include="GS">
      <UniqueIdentifier>{37d4229d-560f-453c-943a-0ed2998cafb0}</UniqueIdentifier>
    </Filter>
    <Filter Include="CS">
      <UniqueIdentifier>{66b37341-6805-468d-8e86-e44158c7df67}</UniqueIdentifier>
    </Filter>
    <Filter Include="HS">
      <UniqueIdentifier>{6dab5a5d-0b2d-494b-920d-7fa21ca8b857}</UniqueIdentifier>
    </Filter>
    <Filter Include="DS">
      <UniqueIdentifier>{d2178be7-2efa-4aea-a36b-d6d1e98f4b43}</UniqueIdentifier>
    </Filter>
    <Filter Include="HF">
      <UniqueIdentifier>{12396e21-0254-42fa-a88b-805f0703eca5}</UniqueIdentifier>
    </Filter>
  </ItemGroup>
</Project>