<?xml version="1.0" encoding="utf-8"?>
<Project ToolsVersion="4.0" xmlns="http://schemas.microsoft.com/developer/msbuild/2003">
  <ItemGroup>
    <None Include="dirLightHF.hlsli" />
    <None Include="specularHF.hlsli" />
    <None Include="globals.hlsli" />
    <None Include="objectHF.hlsli" />
    <None Include="skyHF.hlsli" />
    <None Include="fogHF.hlsli" />
    <None Include="pointLightHF.hlsli" />
    <None Include="spotLightHF.hlsli" />
    <None Include="lightHF.hlsli" />
    <None Include="skinningHF.hlsli" />
    <None Include="objectInputLayoutHF.hlsli" />
    <None Include="postProcessHF.hlsli" />
    <None Include="imageHF.hlsli" />
    <None Include="envMapHF.hlsli" />
    <None Include="fullScreenTriangleHF.hlsli" />
    <None Include="reconstructPositionHF.hlsli" />
    <None Include="volumeLightHF.hlsli" />
    <None Include="depthConvertHF.hlsli" />
    <None Include="grassHF_GS.hlsli" />
    <None Include="globalsHF.hlsli" />
    <None Include="windHF.hlsli" />
    <None Include="circle.hlsli" />
    <None Include="cone.hlsli" />
    <None Include="cube.hlsli" />
    <None Include="ditherHF.hlsli" />
    <None Include="fxaa.hlsli" />
    <None Include="grassHF_PS.hlsli" />
    <None Include="icosphere.hlsli" />
    <None Include="normalsCompressHF.hlsli" />
    <None Include="packHF.hlsli" />
    <None Include="quad.hlsli" />
    <None Include="sOHF.hlsli" />
    <None Include="tangentComputeHF.hlsli" />
  </ItemGroup>
  <ItemGroup>
    <FxCompile Include="pointLightPS.hlsl" />
    <FxCompile Include="spotLightPS.hlsl" />
    <FxCompile Include="sunPS.hlsl" />
    <FxCompile Include="toneMapPS.hlsl" />
    <FxCompile Include="deferredPS.hlsl" />
    <FxCompile Include="luminancePass2CS.hlsl" />
    <FxCompile Include="luminancePass1CS.hlsl" />
    <FxCompile Include="envMapPS.hlsl" />
    <FxCompile Include="objectPS_forwardSimple.hlsl" />
    <FxCompile Include="objectPS_textureonly.hlsl" />
    <FxCompile Include="objectPS_transparent.hlsl" />
    <FxCompile Include="waterPS.hlsl" />
    <FxCompile Include="qGrassPS.hlsl" />
    <FxCompile Include="objectPS.hlsl" />
    <FxCompile Include="stereogramPS.hlsl" />
    <FxCompile Include="objectPS_blackout.hlsl" />
    <FxCompile Include="objectVS10.hlsl" />
    <FxCompile Include="objectVS_reflection.hlsl" />
    <FxCompile Include="objectPS_simplest.hlsl" />
    <FxCompile Include="waterVS.hlsl" />
    <FxCompile Include="shadowVS.hlsl" />
    <FxCompile Include="envMapVS.hlsl" />
    <FxCompile Include="cubeShadowVS.hlsl" />
    <FxCompile Include="objectDS.hlsl" />
    <FxCompile Include="objectVS.hlsl" />
    <FxCompile Include="imagePS.hlsl" />
    <FxCompile Include="ssr.hlsl" />
    <FxCompile Include="depthofFieldPS.hlsl" />
    <FxCompile Include="ssao.hlsl" />
    <FxCompile Include="outlinePS.hlsl" />
    <FxCompile Include="ssss.hlsl" />
    <FxCompile Include="pointspritePS.hlsl" />
    <FxCompile Include="cubeShadowPS.hlsl" />
    <FxCompile Include="shadowPS.hlsl" />
    <FxCompile Include="motionBlurPS.hlsl" />
    <FxCompile Include="bloomSeparatePS.hlsl" />
    <FxCompile Include="fontPS.hlsl" />
    <FxCompile Include="qGrassLDistGS.hlsl" />
    <FxCompile Include="qGrassLCloseGS.hlsl" />
    <FxCompile Include="lensFlareGS.hlsl" />
    <FxCompile Include="lensFlarePS.hlsl" />
    <FxCompile Include="trailPS.hlsl" />
    <FxCompile Include="decalPS.hlsl" />
    <FxCompile Include="envMapGS.hlsl" />
    <FxCompile Include="envMap_skyVS.hlsl" />
    <FxCompile Include="envMap_skyGS.hlsl" />
    <FxCompile Include="envMap_skyPS.hlsl" />
    <FxCompile Include="dirLightPS.hlsl" />
    <FxCompile Include="dirLightSoftPS.hlsl" />
    <FxCompile Include="screenPS.hlsl" />
    <FxCompile Include="lensFlareVS.hlsl" />
    <FxCompile Include="screenVS.hlsl" />
    <FxCompile Include="dirLightVS.hlsl" />
    <FxCompile Include="skyPS.hlsl" />
    <FxCompile Include="imageVS.hlsl" />
    <FxCompile Include="skyVS.hlsl" />
    <FxCompile Include="skyVS_reflection.hlsl" />
    <FxCompile Include="skyPS_reflection.hlsl" />
    <FxCompile Include="verticalBlurPS.hlsl" />
    <FxCompile Include="horizontalBlurPS.hlsl" />
    <FxCompile Include="lightShaftPS.hlsl" />
    <FxCompile Include="linDepthPS.hlsl" />
    <FxCompile Include="colorGradePS.hlsl" />
    <FxCompile Include="fxaa.hlsl" />
    <FxCompile Include="linesVS.hlsl" />
    <FxCompile Include="cubeShadowGS.hlsl" />
    <FxCompile Include="circleGS.hlsl" />
    <FxCompile Include="pointspriteGS.hlsl" />
    <FxCompile Include="decalVS.hlsl" />
    <FxCompile Include="trailVS.hlsl" />
    <FxCompile Include="spotLightVS.hlsl" />
    <FxCompile Include="pointLightVS.hlsl" />
    <FxCompile Include="grassL2GS.hlsl" />
    <FxCompile Include="grassL1GS.hlsl" />
    <FxCompile Include="grassL0GS.hlsl" />
    <FxCompile Include="vPointLightVS.hlsl" />
    <FxCompile Include="vSpotLightVS.hlsl" />
    <FxCompile Include="fontVS.hlsl" />
    <FxCompile Include="circlePS.hlsl" />
    <FxCompile Include="circleVS.hlsl" />
    <FxCompile Include="grassPS.hlsl" />
    <FxCompile Include="grassVS.hlsl" />
    <FxCompile Include="linesPS.hlsl" />
    <FxCompile Include="objectHS.hlsl" />
    <FxCompile Include="pointspritePS_simplest.hlsl" />
    <FxCompile Include="pointspriteVS.hlsl" />
    <FxCompile Include="sOGS.hlsl" />
    <FxCompile Include="sOVS.hlsl" />
    <FxCompile Include="volumeLightPS.hlsl" />
  </ItemGroup>
</Project>