// !$*UTF8*$!
{
	archiveVersion = 1;
	classes = {
	};
	objectVersion = 77;
	objects = {

/* Begin PBXBuildFile section */
		1E7929882EFD9E9800B9E35C /* ApplicationServices.framework in Frameworks */ = {isa = PBXBuildFile; fileRef = 1E7929862EFD9E9800B9E35C /* ApplicationServices.framework */; };
		1E79298D2EFE77ED00B9E35C /* main.mm in Sources */ = {isa = PBXBuildFile; fileRef = 1E79298C2EFE77ED00B9E35C /* main.mm */; };
		1E79298F2EFE783B00B9E35C /* AppKit.framework in Frameworks */ = {isa = PBXBuildFile; fileRef = 1E79298E2EFE783B00B9E35C /* AppKit.framework */; };
		1EDA80B52EE2C9BD00210D41 /* libWickedEngine.a in Frameworks */ = {isa = PBXBuildFile; fileRef = 1EDA80B42EE2C9BD00210D41 /* libWickedEngine.a */; };
		1EDA82202EE3802C00210D41 /* Metal.framework in Frameworks */ = {isa = PBXBuildFile; fileRef = 1EDA821F2EE3802C00210D41 /* Metal.framework */; };
		1EDA82222EE3804800210D41 /* MetalKit.framework in Frameworks */ = {isa = PBXBuildFile; fileRef = 1EDA82212EE3804700210D41 /* MetalKit.framework */; };
		1EDA82242EE3805700210D41 /* Foundation.framework in Frameworks */ = {isa = PBXBuildFile; fileRef = 1EDA82232EE3805700210D41 /* Foundation.framework */; };
		1EDA8A6F2EE5D6D600210D41 /* libdxcompiler.dylib in Frameworks */ = {isa = PBXBuildFile; fileRef = 1EDA8A6E2EE5D6D600210D41 /* libdxcompiler.dylib */; };
		1EDA8A702EE5D6E100210D41 /* libdxcompiler.dylib in CopyFiles */ = {isa = PBXBuildFile; fileRef = 1EDA8A6E2EE5D6D600210D41 /* libdxcompiler.dylib */; settings = {ATTRIBUTES = (CodeSignOnCopy, ); }; };
/* End PBXBuildFile section */

/* Begin PBXContainerItemProxy section */
		1EDA80B32EE2C9BD00210D41 /* PBXContainerItemProxy */ = {
			isa = PBXContainerItemProxy;
			containerPortal = 1EDA809E2EE2C5AD00210D41 /* WickedEngine.xcodeproj */;
			proxyType = 2;
			remoteGlobalIDString = 1EDA7BB12EE1E60500210D41;
			remoteInfo = WickedEngine;
		};
/* End PBXContainerItemProxy section */

/* Begin PBXCopyFilesBuildPhase section */
		1EDA824E2EE5CA4600210D41 /* CopyFiles */ = {
			isa = PBXCopyFilesBuildPhase;
			buildActionMask = 2147483647;
			dstPath = "";
			dstSubfolderSpec = 10;
			files = (
				1EDA8A702EE5D6E100210D41 /* libdxcompiler.dylib in CopyFiles */,
			);
			runOnlyForDeploymentPostprocessing = 0;
		};
/* End PBXCopyFilesBuildPhase section */

/* Begin PBXFileReference section */
		1E7929862EFD9E9800B9E35C /* ApplicationServices.framework */ = {isa = PBXFileReference; lastKnownFileType = wrapper.framework; name = ApplicationServices.framework; path = System/Library/Frameworks/ApplicationServices.framework; sourceTree = SDKROOT; };
		1E79298C2EFE77ED00B9E35C /* main.mm */ = {isa = PBXFileReference; lastKnownFileType = sourcecode.cpp.objcpp; path = main.mm; sourceTree = "<group>"; };
		1E79298E2EFE783B00B9E35C /* AppKit.framework */ = {isa = PBXFileReference; lastKnownFileType = wrapper.framework; name = AppKit.framework; path = System/Library/Frameworks/AppKit.framework; sourceTree = SDKROOT; };
		1EDA807B2EE2C1DB00210D41 /* Template_MacOS.app */ = {isa = PBXFileReference; explicitFileType = wrapper.application; includeInIndex = 0; path = Template_MacOS.app; sourceTree = BUILT_PRODUCTS_DIR; };
		1EDA809E2EE2C5AD00210D41 /* WickedEngine.xcodeproj */ = {isa = PBXFileReference; lastKnownFileType = "wrapper.pb-project"; name = WickedEngine.xcodeproj; path = ../../WickedEngine/WickedEngine.xcodeproj; sourceTree = "<group>"; };
		1EDA821F2EE3802C00210D41 /* Metal.framework */ = {isa = PBXFileReference; lastKnownFileType = wrapper.framework; name = Metal.framework; path = System/Library/Frameworks/Metal.framework; sourceTree = SDKROOT; };
		1EDA82212EE3804700210D41 /* MetalKit.framework */ = {isa = PBXFileReference; lastKnownFileType = wrapper.framework; name = MetalKit.framework; path = System/Library/Frameworks/MetalKit.framework; sourceTree = SDKROOT; };
		1EDA82232EE3805700210D41 /* Foundation.framework */ = {isa = PBXFileReference; lastKnownFileType = wrapper.framework; name = Foundation.framework; path = System/Library/Frameworks/Foundation.framework; sourceTree = SDKROOT; };
		1EDA8A6E2EE5D6D600210D41 /* libdxcompiler.dylib */ = {isa = PBXFileReference; lastKnownFileType = "compiled.mach-o.dylib"; path = libdxcompiler.dylib; sourceTree = "<group>"; };
/* End PBXFileReference section */

/* Begin PBXFrameworksBuildPhase section */
		1EDA80782EE2C1DB00210D41 /* Frameworks */ = {
			isa = PBXFrameworksBuildPhase;
			buildActionMask = 2147483647;
			files = (
				1E79298F2EFE783B00B9E35C /* AppKit.framework in Frameworks */,
				1EDA82242EE3805700210D41 /* Foundation.framework in Frameworks */,
				1E7929882EFD9E9800B9E35C /* ApplicationServices.framework in Frameworks */,
				1EDA82222EE3804800210D41 /* MetalKit.framework in Frameworks */,
				1EDA8A6F2EE5D6D600210D41 /* libdxcompiler.dylib in Frameworks */,
				1EDA82202EE3802C00210D41 /* Metal.framework in Frameworks */,
				1EDA80B52EE2C9BD00210D41 /* libWickedEngine.a in Frameworks */,
			);
			runOnlyForDeploymentPostprocessing = 0;
		};
/* End PBXFrameworksBuildPhase section */

/* Begin PBXGroup section */
		1EDA80722EE2C1DB00210D41 = {
			isa = PBXGroup;
			children = (
				1E79298C2EFE77ED00B9E35C /* main.mm */,
				1EDA8A6E2EE5D6D600210D41 /* libdxcompiler.dylib */,
				1EDA809D2EE2C5AD00210D41 /* Frameworks */,
				1EDA807C2EE2C1DB00210D41 /* Products */,
			);
			sourceTree = "<group>";
		};
		1EDA807C2EE2C1DB00210D41 /* Products */ = {
			isa = PBXGroup;
			children = (
				1EDA807B2EE2C1DB00210D41 /* Template_MacOS.app */,
			);
			name = Products;
			sourceTree = "<group>";
		};
		1EDA809D2EE2C5AD00210D41 /* Frameworks */ = {
			isa = PBXGroup;
			children = (
				1E79298E2EFE783B00B9E35C /* AppKit.framework */,
				1E7929862EFD9E9800B9E35C /* ApplicationServices.framework */,
				1EDA82232EE3805700210D41 /* Foundation.framework */,
				1EDA82212EE3804700210D41 /* MetalKit.framework */,
				1EDA821F2EE3802C00210D41 /* Metal.framework */,
				1EDA809E2EE2C5AD00210D41 /* WickedEngine.xcodeproj */,
			);
			name = Frameworks;
			sourceTree = "<group>";
		};
		1EDA809F2EE2C5AD00210D41 /* Products */ = {
			isa = PBXGroup;
			children = (
				1EDA80B42EE2C9BD00210D41 /* libWickedEngine.a */,
			);
			name = Products;
			sourceTree = "<group>";
		};
/* End PBXGroup section */

/* Begin PBXNativeTarget section */
		1EDA807A2EE2C1DB00210D41 /* Template_MacOS */ = {
			isa = PBXNativeTarget;
			buildConfigurationList = 1EDA808D2EE2C1DC00210D41 /* Build configuration list for PBXNativeTarget "Template_MacOS" */;
			buildPhases = (
				1EDA80772EE2C1DB00210D41 /* Sources */,
				1EDA80782EE2C1DB00210D41 /* Frameworks */,
				1EDA824E2EE5CA4600210D41 /* CopyFiles */,
			);
			buildRules = (
			);
			dependencies = (
			);
			name = Template_MacOS;
			packageProductDependencies = (
			);
			productName = Template_MacOS;
			productReference = 1EDA807B2EE2C1DB00210D41 /* Template_MacOS.app */;
			productType = "com.apple.product-type.application";
		};
/* End PBXNativeTarget section */

/* Begin PBXProject section */
		1EDA80732EE2C1DB00210D41 /* Project object */ = {
			isa = PBXProject;
			attributes = {
				BuildIndependentTargetsInParallel = 1;
				LastUpgradeCheck = 2610;
				TargetAttributes = {
					1EDA807A2EE2C1DB00210D41 = {
						CreatedOnToolsVersion = 26.1.1;
					};
				};
			};
			buildConfigurationList = 1EDA80762EE2C1DB00210D41 /* Build configuration list for PBXProject "Template_MacOS" */;
			developmentRegion = en;
			hasScannedForEncodings = 0;
			knownRegions = (
				en,
				Base,
			);
			mainGroup = 1EDA80722EE2C1DB00210D41;
			minimizedProjectReferenceProxies = 1;
			preferredProjectObjectVersion = 77;
			productRefGroup = 1EDA807C2EE2C1DB00210D41 /* Products */;
			projectDirPath = "";
			projectReferences = (
				{
					ProductGroup = 1EDA809F2EE2C5AD00210D41 /* Products */;
					ProjectRef = 1EDA809E2EE2C5AD00210D41 /* WickedEngine.xcodeproj */;
				},
			);
			projectRoot = "";
			targets = (
				1EDA807A2EE2C1DB00210D41 /* Template_MacOS */,
			);
		};
/* End PBXProject section */

/* Begin PBXReferenceProxy section */
		1EDA80B42EE2C9BD00210D41 /* libWickedEngine.a */ = {
			isa = PBXReferenceProxy;
			fileType = archive.ar;
			path = libWickedEngine.a;
			remoteRef = 1EDA80B32EE2C9BD00210D41 /* PBXContainerItemProxy */;
			sourceTree = BUILT_PRODUCTS_DIR;
		};
/* End PBXReferenceProxy section */

/* Begin PBXSourcesBuildPhase section */
		1EDA80772EE2C1DB00210D41 /* Sources */ = {
			isa = PBXSourcesBuildPhase;
			buildActionMask = 2147483647;
			files = (
				1E79298D2EFE77ED00B9E35C /* main.mm in Sources */,
			);
			runOnlyForDeploymentPostprocessing = 0;
		};
/* End PBXSourcesBuildPhase section */

/* Begin XCBuildConfiguration section */
		1EDA808B2EE2C1DC00210D41 /* Debug */ = {
			isa = XCBuildConfiguration;
			buildSettings = {
				ALWAYS_SEARCH_USER_PATHS = NO;
				ASSETCATALOG_COMPILER_GENERATE_SWIFT_ASSET_SYMBOL_EXTENSIONS = YES;
				CLANG_ANALYZER_NONNULL = YES;
				CLANG_ANALYZER_NUMBER_OBJECT_CONVERSION = YES_AGGRESSIVE;
				CLANG_CXX_LANGUAGE_STANDARD = "gnu++20";
				CLANG_ENABLE_MODULES = YES;
				CLANG_ENABLE_OBJC_ARC = YES;
				CLANG_ENABLE_OBJC_WEAK = YES;
				CLANG_WARN_BLOCK_CAPTURE_AUTORELEASING = YES;
				CLANG_WARN_BOOL_CONVERSION = YES;
				CLANG_WARN_COMMA = YES;
				CLANG_WARN_CONSTANT_CONVERSION = YES;
				CLANG_WARN_DEPRECATED_OBJC_IMPLEMENTATIONS = YES;
				CLANG_WARN_DIRECT_OBJC_ISA_USAGE = YES_ERROR;
				CLANG_WARN_DOCUMENTATION_COMMENTS = YES;
				CLANG_WARN_EMPTY_BODY = YES;
				CLANG_WARN_ENUM_CONVERSION = YES;
				CLANG_WARN_INFINITE_RECURSION = YES;
				CLANG_WARN_INT_CONVERSION = YES;
				CLANG_WARN_NON_LITERAL_NULL_CONVERSION = YES;
				CLANG_WARN_OBJC_IMPLICIT_RETAIN_SELF = YES;
				CLANG_WARN_OBJC_LITERAL_CONVERSION = YES;
				CLANG_WARN_OBJC_ROOT_CLASS = YES_ERROR;
				CLANG_WARN_QUOTED_INCLUDE_IN_FRAMEWORK_HEADER = YES;
				CLANG_WARN_RANGE_LOOP_ANALYSIS = YES;
				CLANG_WARN_STRICT_PROTOTYPES = YES;
				CLANG_WARN_SUSPICIOUS_MOVE = YES;
				CLANG_WARN_UNGUARDED_AVAILABILITY = YES_AGGRESSIVE;
				CLANG_WARN_UNREACHABLE_CODE = YES;
				CLANG_WARN__DUPLICATE_METHOD_MATCH = YES;
				COPY_PHASE_STRIP = NO;
				DEBUG_INFORMATION_FORMAT = dwarf;
				ENABLE_STRICT_OBJC_MSGSEND = YES;
				ENABLE_TESTABILITY = YES;
				ENABLE_USER_SCRIPT_SANDBOXING = YES;
				GCC_C_LANGUAGE_STANDARD = gnu17;
				GCC_DYNAMIC_NO_PIC = NO;
				GCC_NO_COMMON_BLOCKS = YES;
				GCC_OPTIMIZATION_LEVEL = 0;
				GCC_PREPROCESSOR_DEFINITIONS = (
					"DEBUG=1",
					"$(inherited)",
				);
				GCC_WARN_64_TO_32_BIT_CONVERSION = YES;
				GCC_WARN_ABOUT_RETURN_TYPE = YES_ERROR;
				GCC_WARN_UNDECLARED_SELECTOR = YES;
				GCC_WARN_UNINITIALIZED_AUTOS = YES_AGGRESSIVE;
				GCC_WARN_UNUSED_FUNCTION = YES;
				GCC_WARN_UNUSED_VARIABLE = YES;
				HEADER_SEARCH_PATHS = "";
				LOCALIZATION_PREFERS_STRING_CATALOGS = YES;
				MACOSX_DEPLOYMENT_TARGET = 15.6;
				MTL_ENABLE_DEBUG_INFO = INCLUDE_SOURCE;
				MTL_FAST_MATH = YES;
				ONLY_ACTIVE_ARCH = YES;
				SDKROOT = macosx;
			};
			name = Debug;
		};
		1EDA808C2EE2C1DC00210D41 /* Release */ = {
			isa = XCBuildConfiguration;
			buildSettings = {
				ALWAYS_SEARCH_USER_PATHS = NO;
				ASSETCATALOG_COMPILER_GENERATE_SWIFT_ASSET_SYMBOL_EXTENSIONS = YES;
				CLANG_ANALYZER_NONNULL = YES;
				CLANG_ANALYZER_NUMBER_OBJECT_CONVERSION = YES_AGGRESSIVE;
				CLANG_CXX_LANGUAGE_STANDARD = "gnu++20";
				CLANG_ENABLE_MODULES = YES;
				CLANG_ENABLE_OBJC_ARC = YES;
				CLANG_ENABLE_OBJC_WEAK = YES;
				CLANG_WARN_BLOCK_CAPTURE_AUTORELEASING = YES;
				CLANG_WARN_BOOL_CONVERSION = YES;
				CLANG_WARN_COMMA = YES;
				CLANG_WARN_CONSTANT_CONVERSION = YES;
				CLANG_WARN_DEPRECATED_OBJC_IMPLEMENTATIONS = YES;
				CLANG_WARN_DIRECT_OBJC_ISA_USAGE = YES_ERROR;
				CLANG_WARN_DOCUMENTATION_COMMENTS = YES;
				CLANG_WARN_EMPTY_BODY = YES;
				CLANG_WARN_ENUM_CONVERSION = YES;
				CLANG_WARN_INFINITE_RECURSION = YES;
				CLANG_WARN_INT_CONVERSION = YES;
				CLANG_WARN_NON_LITERAL_NULL_CONVERSION = YES;
				CLANG_WARN_OBJC_IMPLICIT_RETAIN_SELF = YES;
				CLANG_WARN_OBJC_LITERAL_CONVERSION = YES;
				CLANG_WARN_OBJC_ROOT_CLASS = YES_ERROR;
				CLANG_WARN_QUOTED_INCLUDE_IN_FRAMEWORK_HEADER = YES;
				CLANG_WARN_RANGE_LOOP_ANALYSIS = YES;
				CLANG_WARN_STRICT_PROTOTYPES = YES;
				CLANG_WARN_SUSPICIOUS_MOVE = YES;
				CLANG_WARN_UNGUARDED_AVAILABILITY = YES_AGGRESSIVE;
				CLANG_WARN_UNREACHABLE_CODE = YES;
				CLANG_WARN__DUPLICATE_METHOD_MATCH = YES;
				COPY_PHASE_STRIP = NO;
				DEBUG_INFORMATION_FORMAT = "dwarf-with-dsym";
				ENABLE_NS_ASSERTIONS = NO;
				ENABLE_STRICT_OBJC_MSGSEND = YES;
				ENABLE_USER_SCRIPT_SANDBOXING = YES;
				GCC_C_LANGUAGE_STANDARD = gnu17;
				GCC_NO_COMMON_BLOCKS = YES;
				GCC_WARN_64_TO_32_BIT_CONVERSION = YES;
				GCC_WARN_ABOUT_RETURN_TYPE = YES_ERROR;
				GCC_WARN_UNDECLARED_SELECTOR = YES;
				GCC_WARN_UNINITIALIZED_AUTOS = YES_AGGRESSIVE;
				GCC_WARN_UNUSED_FUNCTION = YES;
				GCC_WARN_UNUSED_VARIABLE = YES;
				HEADER_SEARCH_PATHS = "";
				LOCALIZATION_PREFERS_STRING_CATALOGS = YES;
				MACOSX_DEPLOYMENT_TARGET = 15.6;
				MTL_ENABLE_DEBUG_INFO = NO;
				MTL_FAST_MATH = YES;
				SDKROOT = macosx;
			};
			name = Release;
		};
		1EDA808E2EE2C1DC00210D41 /* Debug */ = {
			isa = XCBuildConfiguration;
			buildSettings = {
				ASSETCATALOG_COMPILER_APPICON_NAME = AppIcon;
				ASSETCATALOG_COMPILER_GLOBAL_ACCENT_COLOR_NAME = AccentColor;
				CODE_SIGN_STYLE = Automatic;
				COMBINE_HIDPI_IMAGES = YES;
				CURRENT_PROJECT_VERSION = 1;
				ENABLE_APP_SANDBOX = NO;
				"GCC_PREPROCESSOR_DEFINITIONS[arch=*]" = (
					"DEBUG=1",
					"$(inherited)",
				);
				GENERATE_INFOPLIST_FILE = YES;
				HEADER_SEARCH_PATHS = "$(SRCROOT)/../../WickedEngine";
				INFOPLIST_KEY_NSHumanReadableCopyright = "";
				INFOPLIST_KEY_NSMainStoryboardFile = Main;
				INFOPLIST_KEY_NSPrincipalClass = NSApplication;
				LD_RUNPATH_SEARCH_PATHS = (
					"$(inherited)",
					"@executable_path/../Frameworks",
				);
				LIBRARY_SEARCH_PATHS = (
					"$(inherited)",
					"$(PROJECT_DIR)",
				);
				MARKETING_VERSION = 1.0;
				PRODUCT_BUNDLE_IDENTIFIER = "turanszkij.Template-MacOS";
				PRODUCT_NAME = "$(TARGET_NAME)";
				REGISTER_APP_GROUPS = YES;
				STRING_CATALOG_GENERATE_SYMBOLS = YES;
				SWIFT_EMIT_LOC_STRINGS = YES;
				SYSTEM_HEADER_SEARCH_PATHS = "$(SRCROOT)/../../WickedEngine/Utility/metal";
			};
			name = Debug;
		};
		1EDA808F2EE2C1DC00210D41 /* Release */ = {
			isa = XCBuildConfiguration;
			buildSettings = {
				ASSETCATALOG_COMPILER_APPICON_NAME = AppIcon;
				ASSETCATALOG_COMPILER_GLOBAL_ACCENT_COLOR_NAME = AccentColor;
				CODE_SIGN_STYLE = Automatic;
				COMBINE_HIDPI_IMAGES = YES;
				CURRENT_PROJECT_VERSION = 1;
				ENABLE_APP_SANDBOX = NO;
				GENERATE_INFOPLIST_FILE = YES;
				HEADER_SEARCH_PATHS = "$(SRCROOT)/../../WickedEngine";
				INFOPLIST_KEY_NSHumanReadableCopyright = "";
				INFOPLIST_KEY_NSMainStoryboardFile = Main;
				INFOPLIST_KEY_NSPrincipalClass = NSApplication;
				LD_RUNPATH_SEARCH_PATHS = (
					"$(inherited)",
					"@executable_path/../Frameworks",
				);
				LIBRARY_SEARCH_PATHS = (
					"$(inherited)",
					"$(PROJECT_DIR)",
				);
				MARKETING_VERSION = 1.0;
				PRODUCT_BUNDLE_IDENTIFIER = "turanszkij.Template-MacOS";
				PRODUCT_NAME = "$(TARGET_NAME)";
				REGISTER_APP_GROUPS = YES;
				STRING_CATALOG_GENERATE_SYMBOLS = YES;
				SWIFT_EMIT_LOC_STRINGS = YES;
				SYSTEM_HEADER_SEARCH_PATHS = "$(SRCROOT)/../../WickedEngine/Utility/metal";
			};
			name = Release;
		};
/* End XCBuildConfiguration section */

/* Begin XCConfigurationList section */
		1EDA80762EE2C1DB00210D41 /* Build configuration list for PBXProject "Template_MacOS" */ = {
			isa = XCConfigurationList;
			buildConfigurations = (
				1EDA808B2EE2C1DC00210D41 /* Debug */,
				1EDA808C2EE2C1DC00210D41 /* Release */,
			);
			defaultConfigurationIsVisible = 0;
			defaultConfigurationName = Release;
		};
		1EDA808D2EE2C1DC00210D41 /* Build configuration list for PBXNativeTarget "Template_MacOS" */ = {
			isa = XCConfigurationList;
			buildConfigurations = (
				1EDA808E2EE2C1DC00210D41 /* Debug */,
				1EDA808F2EE2C1DC00210D41 /* Release */,
			);
			defaultConfigurationIsVisible = 0;
			defaultConfigurationName = Release;
		};
/* End XCConfigurationList section */
	};
	rootObject = 1EDA80732EE2C1DB00210D41 /* Project object */;
}
