<?xml version="1.0" encoding="utf-8"?>
<Project ToolsVersion="4.0" xmlns="http://schemas.microsoft.com/developer/msbuild/2003">
  <ItemGroup>
    <Filter Include="Resource Files">
      <UniqueIdentifier>{67DA6AB6-F800-4c08-8B7A-83BB121AAD01}</UniqueIdentifier>
      <Extensions>rc;ico;cur;bmp;dlg;rc2;rct;bin;rgs;gif;jpg;jpeg;jpe;resx;tiff;tif;png;wav;mfcribbon-ms</Extensions>
    </Filter>
    <Filter Include="images">
      <UniqueIdentifier>{e1f824f0-bb57-4a4d-af91-24cafaef11df}</UniqueIdentifier>
    </Filter>
    <Filter Include="Code">
      <UniqueIdentifier>{314039e9-0e24-4816-b0cf-d87020800f22}</UniqueIdentifier>
    </Filter>
  </ItemGroup>
  <ItemGroup>
    <ClInclude Include="CameraWindow.h">
      <Filter>Code</Filter>
    </ClInclude>
    <ClInclude Include="DecalWindow.h">
      <Filter>Code</Filter>
    </ClInclude>
    <ClInclude Include="Editor.h">
      <Filter>Code</Filter>
    </ClInclude>
    <ClInclude Include="EnvProbeWindow.h">
      <Filter>Code</Filter>
    </ClInclude>
    <ClInclude Include="LightWindow.h">
      <Filter>Code</Filter>
    </ClInclude>
    <ClInclude Include="MaterialWindow.h">
      <Filter>Code</Filter>
    </ClInclude>
    <ClInclude Include="MeshWindow.h">
      <Filter>Code</Filter>
    </ClInclude>
    <ClInclude Include="ObjectWindow.h">
      <Filter>Code</Filter>
    </ClInclude>
    <ClInclude Include="PostprocessWindow.h">
      <Filter>Code</Filter>
    </ClInclude>
    <ClInclude Include="RendererWindow.h">
      <Filter>Code</Filter>
    </ClInclude>
    <ClInclude Include="Resource.h">
      <Filter>Code</Filter>
    </ClInclude>
    <ClInclude Include="stdafx.h">
      <Filter>Code</Filter>
    </ClInclude>
    <ClInclude Include="targetver.h">
      <Filter>Code</Filter>
    </ClInclude>
    <ClInclude Include="AnimationWindow.h">
      <Filter>Code</Filter>
    </ClInclude>
    <ClInclude Include="main.h">
      <Filter>Code</Filter>
    </ClInclude>
    <ClInclude Include="EmitterWindow.h">
      <Filter>Code</Filter>
    </ClInclude>
    <ClInclude Include="ForceFieldWindow.h">
      <Filter>Code</Filter>
    </ClInclude>
    <ClInclude Include="OceanWindow.h">
      <Filter>Code</Filter>
    </ClInclude>
    <ClInclude Include="ModelImporter.h">
      <Filter>Code</Filter>
    </ClInclude>
    <ClInclude Include="tiny_obj_loader.h">
      <Filter>Code</Filter>
    </ClInclude>
    <ClInclude Include="json.hpp">
      <Filter>Code</Filter>
    </ClInclude>
    <ClInclude Include="tiny_gltf.h">
      <Filter>Code</Filter>
    </ClInclude>
    <ClInclude Include="Translator.h">
      <Filter>Code</Filter>
    </ClInclude>
    <ClInclude Include="HairParticleWindow.h">
      <Filter>Code</Filter>
    </ClInclude>
    <ClInclude Include="WeatherWindow.h">
      <Filter>Code</Filter>
    </ClInclude>
    <ClInclude Include="xatlas.h">
      <Filter>Code</Filter>
    </ClInclude>
  </ItemGroup>
  <ItemGroup>
    <ClCompile Include="CameraWindow.cpp">
      <Filter>Code</Filter>
    </ClCompile>
    <ClCompile Include="DecalWindow.cpp">
      <Filter>Code</Filter>
    </ClCompile>
    <ClCompile Include="Editor.cpp">
      <Filter>Code</Filter>
    </ClCompile>
    <ClCompile Include="EnvProbeWindow.cpp">
      <Filter>Code</Filter>
    </ClCompile>
    <ClCompile Include="LightWindow.cpp">
      <Filter>Code</Filter>
    </ClCompile>
    <ClCompile Include="MaterialWindow.cpp">
      <Filter>Code</Filter>
    </ClCompile>
    <ClCompile Include="MeshWindow.cpp">
      <Filter>Code</Filter>
    </ClCompile>
    <ClCompile Include="ObjectWindow.cpp">
      <Filter>Code</Filter>
    </ClCompile>
    <ClCompile Include="PostprocessWindow.cpp">
      <Filter>Code</Filter>
    </ClCompile>
    <ClCompile Include="RendererWindow.cpp">
      <Filter>Code</Filter>
    </ClCompile>
    <ClCompile Include="stdafx.cpp">
      <Filter>Code</Filter>
    </ClCompile>
    <ClCompile Include="AnimationWindow.cpp">
      <Filter>Code</Filter>
    </ClCompile>
    <ClCompile Include="main.cpp">
      <Filter>Code</Filter>
    </ClCompile>
    <ClCompile Include="EmitterWindow.cpp">
      <Filter>Code</Filter>
    </ClCompile>
    <ClCompile Include="ForceFieldWindow.cpp">
      <Filter>Code</Filter>
    </ClCompile>
    <ClCompile Include="OceanWindow.cpp">
      <Filter>Code</Filter>
    </ClCompile>
    <ClCompile Include="ModelImporter_OBJ.cpp">
      <Filter>Code</Filter>
    </ClCompile>
    <ClCompile Include="ModelImporter_GLTF.cpp">
      <Filter>Code</Filter>
    </ClCompile>
    <ClCompile Include="Translator.cpp">
      <Filter>Code</Filter>
    </ClCompile>
    <ClCompile Include="HairParticleWindow.cpp">
      <Filter>Code</Filter>
    </ClCompile>
    <ClCompile Include="WeatherWindow.cpp">
      <Filter>Code</Filter>
    </ClCompile>
    <ClCompile Include="xatlas.cpp">
      <Filter>Code</Filter>
    </ClCompile>
  </ItemGroup>
  <ItemGroup>
    <Image Include="small.ico">
      <Filter>Resource Files</Filter>
    </Image>
    <Image Include="images\leaf.png">
      <Filter>images</Filter>
    </Image>
    <Image Include="images\ripple.png">
      <Filter>images</Filter>
    </Image>
    <Image Include="images\directional_light.dds">
      <Filter>images</Filter>
    </Image>
    <Image Include="images\pointlight.dds">
      <Filter>images</Filter>
    </Image>
    <Image Include="images\spotlight.dds">
      <Filter>images</Filter>
    </Image>
    <Image Include="images\blood1.png">
      <Filter>images</Filter>
    </Image>
    <Image Include="images\arealight.dds">
      <Filter>images</Filter>
    </Image>
    <Image Include="Editor.ico">
      <Filter>Resource Files</Filter>
    </Image>
  </ItemGroup>
  <ItemGroup>
    <None Include="config.ini" />
    <None Include="startup.lua" />
  </ItemGroup>
  <ItemGroup>
    <ResourceCompile Include="Editor.rc">
      <Filter>Resource Files</Filter>
    </ResourceCompile>
  </ItemGroup>
</Project>